<?xml version="1.0" encoding="UTF-8"?>
<!DOCTYPE plist PUBLIC "-//Apple//DTD PLIST 1.0//EN" "http://www.apple.com/DTDs/PropertyList-1.0.dtd">
<plist version="1.0">
<dict>
	<key>archiveVersion</key>
	<string>1</string>
	<key>classes</key>
	<dict/>
	<key>objectVersion</key>
	<string>46</string>
	<key>objects</key>
	<dict>
		<key>0432C3314AA2DAABF881720E</key>
		<dict>
			<key>explicitFileType</key>
			<string>wrapper.framework</string>
			<key>includeInIndex</key>
			<string>0</string>
			<key>isa</key>
			<string>PBXFileReference</string>
			<key>path</key>
			<string>Pods_Bard_TransportUITests.framework</string>
			<key>sourceTree</key>
			<string>BUILT_PRODUCTS_DIR</string>
		</dict>
		<key>1F911AD00ED426CF518C2F03</key>
		<dict>
			<key>includeInIndex</key>
			<string>1</string>
			<key>isa</key>
			<string>PBXFileReference</string>
			<key>lastKnownFileType</key>
			<string>text.xcconfig</string>
			<key>name</key>
			<string>Pods-Bard Transport.release.xcconfig</string>
			<key>path</key>
			<string>Pods/Target Support Files/Pods-Bard Transport/Pods-Bard Transport.release.xcconfig</string>
			<key>sourceTree</key>
			<string>&lt;group&gt;</string>
		</dict>
		<key>1F9A417539960ADC682E2B97</key>
		<dict>
			<key>buildActionMask</key>
			<string>2147483647</string>
			<key>files</key>
			<array/>
			<key>inputPaths</key>
			<array/>
			<key>isa</key>
			<string>PBXShellScriptBuildPhase</string>
			<key>name</key>
			<string>&#128230; Embed Pods Frameworks</string>
			<key>outputPaths</key>
			<array/>
			<key>runOnlyForDeploymentPostprocessing</key>
			<string>0</string>
			<key>shellPath</key>
			<string>/bin/sh</string>
			<key>shellScript</key>
			<string>"${SRCROOT}/Pods/Target Support Files/Pods-Bard Transport/Pods-Bard Transport-frameworks.sh"
</string>
			<key>showEnvVarsInLog</key>
			<string>0</string>
		</dict>
		<key>296BB031B85B01167A29EDD0</key>
		<dict>
			<key>explicitFileType</key>
			<string>wrapper.framework</string>
			<key>includeInIndex</key>
			<string>0</string>
			<key>isa</key>
			<string>PBXFileReference</string>
			<key>path</key>
			<string>Pods_Bard_Transport.framework</string>
			<key>sourceTree</key>
			<string>BUILT_PRODUCTS_DIR</string>
		</dict>
		<key>37FB7834FEBE575F9D8EC7F5</key>
		<dict>
			<key>buildActionMask</key>
			<string>2147483647</string>
			<key>files</key>
			<array/>
			<key>inputPaths</key>
			<array/>
			<key>isa</key>
			<string>PBXShellScriptBuildPhase</string>
			<key>name</key>
			<string>&#128230; Check Pods Manifest.lock</string>
			<key>outputPaths</key>
			<array/>
			<key>runOnlyForDeploymentPostprocessing</key>
			<string>0</string>
			<key>shellPath</key>
			<string>/bin/sh</string>
			<key>shellScript</key>
			<string>diff "${PODS_ROOT}/../Podfile.lock" "${PODS_ROOT}/Manifest.lock" &gt; /dev/null
if [[ $? != 0 ]] ; then
    cat &lt;&lt; EOM
error: The sandbox is not in sync with the Podfile.lock. Run 'pod install' or update your CocoaPods installation.
EOM
    exit 1
fi
</string>
			<key>showEnvVarsInLog</key>
			<string>0</string>
		</dict>
		<key>446AF232D0A839AF2A9CD567</key>
		<dict>
			<key>buildActionMask</key>
			<string>2147483647</string>
			<key>files</key>
			<array/>
			<key>inputPaths</key>
			<array/>
			<key>isa</key>
			<string>PBXShellScriptBuildPhase</string>
			<key>name</key>
			<string>Embed Pods Frameworks</string>
			<key>outputPaths</key>
			<array/>
			<key>runOnlyForDeploymentPostprocessing</key>
			<string>0</string>
			<key>shellPath</key>
			<string>/bin/sh</string>
			<key>shellScript</key>
			<string>"${SRCROOT}/Pods/Target Support Files/Pods-Bard Transport/Pods-Bard Transport-frameworks.sh"
</string>
			<key>showEnvVarsInLog</key>
			<string>0</string>
		</dict>
		<key>4E32FF76118B80B7B7673E42</key>
		<dict>
			<key>buildActionMask</key>
			<string>2147483647</string>
			<key>files</key>
			<array/>
			<key>inputPaths</key>
			<array/>
			<key>isa</key>
			<string>PBXShellScriptBuildPhase</string>
			<key>name</key>
			<string>&#128230; Check Pods Manifest.lock</string>
			<key>outputPaths</key>
			<array/>
			<key>runOnlyForDeploymentPostprocessing</key>
			<string>0</string>
			<key>shellPath</key>
			<string>/bin/sh</string>
			<key>shellScript</key>
			<string>diff "${PODS_ROOT}/../Podfile.lock" "${PODS_ROOT}/Manifest.lock" &gt; /dev/null
if [[ $? != 0 ]] ; then
    cat &lt;&lt; EOM
error: The sandbox is not in sync with the Podfile.lock. Run 'pod install' or update your CocoaPods installation.
EOM
    exit 1
fi
</string>
			<key>showEnvVarsInLog</key>
			<string>0</string>
		</dict>
		<key>5E36C54C10BB8B0D515828C5</key>
		<dict>
			<key>explicitFileType</key>
			<string>wrapper.framework</string>
			<key>includeInIndex</key>
			<string>0</string>
			<key>isa</key>
			<string>PBXFileReference</string>
			<key>path</key>
			<string>Pods_Bard_TransportTests.framework</string>
			<key>sourceTree</key>
			<string>BUILT_PRODUCTS_DIR</string>
		</dict>
		<key>6A0025516FC22EAF549DE600</key>
		<dict>
			<key>fileRef</key>
			<string>0432C3314AA2DAABF881720E</string>
			<key>isa</key>
			<string>PBXBuildFile</string>
		</dict>
		<key>6AE3CB9DD5FF24BB7F589BF9</key>
		<dict>
			<key>includeInIndex</key>
			<string>1</string>
			<key>isa</key>
			<string>PBXFileReference</string>
			<key>lastKnownFileType</key>
			<string>text.xcconfig</string>
			<key>name</key>
			<string>Pods-Bard TransportUITests.release.xcconfig</string>
			<key>path</key>
			<string>Pods/Target Support Files/Pods-Bard TransportUITests/Pods-Bard TransportUITests.release.xcconfig</string>
			<key>sourceTree</key>
			<string>&lt;group&gt;</string>
		</dict>
		<key>85100908CC420A392604676F</key>
		<dict>
			<key>buildActionMask</key>
			<string>2147483647</string>
			<key>files</key>
			<array/>
			<key>inputPaths</key>
			<array/>
			<key>isa</key>
			<string>PBXShellScriptBuildPhase</string>
			<key>name</key>
			<string>&#128230; Copy Pods Resources</string>
			<key>outputPaths</key>
			<array/>
			<key>runOnlyForDeploymentPostprocessing</key>
			<string>0</string>
			<key>shellPath</key>
			<string>/bin/sh</string>
			<key>shellScript</key>
			<string>"${SRCROOT}/Pods/Target Support Files/Pods-Bard TransportTests/Pods-Bard TransportTests-resources.sh"
</string>
			<key>showEnvVarsInLog</key>
			<string>0</string>
		</dict>
		<key>862D90073D868246A9EEDFEF</key>
		<dict>
			<key>children</key>
			<array>
				<string>F042C0A0343C97F0493D0380</string>
				<string>1F911AD00ED426CF518C2F03</string>
				<string>B6F2567D103BA18FE3D04B95</string>
				<string>B2611271503A6122B3086A2B</string>
				<string>87BE62970294ED9BA4F0534B</string>
				<string>6AE3CB9DD5FF24BB7F589BF9</string>
			</array>
			<key>isa</key>
			<string>PBXGroup</string>
			<key>name</key>
			<string>Pods</string>
			<key>sourceTree</key>
			<string>&lt;group&gt;</string>
		</dict>
		<key>872789BC1CE7B48E00D6CD06</key>
		<dict>
			<key>fileEncoding</key>
			<string>4</string>
			<key>isa</key>
			<string>PBXFileReference</string>
			<key>lastKnownFileType</key>
			<string>sourcecode.swift</string>
			<key>path</key>
			<string>ShuttleStopManager.swift</string>
			<key>sourceTree</key>
			<string>&lt;group&gt;</string>
		</dict>
		<key>872789BD1CE7B48E00D6CD06</key>
		<dict>
			<key>fileRef</key>
			<string>872789BC1CE7B48E00D6CD06</string>
			<key>isa</key>
			<string>PBXBuildFile</string>
		</dict>
		<key>872789BE1CE7B4A100D6CD06</key>
		<dict>
			<key>fileEncoding</key>
			<string>4</string>
			<key>isa</key>
			<string>PBXFileReference</string>
			<key>lastKnownFileType</key>
			<string>sourcecode.swift</string>
			<key>path</key>
			<string>UserLocationManager.swift</string>
			<key>sourceTree</key>
			<string>&lt;group&gt;</string>
		</dict>
		<key>872789BF1CE7B4A100D6CD06</key>
		<dict>
			<key>fileRef</key>
			<string>872789BE1CE7B4A100D6CD06</string>
			<key>isa</key>
			<string>PBXBuildFile</string>
		</dict>
		<key>872789C01CE7B57200D6CD06</key>
		<dict>
			<key>children</key>
			<array>
				<string>872789C21CE7B58500D6CD06</string>
				<string>872789C11CE7B57D00D6CD06</string>
			</array>
			<key>isa</key>
			<string>PBXGroup</string>
			<key>name</key>
			<string>Components</string>
			<key>sourceTree</key>
			<string>&lt;group&gt;</string>
		</dict>
		<key>872789C11CE7B57D00D6CD06</key>
		<dict>
			<key>children</key>
			<array>
				<string>872789C31CE7B59900D6CD06</string>
			</array>
			<key>isa</key>
			<string>PBXGroup</string>
			<key>name</key>
			<string>Notifications</string>
			<key>sourceTree</key>
			<string>&lt;group&gt;</string>
		</dict>
		<key>872789C21CE7B58500D6CD06</key>
		<dict>
			<key>children</key>
			<array>
				<string>87ECF40D1CE7BBA00093C2AE</string>
				<string>872789C61CE7B5D800D6CD06</string>
			</array>
			<key>isa</key>
			<string>PBXGroup</string>
			<key>name</key>
			<string>Main Sector</string>
			<key>sourceTree</key>
			<string>&lt;group&gt;</string>
		</dict>
		<key>872789C31CE7B59900D6CD06</key>
		<dict>
			<key>children</key>
			<array>
				<string>872789C41CE7B5C600D6CD06</string>
			</array>
			<key>isa</key>
			<string>PBXGroup</string>
			<key>name</key>
			<string>Update Notification</string>
			<key>sourceTree</key>
			<string>&lt;group&gt;</string>
		</dict>
		<key>872789C41CE7B5C600D6CD06</key>
		<dict>
			<key>fileEncoding</key>
			<string>4</string>
			<key>isa</key>
			<string>PBXFileReference</string>
			<key>lastKnownFileType</key>
			<string>sourcecode.swift</string>
			<key>path</key>
			<string>UpdateNotification.swift</string>
			<key>sourceTree</key>
			<string>&lt;group&gt;</string>
		</dict>
		<key>872789C51CE7B5C600D6CD06</key>
		<dict>
			<key>fileRef</key>
			<string>872789C41CE7B5C600D6CD06</string>
			<key>isa</key>
			<string>PBXBuildFile</string>
		</dict>
		<key>872789C61CE7B5D800D6CD06</key>
		<dict>
			<key>children</key>
			<array>
				<string>872789C91CE7B5F800D6CD06</string>
				<string>872789C81CE7B5EF00D6CD06</string>
				<string>872789C71CE7B5E700D6CD06</string>
			</array>
			<key>isa</key>
			<string>PBXGroup</string>
			<key>name</key>
			<string>Components</string>
			<key>sourceTree</key>
			<string>&lt;group&gt;</string>
		</dict>
		<key>872789C71CE7B5E700D6CD06</key>
		<dict>
			<key>children</key>
			<array>
				<string>87ECF40B1CE7BB680093C2AE</string>
				<string>87ECF3F61CE7BA290093C2AE</string>
			</array>
			<key>isa</key>
			<string>PBXGroup</string>
			<key>name</key>
			<string>Schedule Selector</string>
			<key>sourceTree</key>
			<string>&lt;group&gt;</string>
		</dict>
		<key>872789C81CE7B5EF00D6CD06</key>
		<dict>
			<key>children</key>
			<array>
				<string>87ECF3EB1CE7B9810093C2AE</string>
			</array>
			<key>isa</key>
			<string>PBXGroup</string>
			<key>name</key>
			<string>Map</string>
			<key>sourceTree</key>
			<string>&lt;group&gt;</string>
		</dict>
		<key>872789C91CE7B5F800D6CD06</key>
		<dict>
			<key>children</key>
			<array>
				<string>87ECF3DC1CE7B8140093C2AE</string>
				<string>872789CA1CE7B61700D6CD06</string>
			</array>
			<key>isa</key>
			<string>PBXGroup</string>
			<key>name</key>
			<string>Sidebar</string>
			<key>sourceTree</key>
			<string>&lt;group&gt;</string>
		</dict>
		<key>872789CA1CE7B61700D6CD06</key>
		<dict>
			<key>children</key>
			<array>
				<string>872789CB1CE7B63900D6CD06</string>
			</array>
			<key>isa</key>
			<string>PBXGroup</string>
			<key>name</key>
			<string>Components</string>
			<key>sourceTree</key>
			<string>&lt;group&gt;</string>
		</dict>
		<key>872789CB1CE7B63900D6CD06</key>
		<dict>
			<key>children</key>
			<array>
				<string>872789E01CE7B7D300D6CD06</string>
				<string>872789CC1CE7B64300D6CD06</string>
			</array>
			<key>isa</key>
			<string>PBXGroup</string>
			<key>name</key>
			<string>Sidebar Item</string>
			<key>sourceTree</key>
			<string>&lt;group&gt;</string>
		</dict>
		<key>872789CC1CE7B64300D6CD06</key>
		<dict>
			<key>children</key>
			<array>
				<string>872789CD1CE7B64C00D6CD06</string>
				<string>872789CE1CE7B65E00D6CD06</string>
			</array>
			<key>isa</key>
			<string>PBXGroup</string>
			<key>name</key>
			<string>Subclasses</string>
			<key>sourceTree</key>
			<string>&lt;group&gt;</string>
		</dict>
		<key>872789CD1CE7B64C00D6CD06</key>
		<dict>
			<key>children</key>
			<array>
				<string>872789DE1CE7B7AE00D6CD06</string>
				<string>872789CF1CE7B67100D6CD06</string>
			</array>
			<key>isa</key>
			<string>PBXGroup</string>
			<key>name</key>
			<string>Smart Times</string>
			<key>sourceTree</key>
			<string>&lt;group&gt;</string>
		</dict>
		<key>872789CE1CE7B65E00D6CD06</key>
		<dict>
			<key>children</key>
			<array>
				<string>87ECF3E91CE7B9350093C2AE</string>
				<string>87ECF3DF1CE7B84B0093C2AE</string>
				<string>87ECF3DE1CE7B8420093C2AE</string>
			</array>
			<key>isa</key>
			<string>PBXGroup</string>
			<key>name</key>
			<string>Menu</string>
			<key>sourceTree</key>
			<string>&lt;group&gt;</string>
		</dict>
		<key>872789CF1CE7B67100D6CD06</key>
		<dict>
			<key>children</key>
			<array>
				<string>872789D21CE7B69A00D6CD06</string>
				<string>872789D11CE7B69100D6CD06</string>
				<string>872789D01CE7B67E00D6CD06</string>
			</array>
			<key>isa</key>
			<string>PBXGroup</string>
			<key>name</key>
			<string>Components</string>
			<key>sourceTree</key>
			<string>&lt;group&gt;</string>
		</dict>
		<key>872789D01CE7B67E00D6CD06</key>
		<dict>
			<key>children</key>
			<array>
				<string>872789D61CE7B70100D6CD06</string>
			</array>
			<key>isa</key>
			<string>PBXGroup</string>
			<key>name</key>
			<string>Insufficient Access Privileges Error View</string>
			<key>sourceTree</key>
			<string>&lt;group&gt;</string>
		</dict>
		<key>872789D11CE7B69100D6CD06</key>
		<dict>
			<key>children</key>
			<array>
				<string>872789D81CE7B72B00D6CD06</string>
			</array>
			<key>isa</key>
			<string>PBXGroup</string>
			<key>name</key>
			<string>Too Far From Campus Error View</string>
			<key>sourceTree</key>
			<string>&lt;group&gt;</string>
		</dict>
		<key>872789D21CE7B69A00D6CD06</key>
		<dict>
			<key>children</key>
			<array>
				<string>872789DC1CE7B78700D6CD06</string>
				<string>872789D41CE7B6C600D6CD06</string>
			</array>
			<key>isa</key>
			<string>PBXGroup</string>
			<key>name</key>
			<string>Smart Times Pane</string>
			<key>sourceTree</key>
			<string>&lt;group&gt;</string>
		</dict>
		<key>872789D31CE7B6AE00D6CD06</key>
		<dict>
			<key>children</key>
			<array>
				<string>872789DA1CE7B74200D6CD06</string>
			</array>
			<key>isa</key>
			<string>PBXGroup</string>
			<key>name</key>
			<string>End Of Line Error View</string>
			<key>sourceTree</key>
			<string>&lt;group&gt;</string>
		</dict>
		<key>872789D41CE7B6C600D6CD06</key>
		<dict>
			<key>children</key>
			<array>
				<string>872789D31CE7B6AE00D6CD06</string>
			</array>
			<key>isa</key>
			<string>PBXGroup</string>
			<key>name</key>
			<string>Components</string>
			<key>sourceTree</key>
			<string>&lt;group&gt;</string>
		</dict>
		<key>872789D61CE7B70100D6CD06</key>
		<dict>
			<key>fileEncoding</key>
			<string>4</string>
			<key>isa</key>
			<string>PBXFileReference</string>
			<key>lastKnownFileType</key>
			<string>sourcecode.swift</string>
			<key>path</key>
			<string>SmartTimesInsufficientAccessPrivilegesErrorView.swift</string>
			<key>sourceTree</key>
			<string>&lt;group&gt;</string>
		</dict>
		<key>872789D71CE7B70100D6CD06</key>
		<dict>
			<key>fileRef</key>
			<string>872789D61CE7B70100D6CD06</string>
			<key>isa</key>
			<string>PBXBuildFile</string>
		</dict>
		<key>872789D81CE7B72B00D6CD06</key>
		<dict>
			<key>fileEncoding</key>
			<string>4</string>
			<key>isa</key>
			<string>PBXFileReference</string>
			<key>lastKnownFileType</key>
			<string>sourcecode.swift</string>
			<key>path</key>
			<string>SmartTimesTooFarFromCampusErrorView.swift</string>
			<key>sourceTree</key>
			<string>&lt;group&gt;</string>
		</dict>
		<key>872789D91CE7B72B00D6CD06</key>
		<dict>
			<key>fileRef</key>
			<string>872789D81CE7B72B00D6CD06</string>
			<key>isa</key>
			<string>PBXBuildFile</string>
		</dict>
		<key>872789DA1CE7B74200D6CD06</key>
		<dict>
			<key>fileEncoding</key>
			<string>4</string>
			<key>isa</key>
			<string>PBXFileReference</string>
			<key>lastKnownFileType</key>
			<string>sourcecode.swift</string>
			<key>path</key>
			<string>SmartTimesPaneEndOfLineErrorView.swift</string>
			<key>sourceTree</key>
			<string>&lt;group&gt;</string>
		</dict>
		<key>872789DB1CE7B74200D6CD06</key>
		<dict>
			<key>fileRef</key>
			<string>872789DA1CE7B74200D6CD06</string>
			<key>isa</key>
			<string>PBXBuildFile</string>
		</dict>
		<key>872789DC1CE7B78700D6CD06</key>
		<dict>
			<key>fileEncoding</key>
			<string>4</string>
			<key>isa</key>
			<string>PBXFileReference</string>
			<key>lastKnownFileType</key>
			<string>sourcecode.swift</string>
			<key>path</key>
			<string>SmartTimePane.swift</string>
			<key>sourceTree</key>
			<string>&lt;group&gt;</string>
		</dict>
		<key>872789DD1CE7B78700D6CD06</key>
		<dict>
			<key>fileRef</key>
			<string>872789DC1CE7B78700D6CD06</string>
			<key>isa</key>
			<string>PBXBuildFile</string>
		</dict>
		<key>872789DE1CE7B7AE00D6CD06</key>
		<dict>
			<key>fileEncoding</key>
			<string>4</string>
			<key>isa</key>
			<string>PBXFileReference</string>
			<key>lastKnownFileType</key>
			<string>sourcecode.swift</string>
			<key>path</key>
			<string>SmartTimes.swift</string>
			<key>sourceTree</key>
			<string>&lt;group&gt;</string>
		</dict>
		<key>872789DF1CE7B7AE00D6CD06</key>
		<dict>
			<key>fileRef</key>
			<string>872789DE1CE7B7AE00D6CD06</string>
			<key>isa</key>
			<string>PBXBuildFile</string>
		</dict>
		<key>872789E01CE7B7D300D6CD06</key>
		<dict>
			<key>fileEncoding</key>
			<string>4</string>
			<key>isa</key>
			<string>PBXFileReference</string>
			<key>lastKnownFileType</key>
			<string>sourcecode.swift</string>
			<key>path</key>
			<string>SidebarItem.swift</string>
			<key>sourceTree</key>
			<string>&lt;group&gt;</string>
		</dict>
		<key>872789E11CE7B7D300D6CD06</key>
		<dict>
			<key>fileRef</key>
			<string>872789E01CE7B7D300D6CD06</string>
			<key>isa</key>
			<string>PBXBuildFile</string>
		</dict>
		<key>873448A81CE7AE0C005A17AC</key>
		<dict>
			<key>children</key>
			<array>
				<string>873448B31CE7AE0C005A17AC</string>
				<string>873448CB1CE7AE0C005A17AC</string>
				<string>873448D61CE7AE0D005A17AC</string>
				<string>873448B21CE7AE0C005A17AC</string>
				<string>862D90073D868246A9EEDFEF</string>
				<string>DA1E0C01C156696CC5D268D4</string>
			</array>
			<key>isa</key>
			<string>PBXGroup</string>
			<key>sourceTree</key>
			<string>&lt;group&gt;</string>
		</dict>
		<key>873448A91CE7AE0C005A17AC</key>
		<dict>
			<key>attributes</key>
			<dict>
				<key>LastSwiftUpdateCheck</key>
				<string>0730</string>
				<key>LastUpgradeCheck</key>
				<string>0730</string>
				<key>ORGANIZATIONNAME</key>
				<string>Jeremy Bannister</string>
				<key>TargetAttributes</key>
				<dict>
					<key>873448B01CE7AE0C005A17AC</key>
					<dict>
						<key>CreatedOnToolsVersion</key>
						<string>7.3</string>
						<key>DevelopmentTeam</key>
						<string>H5N9FLA33R</string>
					</dict>
					<key>873448C71CE7AE0C005A17AC</key>
					<dict>
						<key>CreatedOnToolsVersion</key>
						<string>7.3</string>
						<key>TestTargetID</key>
						<string>873448B01CE7AE0C005A17AC</string>
					</dict>
					<key>873448D21CE7AE0D005A17AC</key>
					<dict>
						<key>CreatedOnToolsVersion</key>
						<string>7.3</string>
						<key>TestTargetID</key>
						<string>873448B01CE7AE0C005A17AC</string>
					</dict>
				</dict>
			</dict>
			<key>buildConfigurationList</key>
			<string>873448AC1CE7AE0C005A17AC</string>
			<key>compatibilityVersion</key>
			<string>Xcode 3.2</string>
			<key>developmentRegion</key>
			<string>English</string>
			<key>hasScannedForEncodings</key>
			<string>0</string>
			<key>isa</key>
			<string>PBXProject</string>
			<key>knownRegions</key>
			<array>
				<string>en</string>
				<string>Base</string>
			</array>
			<key>mainGroup</key>
			<string>873448A81CE7AE0C005A17AC</string>
			<key>productRefGroup</key>
			<string>873448B21CE7AE0C005A17AC</string>
			<key>projectDirPath</key>
			<string></string>
			<key>projectReferences</key>
			<array/>
			<key>projectRoot</key>
			<string></string>
			<key>targets</key>
			<array>
				<string>873448B01CE7AE0C005A17AC</string>
				<string>873448C71CE7AE0C005A17AC</string>
				<string>873448D21CE7AE0D005A17AC</string>
			</array>
		</dict>
		<key>873448AC1CE7AE0C005A17AC</key>
		<dict>
			<key>buildConfigurations</key>
			<array>
				<string>873448DA1CE7AE0D005A17AC</string>
				<string>873448DB1CE7AE0D005A17AC</string>
			</array>
			<key>defaultConfigurationIsVisible</key>
			<string>0</string>
			<key>defaultConfigurationName</key>
			<string>Release</string>
			<key>isa</key>
			<string>XCConfigurationList</string>
		</dict>
		<key>873448AD1CE7AE0C005A17AC</key>
		<dict>
			<key>buildActionMask</key>
			<string>2147483647</string>
			<key>files</key>
			<array>
				<string>87ECF3FE1CE7BA980093C2AE</string>
				<string>873448B71CE7AE0C005A17AC</string>
				<string>872789BD1CE7B48E00D6CD06</string>
				<string>87ECF3EC1CE7B9810093C2AE</string>
				<string>87ECF4061CE7BB180093C2AE</string>
				<string>872789DB1CE7B74200D6CD06</string>
				<string>87ECF40A1CE7BB4D0093C2AE</string>
				<string>873448B51CE7AE0C005A17AC</string>
				<string>873448FA1CE7B2AC005A17AC</string>
				<string>872789D71CE7B70100D6CD06</string>
				<string>87ECF3E81CE7B91D0093C2AE</string>
				<string>872789DD1CE7B78700D6CD06</string>
				<string>872789DF1CE7B7AE00D6CD06</string>
				<string>873449001CE7B326005A17AC</string>
				<string>87ECF40C1CE7BB680093C2AE</string>
				<string>87ECF3FC1CE7BA700093C2AE</string>
				<string>87ECF3E61CE7B9070093C2AE</string>
				<string>873449021CE7B33D005A17AC</string>
				<string>87ECF4081CE7BB370093C2AE</string>
				<string>873448FE1CE7B301005A17AC</string>
				<string>872789C51CE7B5C600D6CD06</string>
				<string>87ECF4101CE7BBBC0093C2AE</string>
				<string>87ECF4041CE7BAFC0093C2AE</string>
				<string>872789BF1CE7B4A100D6CD06</string>
				<string>87ECF3E41CE7B8F40093C2AE</string>
				<string>872789E11CE7B7D300D6CD06</string>
				<string>872789D91CE7B72B00D6CD06</string>
				<string>87ECF4001CE7BAC40093C2AE</string>
				<string>873448BD1CE7AE0C005A17AC</string>
				<string>87ECF40E1CE7BBA00093C2AE</string>
				<string>87ECF4021CE7BAE50093C2AE</string>
				<string>873449041CE7B37C005A17AC</string>
				<string>873449061CE7B3C8005A17AC</string>
				<string>873448FC1CE7B2E4005A17AC</string>
				<string>87ECF3EA1CE7B9350093C2AE</string>
				<string>87ECF3DD1CE7B8140093C2AE</string>
				<string>873449081CE7B3FA005A17AC</string>
			</array>
			<key>isa</key>
			<string>PBXSourcesBuildPhase</string>
			<key>runOnlyForDeploymentPostprocessing</key>
			<string>0</string>
		</dict>
		<key>873448AE1CE7AE0C005A17AC</key>
		<dict>
			<key>buildActionMask</key>
			<string>2147483647</string>
			<key>files</key>
			<array>
				<string>9928900B42BC186B810F135F</string>
			</array>
			<key>isa</key>
			<string>PBXFrameworksBuildPhase</string>
			<key>runOnlyForDeploymentPostprocessing</key>
			<string>0</string>
		</dict>
		<key>873448AF1CE7AE0C005A17AC</key>
		<dict>
			<key>buildActionMask</key>
			<string>2147483647</string>
			<key>files</key>
			<array>
				<string>87ECF4341CE7BC2D0093C2AE</string>
				<string>87ECF43B1CE7BC2D0093C2AE</string>
				<string>87ECF41C1CE7BC0D0093C2AE</string>
				<string>87ECF43A1CE7BC2D0093C2AE</string>
				<string>87ECF4211CE7BC0D0093C2AE</string>
				<string>87ECF4461CE7BC420093C2AE</string>
				<string>87ECF4391CE7BC2D0093C2AE</string>
				<string>87ECF4331CE7BC2D0093C2AE</string>
				<string>87ECF4351CE7BC2D0093C2AE</string>
				<string>87ECF4361CE7BC2D0093C2AE</string>
				<string>873448C21CE7AE0C005A17AC</string>
				<string>87ECF4141CE7BBF10093C2AE</string>
				<string>87ECF4201CE7BC0D0093C2AE</string>
				<string>87ECF4371CE7BC2D0093C2AE</string>
				<string>87ECF4421CE7BC420093C2AE</string>
				<string>87ECF41F1CE7BC0D0093C2AE</string>
				<string>87ECF41D1CE7BC0D0093C2AE</string>
				<string>873448BF1CE7AE0C005A17AC</string>
				<string>87ECF4261CE7BC1C0093C2AE</string>
				<string>87ECF41E1CE7BC0D0093C2AE</string>
				<string>87ECF4271CE7BC1C0093C2AE</string>
				<string>87ECF4441CE7BC420093C2AE</string>
				<string>87ECF4451CE7BC420093C2AE</string>
				<string>87ECF4381CE7BC2D0093C2AE</string>
				<string>87ECF4431CE7BC420093C2AE</string>
				<string>873448BA1CE7AE0C005A17AC</string>
				<string>87ECF4281CE7BC1C0093C2AE</string>
			</array>
			<key>isa</key>
			<string>PBXResourcesBuildPhase</string>
			<key>runOnlyForDeploymentPostprocessing</key>
			<string>0</string>
		</dict>
		<key>873448B01CE7AE0C005A17AC</key>
		<dict>
			<key>buildConfigurationList</key>
			<string>873448DC1CE7AE0D005A17AC</string>
			<key>buildPhases</key>
			<array>
				<string>DE15198BC6DB9FB9B8CCBF08</string>
				<string>873448AD1CE7AE0C005A17AC</string>
				<string>873448AE1CE7AE0C005A17AC</string>
				<string>873448AF1CE7AE0C005A17AC</string>
				<string>1F9A417539960ADC682E2B97</string>
				<string>C65F090B51A5AFCC2FC73713</string>
				<string>446AF232D0A839AF2A9CD567</string>
			</array>
			<key>buildRules</key>
			<array/>
			<key>dependencies</key>
			<array/>
			<key>isa</key>
			<string>PBXNativeTarget</string>
			<key>name</key>
			<string>Bard Transport</string>
			<key>productName</key>
			<string>Bard Transport</string>
			<key>productReference</key>
			<string>873448B11CE7AE0C005A17AC</string>
			<key>productType</key>
			<string>com.apple.product-type.application</string>
		</dict>
		<key>873448B11CE7AE0C005A17AC</key>
		<dict>
			<key>explicitFileType</key>
			<string>wrapper.application</string>
			<key>includeInIndex</key>
			<string>0</string>
			<key>isa</key>
			<string>PBXFileReference</string>
			<key>path</key>
			<string>Bard Transport.app</string>
			<key>sourceTree</key>
			<string>BUILT_PRODUCTS_DIR</string>
		</dict>
		<key>873448B21CE7AE0C005A17AC</key>
		<dict>
			<key>children</key>
			<array>
				<string>873448B11CE7AE0C005A17AC</string>
				<string>873448C81CE7AE0C005A17AC</string>
				<string>873448D31CE7AE0D005A17AC</string>
			</array>
			<key>isa</key>
			<string>PBXGroup</string>
			<key>name</key>
			<string>Products</string>
			<key>sourceTree</key>
			<string>&lt;group&gt;</string>
		</dict>
		<key>873448B31CE7AE0C005A17AC</key>
		<dict>
			<key>children</key>
			<array>
				<string>873448E91CE7B1CF005A17AC</string>
				<string>873448E81CE7B1CA005A17AC</string>
				<string>873448E71CE7B1C5005A17AC</string>
				<string>873448E61CE7B1BE005A17AC</string>
				<string>873448E51CE7B1B4005A17AC</string>
			</array>
			<key>isa</key>
			<string>PBXGroup</string>
			<key>path</key>
			<string>Bard Transport</string>
			<key>sourceTree</key>
			<string>&lt;group&gt;</string>
		</dict>
		<key>873448B41CE7AE0C005A17AC</key>
		<dict>
			<key>isa</key>
			<string>PBXFileReference</string>
			<key>lastKnownFileType</key>
			<string>sourcecode.swift</string>
			<key>path</key>
			<string>AppDelegate.swift</string>
			<key>sourceTree</key>
			<string>&lt;group&gt;</string>
		</dict>
		<key>873448B51CE7AE0C005A17AC</key>
		<dict>
			<key>fileRef</key>
			<string>873448B41CE7AE0C005A17AC</string>
			<key>isa</key>
			<string>PBXBuildFile</string>
		</dict>
		<key>873448B61CE7AE0C005A17AC</key>
		<dict>
			<key>isa</key>
			<string>PBXFileReference</string>
			<key>lastKnownFileType</key>
			<string>sourcecode.swift</string>
			<key>path</key>
			<string>ViewController.swift</string>
			<key>sourceTree</key>
			<string>&lt;group&gt;</string>
		</dict>
		<key>873448B71CE7AE0C005A17AC</key>
		<dict>
			<key>fileRef</key>
			<string>873448B61CE7AE0C005A17AC</string>
			<key>isa</key>
			<string>PBXBuildFile</string>
		</dict>
		<key>873448B81CE7AE0C005A17AC</key>
		<dict>
			<key>children</key>
			<array>
				<string>873448B91CE7AE0C005A17AC</string>
			</array>
			<key>isa</key>
			<string>PBXVariantGroup</string>
			<key>name</key>
			<string>Main.storyboard</string>
			<key>sourceTree</key>
			<string>&lt;group&gt;</string>
		</dict>
		<key>873448B91CE7AE0C005A17AC</key>
		<dict>
			<key>isa</key>
			<string>PBXFileReference</string>
			<key>lastKnownFileType</key>
			<string>file.storyboard</string>
			<key>name</key>
			<string>Base</string>
			<key>path</key>
			<string>Base.lproj/Main.storyboard</string>
			<key>sourceTree</key>
			<string>&lt;group&gt;</string>
		</dict>
		<key>873448BA1CE7AE0C005A17AC</key>
		<dict>
			<key>fileRef</key>
			<string>873448B81CE7AE0C005A17AC</string>
			<key>isa</key>
			<string>PBXBuildFile</string>
		</dict>
		<key>873448BB1CE7AE0C005A17AC</key>
		<dict>
			<key>children</key>
			<array>
				<string>873448BC1CE7AE0C005A17AC</string>
			</array>
			<key>currentVersion</key>
			<string>873448BC1CE7AE0C005A17AC</string>
			<key>isa</key>
			<string>XCVersionGroup</string>
			<key>path</key>
			<string>Bard_Transport.xcdatamodeld</string>
			<key>sourceTree</key>
			<string>&lt;group&gt;</string>
			<key>versionGroupType</key>
			<string>wrapper.xcdatamodel</string>
		</dict>
		<key>873448BC1CE7AE0C005A17AC</key>
		<dict>
			<key>isa</key>
			<string>PBXFileReference</string>
			<key>lastKnownFileType</key>
			<string>wrapper.xcdatamodel</string>
			<key>path</key>
			<string>Bard_Transport.xcdatamodel</string>
			<key>sourceTree</key>
			<string>&lt;group&gt;</string>
		</dict>
		<key>873448BD1CE7AE0C005A17AC</key>
		<dict>
			<key>fileRef</key>
			<string>873448BB1CE7AE0C005A17AC</string>
			<key>isa</key>
			<string>PBXBuildFile</string>
		</dict>
		<key>873448BE1CE7AE0C005A17AC</key>
		<dict>
			<key>isa</key>
			<string>PBXFileReference</string>
			<key>lastKnownFileType</key>
			<string>folder.assetcatalog</string>
			<key>path</key>
			<string>Assets.xcassets</string>
			<key>sourceTree</key>
			<string>&lt;group&gt;</string>
		</dict>
		<key>873448BF1CE7AE0C005A17AC</key>
		<dict>
			<key>fileRef</key>
			<string>873448BE1CE7AE0C005A17AC</string>
			<key>isa</key>
			<string>PBXBuildFile</string>
		</dict>
		<key>873448C01CE7AE0C005A17AC</key>
		<dict>
			<key>children</key>
			<array>
				<string>873448C11CE7AE0C005A17AC</string>
			</array>
			<key>isa</key>
			<string>PBXVariantGroup</string>
			<key>name</key>
			<string>LaunchScreen.storyboard</string>
			<key>sourceTree</key>
			<string>&lt;group&gt;</string>
		</dict>
		<key>873448C11CE7AE0C005A17AC</key>
		<dict>
			<key>isa</key>
			<string>PBXFileReference</string>
			<key>lastKnownFileType</key>
			<string>file.storyboard</string>
			<key>name</key>
			<string>Base</string>
			<key>path</key>
			<string>Base.lproj/LaunchScreen.storyboard</string>
			<key>sourceTree</key>
			<string>&lt;group&gt;</string>
		</dict>
		<key>873448C21CE7AE0C005A17AC</key>
		<dict>
			<key>fileRef</key>
			<string>873448C01CE7AE0C005A17AC</string>
			<key>isa</key>
			<string>PBXBuildFile</string>
		</dict>
		<key>873448C31CE7AE0C005A17AC</key>
		<dict>
			<key>isa</key>
			<string>PBXFileReference</string>
			<key>lastKnownFileType</key>
			<string>text.plist.xml</string>
			<key>path</key>
			<string>Info.plist</string>
			<key>sourceTree</key>
			<string>&lt;group&gt;</string>
		</dict>
		<key>873448C41CE7AE0C005A17AC</key>
		<dict>
			<key>buildActionMask</key>
			<string>2147483647</string>
			<key>files</key>
			<array>
				<string>873448CD1CE7AE0C005A17AC</string>
			</array>
			<key>isa</key>
			<string>PBXSourcesBuildPhase</string>
			<key>runOnlyForDeploymentPostprocessing</key>
			<string>0</string>
		</dict>
		<key>873448C51CE7AE0C005A17AC</key>
		<dict>
			<key>buildActionMask</key>
			<string>2147483647</string>
			<key>files</key>
			<array>
				<string>A6D2DEEB57445F7A4BBB19D2</string>
			</array>
			<key>isa</key>
			<string>PBXFrameworksBuildPhase</string>
			<key>runOnlyForDeploymentPostprocessing</key>
			<string>0</string>
		</dict>
		<key>873448C61CE7AE0C005A17AC</key>
		<dict>
			<key>buildActionMask</key>
			<string>2147483647</string>
			<key>files</key>
			<array/>
			<key>isa</key>
			<string>PBXResourcesBuildPhase</string>
			<key>runOnlyForDeploymentPostprocessing</key>
			<string>0</string>
		</dict>
		<key>873448C71CE7AE0C005A17AC</key>
		<dict>
			<key>buildConfigurationList</key>
			<string>873448DF1CE7AE0D005A17AC</string>
			<key>buildPhases</key>
			<array>
				<string>37FB7834FEBE575F9D8EC7F5</string>
				<string>873448C41CE7AE0C005A17AC</string>
				<string>873448C51CE7AE0C005A17AC</string>
				<string>873448C61CE7AE0C005A17AC</string>
				<string>A0D3E56C9E00F136D42F6EE5</string>
				<string>85100908CC420A392604676F</string>
			</array>
			<key>buildRules</key>
			<array/>
			<key>dependencies</key>
			<array>
				<string>873448CA1CE7AE0C005A17AC</string>
			</array>
			<key>isa</key>
			<string>PBXNativeTarget</string>
			<key>name</key>
			<string>Bard TransportTests</string>
			<key>productName</key>
			<string>Bard TransportTests</string>
			<key>productReference</key>
			<string>873448C81CE7AE0C005A17AC</string>
			<key>productType</key>
			<string>com.apple.product-type.bundle.unit-test</string>
		</dict>
		<key>873448C81CE7AE0C005A17AC</key>
		<dict>
			<key>explicitFileType</key>
			<string>wrapper.cfbundle</string>
			<key>includeInIndex</key>
			<string>0</string>
			<key>isa</key>
			<string>PBXFileReference</string>
			<key>path</key>
			<string>Bard TransportTests.xctest</string>
			<key>sourceTree</key>
			<string>BUILT_PRODUCTS_DIR</string>
		</dict>
		<key>873448C91CE7AE0C005A17AC</key>
		<dict>
			<key>containerPortal</key>
			<string>873448A91CE7AE0C005A17AC</string>
			<key>isa</key>
			<string>PBXContainerItemProxy</string>
			<key>proxyType</key>
			<string>1</string>
			<key>remoteGlobalIDString</key>
			<string>873448B01CE7AE0C005A17AC</string>
			<key>remoteInfo</key>
			<string>Bard Transport</string>
		</dict>
		<key>873448CA1CE7AE0C005A17AC</key>
		<dict>
			<key>isa</key>
			<string>PBXTargetDependency</string>
			<key>target</key>
			<string>873448B01CE7AE0C005A17AC</string>
			<key>targetProxy</key>
			<string>873448C91CE7AE0C005A17AC</string>
		</dict>
		<key>873448CB1CE7AE0C005A17AC</key>
		<dict>
			<key>children</key>
			<array>
				<string>873448CC1CE7AE0C005A17AC</string>
				<string>873448CE1CE7AE0C005A17AC</string>
			</array>
			<key>isa</key>
			<string>PBXGroup</string>
			<key>path</key>
			<string>Bard TransportTests</string>
			<key>sourceTree</key>
			<string>&lt;group&gt;</string>
		</dict>
		<key>873448CC1CE7AE0C005A17AC</key>
		<dict>
			<key>isa</key>
			<string>PBXFileReference</string>
			<key>lastKnownFileType</key>
			<string>sourcecode.swift</string>
			<key>path</key>
			<string>Bard_TransportTests.swift</string>
			<key>sourceTree</key>
			<string>&lt;group&gt;</string>
		</dict>
		<key>873448CD1CE7AE0C005A17AC</key>
		<dict>
			<key>fileRef</key>
			<string>873448CC1CE7AE0C005A17AC</string>
			<key>isa</key>
			<string>PBXBuildFile</string>
		</dict>
		<key>873448CE1CE7AE0C005A17AC</key>
		<dict>
			<key>isa</key>
			<string>PBXFileReference</string>
			<key>lastKnownFileType</key>
			<string>text.plist.xml</string>
			<key>name</key>
			<string>Info.plist</string>
			<key>path</key>
			<string>Bard TransportTests/Info.plist</string>
			<key>sourceTree</key>
			<string>SOURCE_ROOT</string>
		</dict>
		<key>873448CF1CE7AE0D005A17AC</key>
		<dict>
			<key>buildActionMask</key>
			<string>2147483647</string>
			<key>files</key>
			<array>
				<string>873448D81CE7AE0D005A17AC</string>
			</array>
			<key>isa</key>
			<string>PBXSourcesBuildPhase</string>
			<key>runOnlyForDeploymentPostprocessing</key>
			<string>0</string>
		</dict>
		<key>873448D01CE7AE0D005A17AC</key>
		<dict>
			<key>buildActionMask</key>
			<string>2147483647</string>
			<key>files</key>
			<array>
				<string>6A0025516FC22EAF549DE600</string>
			</array>
			<key>isa</key>
			<string>PBXFrameworksBuildPhase</string>
			<key>runOnlyForDeploymentPostprocessing</key>
			<string>0</string>
		</dict>
		<key>873448D11CE7AE0D005A17AC</key>
		<dict>
			<key>buildActionMask</key>
			<string>2147483647</string>
			<key>files</key>
			<array/>
			<key>isa</key>
			<string>PBXResourcesBuildPhase</string>
			<key>runOnlyForDeploymentPostprocessing</key>
			<string>0</string>
		</dict>
		<key>873448D21CE7AE0D005A17AC</key>
		<dict>
			<key>buildConfigurationList</key>
			<string>873448E21CE7AE0D005A17AC</string>
			<key>buildPhases</key>
			<array>
				<string>4E32FF76118B80B7B7673E42</string>
				<string>873448CF1CE7AE0D005A17AC</string>
				<string>873448D01CE7AE0D005A17AC</string>
				<string>873448D11CE7AE0D005A17AC</string>
				<string>E5497A9D97A87B021646BD09</string>
			</array>
			<key>buildRules</key>
			<array/>
			<key>dependencies</key>
			<array>
				<string>873448D51CE7AE0D005A17AC</string>
			</array>
			<key>isa</key>
			<string>PBXNativeTarget</string>
			<key>name</key>
			<string>Bard TransportUITests</string>
			<key>productName</key>
			<string>Bard TransportUITests</string>
			<key>productReference</key>
			<string>873448D31CE7AE0D005A17AC</string>
			<key>productType</key>
			<string>com.apple.product-type.bundle.ui-testing</string>
		</dict>
		<key>873448D31CE7AE0D005A17AC</key>
		<dict>
			<key>explicitFileType</key>
			<string>wrapper.cfbundle</string>
			<key>includeInIndex</key>
			<string>0</string>
			<key>isa</key>
			<string>PBXFileReference</string>
			<key>path</key>
			<string>Bard TransportUITests.xctest</string>
			<key>sourceTree</key>
			<string>BUILT_PRODUCTS_DIR</string>
		</dict>
		<key>873448D41CE7AE0D005A17AC</key>
		<dict>
			<key>containerPortal</key>
			<string>873448A91CE7AE0C005A17AC</string>
			<key>isa</key>
			<string>PBXContainerItemProxy</string>
			<key>proxyType</key>
			<string>1</string>
			<key>remoteGlobalIDString</key>
			<string>873448B01CE7AE0C005A17AC</string>
			<key>remoteInfo</key>
			<string>Bard Transport</string>
		</dict>
		<key>873448D51CE7AE0D005A17AC</key>
		<dict>
			<key>isa</key>
			<string>PBXTargetDependency</string>
			<key>target</key>
			<string>873448B01CE7AE0C005A17AC</string>
			<key>targetProxy</key>
			<string>873448D41CE7AE0D005A17AC</string>
		</dict>
		<key>873448D61CE7AE0D005A17AC</key>
		<dict>
			<key>children</key>
			<array>
				<string>873448D71CE7AE0D005A17AC</string>
				<string>873448D91CE7AE0D005A17AC</string>
			</array>
			<key>isa</key>
			<string>PBXGroup</string>
			<key>path</key>
			<string>Bard TransportUITests</string>
			<key>sourceTree</key>
			<string>&lt;group&gt;</string>
		</dict>
		<key>873448D71CE7AE0D005A17AC</key>
		<dict>
			<key>isa</key>
			<string>PBXFileReference</string>
			<key>lastKnownFileType</key>
			<string>sourcecode.swift</string>
			<key>path</key>
			<string>Bard_TransportUITests.swift</string>
			<key>sourceTree</key>
			<string>&lt;group&gt;</string>
		</dict>
		<key>873448D81CE7AE0D005A17AC</key>
		<dict>
			<key>fileRef</key>
			<string>873448D71CE7AE0D005A17AC</string>
			<key>isa</key>
			<string>PBXBuildFile</string>
		</dict>
		<key>873448D91CE7AE0D005A17AC</key>
		<dict>
			<key>isa</key>
			<string>PBXFileReference</string>
			<key>lastKnownFileType</key>
			<string>text.plist.xml</string>
			<key>path</key>
			<string>Info.plist</string>
			<key>sourceTree</key>
			<string>&lt;group&gt;</string>
		</dict>
		<key>873448DA1CE7AE0D005A17AC</key>
		<dict>
			<key>buildSettings</key>
			<dict>
				<key>ALWAYS_SEARCH_USER_PATHS</key>
				<string>NO</string>
				<key>CLANG_ANALYZER_NONNULL</key>
				<string>YES</string>
				<key>CLANG_CXX_LANGUAGE_STANDARD</key>
				<string>gnu++0x</string>
				<key>CLANG_CXX_LIBRARY</key>
				<string>libc++</string>
				<key>CLANG_ENABLE_MODULES</key>
				<string>YES</string>
				<key>CLANG_ENABLE_OBJC_ARC</key>
				<string>YES</string>
				<key>CLANG_WARN_BOOL_CONVERSION</key>
				<string>YES</string>
				<key>CLANG_WARN_CONSTANT_CONVERSION</key>
				<string>YES</string>
				<key>CLANG_WARN_DIRECT_OBJC_ISA_USAGE</key>
				<string>YES_ERROR</string>
				<key>CLANG_WARN_EMPTY_BODY</key>
				<string>YES</string>
				<key>CLANG_WARN_ENUM_CONVERSION</key>
				<string>YES</string>
				<key>CLANG_WARN_INT_CONVERSION</key>
				<string>YES</string>
				<key>CLANG_WARN_OBJC_ROOT_CLASS</key>
				<string>YES_ERROR</string>
				<key>CLANG_WARN_UNREACHABLE_CODE</key>
				<string>YES</string>
				<key>CLANG_WARN__DUPLICATE_METHOD_MATCH</key>
				<string>YES</string>
				<key>CODE_SIGN_IDENTITY[sdk=iphoneos*]</key>
				<string>iPhone Developer</string>
				<key>COPY_PHASE_STRIP</key>
				<string>NO</string>
				<key>DEBUG_INFORMATION_FORMAT</key>
				<string>dwarf</string>
				<key>ENABLE_STRICT_OBJC_MSGSEND</key>
				<string>YES</string>
				<key>ENABLE_TESTABILITY</key>
				<string>YES</string>
				<key>GCC_C_LANGUAGE_STANDARD</key>
				<string>gnu99</string>
				<key>GCC_DYNAMIC_NO_PIC</key>
				<string>NO</string>
				<key>GCC_NO_COMMON_BLOCKS</key>
				<string>YES</string>
				<key>GCC_OPTIMIZATION_LEVEL</key>
				<string>0</string>
				<key>GCC_PREPROCESSOR_DEFINITIONS</key>
				<array>
					<string>DEBUG=1</string>
					<string>$(inherited)</string>
				</array>
				<key>GCC_WARN_64_TO_32_BIT_CONVERSION</key>
				<string>YES</string>
				<key>GCC_WARN_ABOUT_RETURN_TYPE</key>
				<string>YES_ERROR</string>
				<key>GCC_WARN_UNDECLARED_SELECTOR</key>
				<string>YES</string>
				<key>GCC_WARN_UNINITIALIZED_AUTOS</key>
				<string>YES_AGGRESSIVE</string>
				<key>GCC_WARN_UNUSED_FUNCTION</key>
				<string>YES</string>
				<key>GCC_WARN_UNUSED_VARIABLE</key>
				<string>YES</string>
				<key>IPHONEOS_DEPLOYMENT_TARGET</key>
				<string>9.3</string>
				<key>MTL_ENABLE_DEBUG_INFO</key>
				<string>YES</string>
				<key>ONLY_ACTIVE_ARCH</key>
				<string>YES</string>
				<key>SDKROOT</key>
				<string>iphoneos</string>
				<key>SWIFT_OPTIMIZATION_LEVEL</key>
				<string>-Onone</string>
				<key>TARGETED_DEVICE_FAMILY</key>
				<string>1,2</string>
			</dict>
			<key>isa</key>
			<string>XCBuildConfiguration</string>
			<key>name</key>
			<string>Debug</string>
		</dict>
		<key>873448DB1CE7AE0D005A17AC</key>
		<dict>
			<key>buildSettings</key>
			<dict>
				<key>ALWAYS_SEARCH_USER_PATHS</key>
				<string>NO</string>
				<key>CLANG_ANALYZER_NONNULL</key>
				<string>YES</string>
				<key>CLANG_CXX_LANGUAGE_STANDARD</key>
				<string>gnu++0x</string>
				<key>CLANG_CXX_LIBRARY</key>
				<string>libc++</string>
				<key>CLANG_ENABLE_MODULES</key>
				<string>YES</string>
				<key>CLANG_ENABLE_OBJC_ARC</key>
				<string>YES</string>
				<key>CLANG_WARN_BOOL_CONVERSION</key>
				<string>YES</string>
				<key>CLANG_WARN_CONSTANT_CONVERSION</key>
				<string>YES</string>
				<key>CLANG_WARN_DIRECT_OBJC_ISA_USAGE</key>
				<string>YES_ERROR</string>
				<key>CLANG_WARN_EMPTY_BODY</key>
				<string>YES</string>
				<key>CLANG_WARN_ENUM_CONVERSION</key>
				<string>YES</string>
				<key>CLANG_WARN_INT_CONVERSION</key>
				<string>YES</string>
				<key>CLANG_WARN_OBJC_ROOT_CLASS</key>
				<string>YES_ERROR</string>
				<key>CLANG_WARN_UNREACHABLE_CODE</key>
				<string>YES</string>
				<key>CLANG_WARN__DUPLICATE_METHOD_MATCH</key>
				<string>YES</string>
				<key>CODE_SIGN_IDENTITY[sdk=iphoneos*]</key>
				<string>iPhone Developer</string>
				<key>COPY_PHASE_STRIP</key>
				<string>NO</string>
				<key>DEBUG_INFORMATION_FORMAT</key>
				<string>dwarf-with-dsym</string>
				<key>ENABLE_NS_ASSERTIONS</key>
				<string>NO</string>
				<key>ENABLE_STRICT_OBJC_MSGSEND</key>
				<string>YES</string>
				<key>GCC_C_LANGUAGE_STANDARD</key>
				<string>gnu99</string>
				<key>GCC_NO_COMMON_BLOCKS</key>
				<string>YES</string>
				<key>GCC_WARN_64_TO_32_BIT_CONVERSION</key>
				<string>YES</string>
				<key>GCC_WARN_ABOUT_RETURN_TYPE</key>
				<string>YES_ERROR</string>
				<key>GCC_WARN_UNDECLARED_SELECTOR</key>
				<string>YES</string>
				<key>GCC_WARN_UNINITIALIZED_AUTOS</key>
				<string>YES_AGGRESSIVE</string>
				<key>GCC_WARN_UNUSED_FUNCTION</key>
				<string>YES</string>
				<key>GCC_WARN_UNUSED_VARIABLE</key>
				<string>YES</string>
				<key>IPHONEOS_DEPLOYMENT_TARGET</key>
				<string>9.3</string>
				<key>MTL_ENABLE_DEBUG_INFO</key>
				<string>NO</string>
				<key>SDKROOT</key>
				<string>iphoneos</string>
				<key>TARGETED_DEVICE_FAMILY</key>
				<string>1,2</string>
				<key>VALIDATE_PRODUCT</key>
				<string>YES</string>
			</dict>
			<key>isa</key>
			<string>XCBuildConfiguration</string>
			<key>name</key>
			<string>Release</string>
		</dict>
		<key>873448DC1CE7AE0D005A17AC</key>
		<dict>
			<key>buildConfigurations</key>
			<array>
				<string>873448DD1CE7AE0D005A17AC</string>
				<string>873448DE1CE7AE0D005A17AC</string>
			</array>
			<key>defaultConfigurationIsVisible</key>
			<string>0</string>
			<key>defaultConfigurationName</key>
			<string>Release</string>
			<key>isa</key>
			<string>XCConfigurationList</string>
		</dict>
		<key>873448DD1CE7AE0D005A17AC</key>
		<dict>
			<key>baseConfigurationReference</key>
			<string>F042C0A0343C97F0493D0380</string>
			<key>buildSettings</key>
			<dict>
				<key>ASSETCATALOG_COMPILER_APPICON_NAME</key>
				<string>AppIcon</string>
				<key>CODE_SIGN_IDENTITY</key>
				<string>iPhone Developer</string>
				<key>CODE_SIGN_IDENTITY[sdk=iphoneos*]</key>
				<string>iPhone Developer</string>
				<key>INFOPLIST_FILE</key>
				<string>Bard Transport/Info.plist</string>
				<key>IPHONEOS_DEPLOYMENT_TARGET</key>
				<string>9.0</string>
				<key>LD_RUNPATH_SEARCH_PATHS</key>
				<string>$(inherited) @executable_path/Frameworks</string>
				<key>PRODUCT_BUNDLE_IDENTIFIER</key>
				<string>JAB.Bard-Transport</string>
				<key>PRODUCT_NAME</key>
				<string>$(TARGET_NAME)</string>
				<key>PROVISIONING_PROFILE</key>
				<string></string>
			</dict>
			<key>isa</key>
			<string>XCBuildConfiguration</string>
			<key>name</key>
			<string>Debug</string>
		</dict>
		<key>873448DE1CE7AE0D005A17AC</key>
		<dict>
			<key>baseConfigurationReference</key>
			<string>1F911AD00ED426CF518C2F03</string>
			<key>buildSettings</key>
			<dict>
				<key>ASSETCATALOG_COMPILER_APPICON_NAME</key>
				<string>AppIcon</string>
				<key>CODE_SIGN_IDENTITY</key>
				<string>iPhone Developer</string>
				<key>CODE_SIGN_IDENTITY[sdk=iphoneos*]</key>
				<string>iPhone Developer</string>
				<key>INFOPLIST_FILE</key>
				<string>Bard Transport/Info.plist</string>
				<key>IPHONEOS_DEPLOYMENT_TARGET</key>
				<string>9.0</string>
				<key>LD_RUNPATH_SEARCH_PATHS</key>
				<string>$(inherited) @executable_path/Frameworks</string>
				<key>PRODUCT_BUNDLE_IDENTIFIER</key>
				<string>JAB.Bard-Transport</string>
				<key>PRODUCT_NAME</key>
				<string>$(TARGET_NAME)</string>
				<key>PROVISIONING_PROFILE</key>
				<string></string>
			</dict>
			<key>isa</key>
			<string>XCBuildConfiguration</string>
			<key>name</key>
			<string>Release</string>
		</dict>
		<key>873448DF1CE7AE0D005A17AC</key>
		<dict>
			<key>buildConfigurations</key>
			<array>
				<string>873448E01CE7AE0D005A17AC</string>
				<string>873448E11CE7AE0D005A17AC</string>
			</array>
			<key>defaultConfigurationIsVisible</key>
			<string>0</string>
			<key>defaultConfigurationName</key>
			<string>Release</string>
			<key>isa</key>
			<string>XCConfigurationList</string>
		</dict>
		<key>873448E01CE7AE0D005A17AC</key>
		<dict>
			<key>baseConfigurationReference</key>
			<string>B6F2567D103BA18FE3D04B95</string>
			<key>buildSettings</key>
			<dict>
				<key>BUNDLE_LOADER</key>
				<string>$(TEST_HOST)</string>
				<key>INFOPLIST_FILE</key>
				<string>Bard TransportTests/Info.plist</string>
				<key>LD_RUNPATH_SEARCH_PATHS</key>
				<string>$(inherited) @executable_path/Frameworks @loader_path/Frameworks</string>
				<key>PRODUCT_BUNDLE_IDENTIFIER</key>
				<string>JAB.Bard-TransportTests</string>
				<key>PRODUCT_NAME</key>
				<string>$(TARGET_NAME)</string>
				<key>TEST_HOST</key>
				<string>$(BUILT_PRODUCTS_DIR)/Bard Transport.app/Bard Transport</string>
			</dict>
			<key>isa</key>
			<string>XCBuildConfiguration</string>
			<key>name</key>
			<string>Debug</string>
		</dict>
		<key>873448E11CE7AE0D005A17AC</key>
		<dict>
			<key>baseConfigurationReference</key>
			<string>B2611271503A6122B3086A2B</string>
			<key>buildSettings</key>
			<dict>
				<key>BUNDLE_LOADER</key>
				<string>$(TEST_HOST)</string>
				<key>INFOPLIST_FILE</key>
				<string>Bard TransportTests/Info.plist</string>
				<key>LD_RUNPATH_SEARCH_PATHS</key>
				<string>$(inherited) @executable_path/Frameworks @loader_path/Frameworks</string>
				<key>PRODUCT_BUNDLE_IDENTIFIER</key>
				<string>JAB.Bard-TransportTests</string>
				<key>PRODUCT_NAME</key>
				<string>$(TARGET_NAME)</string>
				<key>TEST_HOST</key>
				<string>$(BUILT_PRODUCTS_DIR)/Bard Transport.app/Bard Transport</string>
			</dict>
			<key>isa</key>
			<string>XCBuildConfiguration</string>
			<key>name</key>
			<string>Release</string>
		</dict>
		<key>873448E21CE7AE0D005A17AC</key>
		<dict>
			<key>buildConfigurations</key>
			<array>
				<string>873448E31CE7AE0D005A17AC</string>
				<string>873448E41CE7AE0D005A17AC</string>
			</array>
			<key>defaultConfigurationIsVisible</key>
			<string>0</string>
			<key>defaultConfigurationName</key>
			<string>Release</string>
			<key>isa</key>
			<string>XCConfigurationList</string>
		</dict>
		<key>873448E31CE7AE0D005A17AC</key>
		<dict>
			<key>baseConfigurationReference</key>
			<string>87BE62970294ED9BA4F0534B</string>
			<key>buildSettings</key>
			<dict>
				<key>INFOPLIST_FILE</key>
				<string>Bard TransportUITests/Info.plist</string>
				<key>LD_RUNPATH_SEARCH_PATHS</key>
				<string>$(inherited) @executable_path/Frameworks @loader_path/Frameworks</string>
				<key>PRODUCT_BUNDLE_IDENTIFIER</key>
				<string>JAB.Bard-TransportUITests</string>
				<key>PRODUCT_NAME</key>
				<string>$(TARGET_NAME)</string>
				<key>TEST_TARGET_NAME</key>
				<string>Bard Transport</string>
			</dict>
			<key>isa</key>
			<string>XCBuildConfiguration</string>
			<key>name</key>
			<string>Debug</string>
		</dict>
		<key>873448E41CE7AE0D005A17AC</key>
		<dict>
			<key>baseConfigurationReference</key>
			<string>6AE3CB9DD5FF24BB7F589BF9</string>
			<key>buildSettings</key>
			<dict>
				<key>INFOPLIST_FILE</key>
				<string>Bard TransportUITests/Info.plist</string>
				<key>LD_RUNPATH_SEARCH_PATHS</key>
				<string>$(inherited) @executable_path/Frameworks @loader_path/Frameworks</string>
				<key>PRODUCT_BUNDLE_IDENTIFIER</key>
				<string>JAB.Bard-TransportUITests</string>
				<key>PRODUCT_NAME</key>
				<string>$(TARGET_NAME)</string>
				<key>TEST_TARGET_NAME</key>
				<string>Bard Transport</string>
			</dict>
			<key>isa</key>
			<string>XCBuildConfiguration</string>
			<key>name</key>
			<string>Release</string>
		</dict>
		<key>873448E51CE7B1B4005A17AC</key>
		<dict>
			<key>children</key>
			<array>
				<string>87ECF4111CE7BBE10093C2AE</string>
			</array>
			<key>isa</key>
			<string>PBXGroup</string>
			<key>name</key>
			<string>Supporting Files</string>
			<key>sourceTree</key>
			<string>&lt;group&gt;</string>
		</dict>
		<key>873448E61CE7B1BE005A17AC</key>
		<dict>
			<key>children</key>
			<array>
				<string>87ECF40F1CE7BBBC0093C2AE</string>
				<string>872789C01CE7B57200D6CD06</string>
			</array>
			<key>isa</key>
			<string>PBXGroup</string>
			<key>name</key>
			<string>Application Root</string>
			<key>sourceTree</key>
			<string>&lt;group&gt;</string>
		</dict>
		<key>873448E71CE7B1C5005A17AC</key>
		<dict>
			<key>children</key>
			<array>
				<string>873448F01CE7B235005A17AC</string>
				<string>873448EF1CE7B22E005A17AC</string>
				<string>873448EE1CE7B22A005A17AC</string>
				<string>873448ED1CE7B222005A17AC</string>
			</array>
			<key>isa</key>
			<string>PBXGroup</string>
			<key>name</key>
			<string>Model</string>
			<key>sourceTree</key>
			<string>&lt;group&gt;</string>
		</dict>
		<key>873448E81CE7B1CA005A17AC</key>
		<dict>
			<key>children</key>
			<array>
				<string>873448EB1CE7B1FD005A17AC</string>
				<string>873448EC1CE7B20A005A17AC</string>
			</array>
			<key>isa</key>
			<string>PBXGroup</string>
			<key>name</key>
			<string>Managers</string>
			<key>sourceTree</key>
			<string>&lt;group&gt;</string>
		</dict>
		<key>873448E91CE7B1CF005A17AC</key>
		<dict>
			<key>children</key>
			<array>
				<string>873448B41CE7AE0C005A17AC</string>
				<string>873448B61CE7AE0C005A17AC</string>
				<string>873448EA1CE7B1D9005A17AC</string>
			</array>
			<key>isa</key>
			<string>PBXGroup</string>
			<key>name</key>
			<string>Default</string>
			<key>sourceTree</key>
			<string>&lt;group&gt;</string>
		</dict>
		<key>873448EA1CE7B1D9005A17AC</key>
		<dict>
			<key>children</key>
			<array>
				<string>873448B81CE7AE0C005A17AC</string>
				<string>873448BE1CE7AE0C005A17AC</string>
				<string>873448C01CE7AE0C005A17AC</string>
				<string>873448C31CE7AE0C005A17AC</string>
				<string>873448BB1CE7AE0C005A17AC</string>
			</array>
			<key>isa</key>
			<string>PBXGroup</string>
			<key>name</key>
			<string>Other</string>
			<key>sourceTree</key>
			<string>&lt;group&gt;</string>
		</dict>
		<key>873448EB1CE7B1FD005A17AC</key>
		<dict>
			<key>children</key>
			<array>
				<string>872789BC1CE7B48E00D6CD06</string>
			</array>
			<key>isa</key>
			<string>PBXGroup</string>
			<key>name</key>
			<string>Shuttle Stop Manager</string>
			<key>sourceTree</key>
			<string>&lt;group&gt;</string>
		</dict>
		<key>873448EC1CE7B20A005A17AC</key>
		<dict>
			<key>children</key>
			<array>
				<string>872789BE1CE7B4A100D6CD06</string>
			</array>
			<key>isa</key>
			<string>PBXGroup</string>
			<key>name</key>
			<string>User Location Manager</string>
			<key>sourceTree</key>
			<string>&lt;group&gt;</string>
		</dict>
		<key>873448ED1CE7B222005A17AC</key>
		<dict>
			<key>children</key>
			<array>
				<string>873449071CE7B3FA005A17AC</string>
			</array>
			<key>isa</key>
			<string>PBXGroup</string>
			<key>name</key>
			<string>Smart Time</string>
			<key>sourceTree</key>
			<string>&lt;group&gt;</string>
		</dict>
		<key>873448EE1CE7B22A005A17AC</key>
		<dict>
			<key>children</key>
			<array>
				<string>873449051CE7B3C8005A17AC</string>
				<string>873448F11CE7B253005A17AC</string>
			</array>
			<key>isa</key>
			<string>PBXGroup</string>
			<key>name</key>
			<string>Schedule</string>
			<key>sourceTree</key>
			<string>&lt;group&gt;</string>
		</dict>
		<key>873448EF1CE7B22E005A17AC</key>
		<dict>
			<key>children</key>
			<array>
				<string>873449031CE7B37C005A17AC</string>
			</array>
			<key>isa</key>
			<string>PBXGroup</string>
			<key>name</key>
			<string>Itinerary</string>
			<key>sourceTree</key>
			<string>&lt;group&gt;</string>
		</dict>
		<key>873448F01CE7B235005A17AC</key>
		<dict>
			<key>children</key>
			<array>
				<string>873448FB1CE7B2E4005A17AC</string>
			</array>
			<key>isa</key>
			<string>PBXGroup</string>
			<key>name</key>
			<string>Shuttle Stop</string>
			<key>sourceTree</key>
			<string>&lt;group&gt;</string>
		</dict>
		<key>873448F11CE7B253005A17AC</key>
		<dict>
			<key>children</key>
			<array>
				<string>873448F21CE7B25A005A17AC</string>
			</array>
			<key>isa</key>
			<string>PBXGroup</string>
			<key>name</key>
			<string>Components</string>
			<key>sourceTree</key>
			<string>&lt;group&gt;</string>
		</dict>
		<key>873448F21CE7B25A005A17AC</key>
		<dict>
			<key>children</key>
			<array>
				<string>873449011CE7B33D005A17AC</string>
				<string>873448F31CE7B260005A17AC</string>
			</array>
			<key>isa</key>
			<string>PBXGroup</string>
			<key>name</key>
			<string>Scheduled Day</string>
			<key>sourceTree</key>
			<string>&lt;group&gt;</string>
		</dict>
		<key>873448F31CE7B260005A17AC</key>
		<dict>
			<key>children</key>
			<array>
				<string>873448F41CE7B265005A17AC</string>
			</array>
			<key>isa</key>
			<string>PBXGroup</string>
			<key>name</key>
			<string>Components</string>
			<key>sourceTree</key>
			<string>&lt;group&gt;</string>
		</dict>
		<key>873448F41CE7B265005A17AC</key>
		<dict>
			<key>children</key>
			<array>
				<string>873448FF1CE7B326005A17AC</string>
				<string>873448F51CE7B26B005A17AC</string>
			</array>
			<key>isa</key>
			<string>PBXGroup</string>
			<key>name</key>
			<string>Scheduled Run</string>
			<key>sourceTree</key>
			<string>&lt;group&gt;</string>
		</dict>
		<key>873448F51CE7B26B005A17AC</key>
		<dict>
			<key>children</key>
			<array>
				<string>873448F61CE7B270005A17AC</string>
			</array>
			<key>isa</key>
			<string>PBXGroup</string>
			<key>name</key>
			<string>Components</string>
			<key>sourceTree</key>
			<string>&lt;group&gt;</string>
		</dict>
		<key>873448F61CE7B270005A17AC</key>
		<dict>
			<key>children</key>
			<array>
				<string>873448FD1CE7B301005A17AC</string>
				<string>873448F71CE7B275005A17AC</string>
			</array>
			<key>isa</key>
			<string>PBXGroup</string>
			<key>name</key>
			<string>Scheduled Stop</string>
			<key>sourceTree</key>
			<string>&lt;group&gt;</string>
		</dict>
		<key>873448F71CE7B275005A17AC</key>
		<dict>
			<key>children</key>
			<array>
				<string>873448F81CE7B27A005A17AC</string>
			</array>
			<key>isa</key>
			<string>PBXGroup</string>
			<key>name</key>
			<string>Components</string>
			<key>sourceTree</key>
			<string>&lt;group&gt;</string>
		</dict>
		<key>873448F81CE7B27A005A17AC</key>
		<dict>
			<key>children</key>
			<array>
				<string>873448F91CE7B2AC005A17AC</string>
			</array>
			<key>isa</key>
			<string>PBXGroup</string>
			<key>name</key>
			<string>Scheduled Time</string>
			<key>sourceTree</key>
			<string>&lt;group&gt;</string>
		</dict>
		<key>873448F91CE7B2AC005A17AC</key>
		<dict>
			<key>fileEncoding</key>
			<string>4</string>
			<key>isa</key>
			<string>PBXFileReference</string>
			<key>lastKnownFileType</key>
			<string>sourcecode.swift</string>
			<key>path</key>
			<string>ScheduledTime.swift</string>
			<key>sourceTree</key>
			<string>&lt;group&gt;</string>
		</dict>
		<key>873448FA1CE7B2AC005A17AC</key>
		<dict>
			<key>fileRef</key>
			<string>873448F91CE7B2AC005A17AC</string>
			<key>isa</key>
			<string>PBXBuildFile</string>
		</dict>
		<key>873448FB1CE7B2E4005A17AC</key>
		<dict>
			<key>fileEncoding</key>
			<string>4</string>
			<key>isa</key>
			<string>PBXFileReference</string>
			<key>lastKnownFileType</key>
			<string>sourcecode.swift</string>
			<key>path</key>
			<string>ShuttleStop.swift</string>
			<key>sourceTree</key>
			<string>&lt;group&gt;</string>
		</dict>
		<key>873448FC1CE7B2E4005A17AC</key>
		<dict>
			<key>fileRef</key>
			<string>873448FB1CE7B2E4005A17AC</string>
			<key>isa</key>
			<string>PBXBuildFile</string>
		</dict>
		<key>873448FD1CE7B301005A17AC</key>
		<dict>
			<key>fileEncoding</key>
			<string>4</string>
			<key>isa</key>
			<string>PBXFileReference</string>
			<key>lastKnownFileType</key>
			<string>sourcecode.swift</string>
			<key>path</key>
			<string>ScheduledStop.swift</string>
			<key>sourceTree</key>
			<string>&lt;group&gt;</string>
		</dict>
		<key>873448FE1CE7B301005A17AC</key>
		<dict>
			<key>fileRef</key>
			<string>873448FD1CE7B301005A17AC</string>
			<key>isa</key>
			<string>PBXBuildFile</string>
		</dict>
		<key>873448FF1CE7B326005A17AC</key>
		<dict>
			<key>fileEncoding</key>
			<string>4</string>
			<key>isa</key>
			<string>PBXFileReference</string>
			<key>lastKnownFileType</key>
			<string>sourcecode.swift</string>
			<key>path</key>
			<string>ScheduledRun.swift</string>
			<key>sourceTree</key>
			<string>&lt;group&gt;</string>
		</dict>
		<key>873449001CE7B326005A17AC</key>
		<dict>
			<key>fileRef</key>
			<string>873448FF1CE7B326005A17AC</string>
			<key>isa</key>
			<string>PBXBuildFile</string>
		</dict>
		<key>873449011CE7B33D005A17AC</key>
		<dict>
			<key>fileEncoding</key>
			<string>4</string>
			<key>isa</key>
			<string>PBXFileReference</string>
			<key>lastKnownFileType</key>
			<string>sourcecode.swift</string>
			<key>path</key>
			<string>ScheduledDay.swift</string>
			<key>sourceTree</key>
			<string>&lt;group&gt;</string>
		</dict>
		<key>873449021CE7B33D005A17AC</key>
		<dict>
			<key>fileRef</key>
			<string>873449011CE7B33D005A17AC</string>
			<key>isa</key>
			<string>PBXBuildFile</string>
		</dict>
		<key>873449031CE7B37C005A17AC</key>
		<dict>
			<key>fileEncoding</key>
			<string>4</string>
			<key>isa</key>
			<string>PBXFileReference</string>
			<key>lastKnownFileType</key>
			<string>sourcecode.swift</string>
			<key>path</key>
			<string>Itinerary.swift</string>
			<key>sourceTree</key>
			<string>&lt;group&gt;</string>
		</dict>
		<key>873449041CE7B37C005A17AC</key>
		<dict>
			<key>fileRef</key>
			<string>873449031CE7B37C005A17AC</string>
			<key>isa</key>
			<string>PBXBuildFile</string>
		</dict>
		<key>873449051CE7B3C8005A17AC</key>
		<dict>
			<key>fileEncoding</key>
			<string>4</string>
			<key>isa</key>
			<string>PBXFileReference</string>
			<key>lastKnownFileType</key>
			<string>sourcecode.swift</string>
			<key>path</key>
			<string>Schedule.swift</string>
			<key>sourceTree</key>
			<string>&lt;group&gt;</string>
		</dict>
		<key>873449061CE7B3C8005A17AC</key>
		<dict>
			<key>fileRef</key>
			<string>873449051CE7B3C8005A17AC</string>
			<key>isa</key>
			<string>PBXBuildFile</string>
		</dict>
		<key>873449071CE7B3FA005A17AC</key>
		<dict>
			<key>fileEncoding</key>
			<string>4</string>
			<key>isa</key>
			<string>PBXFileReference</string>
			<key>lastKnownFileType</key>
			<string>sourcecode.swift</string>
			<key>path</key>
			<string>SmartTime.swift</string>
			<key>sourceTree</key>
			<string>&lt;group&gt;</string>
		</dict>
		<key>873449081CE7B3FA005A17AC</key>
		<dict>
			<key>fileRef</key>
			<string>873449071CE7B3FA005A17AC</string>
			<key>isa</key>
			<string>PBXBuildFile</string>
		</dict>
		<key>87BE62970294ED9BA4F0534B</key>
		<dict>
			<key>includeInIndex</key>
			<string>1</string>
			<key>isa</key>
			<string>PBXFileReference</string>
			<key>lastKnownFileType</key>
			<string>text.xcconfig</string>
			<key>name</key>
			<string>Pods-Bard TransportUITests.debug.xcconfig</string>
			<key>path</key>
			<string>Pods/Target Support Files/Pods-Bard TransportUITests/Pods-Bard TransportUITests.debug.xcconfig</string>
			<key>sourceTree</key>
			<string>&lt;group&gt;</string>
		</dict>
		<key>87ECF3DC1CE7B8140093C2AE</key>
		<dict>
			<key>fileEncoding</key>
			<string>4</string>
			<key>isa</key>
			<string>PBXFileReference</string>
			<key>lastKnownFileType</key>
			<string>sourcecode.swift</string>
			<key>path</key>
			<string>Sidebar.swift</string>
			<key>sourceTree</key>
			<string>&lt;group&gt;</string>
		</dict>
		<key>87ECF3DD1CE7B8140093C2AE</key>
		<dict>
			<key>fileRef</key>
			<string>87ECF3DC1CE7B8140093C2AE</string>
			<key>isa</key>
			<string>PBXBuildFile</string>
		</dict>
		<key>87ECF3DE1CE7B8420093C2AE</key>
		<dict>
			<key>children</key>
			<array>
				<string>87ECF3E21CE7B8DD0093C2AE</string>
				<string>87ECF3E11CE7B8D50093C2AE</string>
			</array>
			<key>isa</key>
			<string>PBXGroup</string>
			<key>name</key>
			<string>Components</string>
			<key>sourceTree</key>
			<string>&lt;group&gt;</string>
		</dict>
		<key>87ECF3DF1CE7B84B0093C2AE</key>
		<dict>
			<key>children</key>
			<array>
				<string>87ECF3E01CE7B8C90093C2AE</string>
			</array>
			<key>isa</key>
			<string>PBXGroup</string>
			<key>name</key>
			<string>Model</string>
			<key>sourceTree</key>
			<string>&lt;group&gt;</string>
		</dict>
		<key>87ECF3E01CE7B8C90093C2AE</key>
		<dict>
			<key>children</key>
			<array>
				<string>87ECF3E71CE7B91D0093C2AE</string>
			</array>
			<key>isa</key>
			<string>PBXGroup</string>
			<key>name</key>
			<string>Menu Item</string>
			<key>sourceTree</key>
			<string>&lt;group&gt;</string>
		</dict>
		<key>87ECF3E11CE7B8D50093C2AE</key>
		<dict>
			<key>children</key>
			<array>
				<string>87ECF3E31CE7B8F40093C2AE</string>
			</array>
			<key>isa</key>
			<string>PBXGroup</string>
			<key>name</key>
			<string>Table View Cell</string>
			<key>sourceTree</key>
			<string>&lt;group&gt;</string>
		</dict>
		<key>87ECF3E21CE7B8DD0093C2AE</key>
		<dict>
			<key>children</key>
			<array>
				<string>87ECF3E51CE7B9070093C2AE</string>
			</array>
			<key>isa</key>
			<string>PBXGroup</string>
			<key>name</key>
			<string>Header</string>
			<key>sourceTree</key>
			<string>&lt;group&gt;</string>
		</dict>
		<key>87ECF3E31CE7B8F40093C2AE</key>
		<dict>
			<key>fileEncoding</key>
			<string>4</string>
			<key>isa</key>
			<string>PBXFileReference</string>
			<key>lastKnownFileType</key>
			<string>sourcecode.swift</string>
			<key>path</key>
			<string>SidebarMenuTableViewCell.swift</string>
			<key>sourceTree</key>
			<string>&lt;group&gt;</string>
		</dict>
		<key>87ECF3E41CE7B8F40093C2AE</key>
		<dict>
			<key>fileRef</key>
			<string>87ECF3E31CE7B8F40093C2AE</string>
			<key>isa</key>
			<string>PBXBuildFile</string>
		</dict>
		<key>87ECF3E51CE7B9070093C2AE</key>
		<dict>
			<key>fileEncoding</key>
			<string>4</string>
			<key>isa</key>
			<string>PBXFileReference</string>
			<key>lastKnownFileType</key>
			<string>sourcecode.swift</string>
			<key>path</key>
			<string>SidebarMenuHeader.swift</string>
			<key>sourceTree</key>
			<string>&lt;group&gt;</string>
		</dict>
		<key>87ECF3E61CE7B9070093C2AE</key>
		<dict>
			<key>fileRef</key>
			<string>87ECF3E51CE7B9070093C2AE</string>
			<key>isa</key>
			<string>PBXBuildFile</string>
		</dict>
		<key>87ECF3E71CE7B91D0093C2AE</key>
		<dict>
			<key>fileEncoding</key>
			<string>4</string>
			<key>isa</key>
			<string>PBXFileReference</string>
			<key>lastKnownFileType</key>
			<string>sourcecode.swift</string>
			<key>path</key>
			<string>SidebarMenuItem.swift</string>
			<key>sourceTree</key>
			<string>&lt;group&gt;</string>
		</dict>
		<key>87ECF3E81CE7B91D0093C2AE</key>
		<dict>
			<key>fileRef</key>
			<string>87ECF3E71CE7B91D0093C2AE</string>
			<key>isa</key>
			<string>PBXBuildFile</string>
		</dict>
		<key>87ECF3E91CE7B9350093C2AE</key>
		<dict>
			<key>fileEncoding</key>
			<string>4</string>
			<key>isa</key>
			<string>PBXFileReference</string>
			<key>lastKnownFileType</key>
			<string>sourcecode.swift</string>
			<key>path</key>
			<string>SidebarMenu.swift</string>
			<key>sourceTree</key>
			<string>&lt;group&gt;</string>
		</dict>
		<key>87ECF3EA1CE7B9350093C2AE</key>
		<dict>
			<key>fileRef</key>
			<string>87ECF3E91CE7B9350093C2AE</string>
			<key>isa</key>
			<string>PBXBuildFile</string>
		</dict>
		<key>87ECF3EB1CE7B9810093C2AE</key>
		<dict>
			<key>fileEncoding</key>
			<string>4</string>
			<key>isa</key>
			<string>PBXFileReference</string>
			<key>lastKnownFileType</key>
			<string>sourcecode.swift</string>
			<key>path</key>
			<string>Map.swift</string>
			<key>sourceTree</key>
			<string>&lt;group&gt;</string>
		</dict>
		<key>87ECF3EC1CE7B9810093C2AE</key>
		<dict>
			<key>fileRef</key>
			<string>87ECF3EB1CE7B9810093C2AE</string>
			<key>isa</key>
			<string>PBXBuildFile</string>
		</dict>
		<key>87ECF3EF1CE7B9B70093C2AE</key>
		<dict>
			<key>children</key>
			<array>
				<string>87ECF3FB1CE7BA700093C2AE</string>
			</array>
			<key>isa</key>
			<string>PBXGroup</string>
			<key>name</key>
			<string>Table View Cell</string>
			<key>sourceTree</key>
			<string>&lt;group&gt;</string>
		</dict>
		<key>87ECF3F01CE7B9C90093C2AE</key>
		<dict>
			<key>children</key>
			<array>
				<string>87ECF3FD1CE7BA980093C2AE</string>
			</array>
			<key>isa</key>
			<string>PBXGroup</string>
			<key>name</key>
			<string>Table View Section Header</string>
			<key>sourceTree</key>
			<string>&lt;group&gt;</string>
		</dict>
		<key>87ECF3F11CE7B9ED0093C2AE</key>
		<dict>
			<key>children</key>
			<array>
				<string>87ECF3F01CE7B9C90093C2AE</string>
				<string>87ECF3EF1CE7B9B70093C2AE</string>
			</array>
			<key>isa</key>
			<string>PBXGroup</string>
			<key>name</key>
			<string>Components</string>
			<key>sourceTree</key>
			<string>&lt;group&gt;</string>
		</dict>
		<key>87ECF3F21CE7B9F80093C2AE</key>
		<dict>
			<key>children</key>
			<array>
				<string>87ECF3FF1CE7BAC40093C2AE</string>
				<string>87ECF3F11CE7B9ED0093C2AE</string>
			</array>
			<key>isa</key>
			<string>PBXGroup</string>
			<key>name</key>
			<string>Body</string>
			<key>sourceTree</key>
			<string>&lt;group&gt;</string>
		</dict>
		<key>87ECF3F31CE7B9FD0093C2AE</key>
		<dict>
			<key>children</key>
			<array>
				<string>87ECF3F41CE7BA0D0093C2AE</string>
				<string>87ECF3F21CE7B9F80093C2AE</string>
			</array>
			<key>isa</key>
			<string>PBXGroup</string>
			<key>name</key>
			<string>Components</string>
			<key>sourceTree</key>
			<string>&lt;group&gt;</string>
		</dict>
		<key>87ECF3F41CE7BA0D0093C2AE</key>
		<dict>
			<key>children</key>
			<array>
				<string>87ECF4011CE7BAE50093C2AE</string>
			</array>
			<key>isa</key>
			<string>PBXGroup</string>
			<key>name</key>
			<string>Header</string>
			<key>sourceTree</key>
			<string>&lt;group&gt;</string>
		</dict>
		<key>87ECF3F51CE7BA1F0093C2AE</key>
		<dict>
			<key>children</key>
			<array>
				<string>87ECF4031CE7BAFC0093C2AE</string>
				<string>87ECF3F31CE7B9FD0093C2AE</string>
			</array>
			<key>isa</key>
			<string>PBXGroup</string>
			<key>name</key>
			<string>Schedule Sheet</string>
			<key>sourceTree</key>
			<string>&lt;group&gt;</string>
		</dict>
		<key>87ECF3F61CE7BA290093C2AE</key>
		<dict>
			<key>children</key>
			<array>
				<string>87ECF3FA1CE7BA500093C2AE</string>
				<string>87ECF3F71CE7BA330093C2AE</string>
				<string>87ECF3F51CE7BA1F0093C2AE</string>
			</array>
			<key>isa</key>
			<string>PBXGroup</string>
			<key>name</key>
			<string>Components</string>
			<key>sourceTree</key>
			<string>&lt;group&gt;</string>
		</dict>
		<key>87ECF3F71CE7BA330093C2AE</key>
		<dict>
			<key>children</key>
			<array>
				<string>87ECF4051CE7BB180093C2AE</string>
			</array>
			<key>isa</key>
			<string>PBXGroup</string>
			<key>name</key>
			<string>Help Screen</string>
			<key>sourceTree</key>
			<string>&lt;group&gt;</string>
		</dict>
		<key>87ECF3F81CE7BA390093C2AE</key>
		<dict>
			<key>children</key>
			<array>
				<string>87ECF4071CE7BB370093C2AE</string>
			</array>
			<key>isa</key>
			<string>PBXGroup</string>
			<key>name</key>
			<string>Shuttle Stop View</string>
			<key>sourceTree</key>
			<string>&lt;group&gt;</string>
		</dict>
		<key>87ECF3F91CE7BA490093C2AE</key>
		<dict>
			<key>children</key>
			<array>
				<string>87ECF3F81CE7BA390093C2AE</string>
			</array>
			<key>isa</key>
			<string>PBXGroup</string>
			<key>name</key>
			<string>Components</string>
			<key>sourceTree</key>
			<string>&lt;group&gt;</string>
		</dict>
		<key>87ECF3FA1CE7BA500093C2AE</key>
		<dict>
			<key>children</key>
			<array>
				<string>87ECF4091CE7BB4D0093C2AE</string>
				<string>87ECF3F91CE7BA490093C2AE</string>
			</array>
			<key>isa</key>
			<string>PBXGroup</string>
			<key>name</key>
			<string>Shuttle Stop Stack</string>
			<key>sourceTree</key>
			<string>&lt;group&gt;</string>
		</dict>
		<key>87ECF3FB1CE7BA700093C2AE</key>
		<dict>
			<key>fileEncoding</key>
			<string>4</string>
			<key>isa</key>
			<string>PBXFileReference</string>
			<key>lastKnownFileType</key>
			<string>sourcecode.swift</string>
			<key>path</key>
			<string>ScheduledTimeTableViewCell.swift</string>
			<key>sourceTree</key>
			<string>&lt;group&gt;</string>
		</dict>
		<key>87ECF3FC1CE7BA700093C2AE</key>
		<dict>
			<key>fileRef</key>
			<string>87ECF3FB1CE7BA700093C2AE</string>
			<key>isa</key>
			<string>PBXBuildFile</string>
		</dict>
		<key>87ECF3FD1CE7BA980093C2AE</key>
		<dict>
			<key>fileEncoding</key>
			<string>4</string>
			<key>isa</key>
			<string>PBXFileReference</string>
			<key>lastKnownFileType</key>
			<string>sourcecode.swift</string>
			<key>path</key>
			<string>ScheduledSheetTableViewSectionHeader.swift</string>
			<key>sourceTree</key>
			<string>&lt;group&gt;</string>
		</dict>
		<key>87ECF3FE1CE7BA980093C2AE</key>
		<dict>
			<key>fileRef</key>
			<string>87ECF3FD1CE7BA980093C2AE</string>
			<key>isa</key>
			<string>PBXBuildFile</string>
		</dict>
		<key>87ECF3FF1CE7BAC40093C2AE</key>
		<dict>
			<key>fileEncoding</key>
			<string>4</string>
			<key>isa</key>
			<string>PBXFileReference</string>
			<key>lastKnownFileType</key>
			<string>sourcecode.swift</string>
			<key>path</key>
			<string>ScheduleSheetBody.swift</string>
			<key>sourceTree</key>
			<string>&lt;group&gt;</string>
		</dict>
		<key>87ECF4001CE7BAC40093C2AE</key>
		<dict>
			<key>fileRef</key>
			<string>87ECF3FF1CE7BAC40093C2AE</string>
			<key>isa</key>
			<string>PBXBuildFile</string>
		</dict>
		<key>87ECF4011CE7BAE50093C2AE</key>
		<dict>
			<key>fileEncoding</key>
			<string>4</string>
			<key>isa</key>
			<string>PBXFileReference</string>
			<key>lastKnownFileType</key>
			<string>sourcecode.swift</string>
			<key>path</key>
			<string>ScheduleSheetHeader.swift</string>
			<key>sourceTree</key>
			<string>&lt;group&gt;</string>
		</dict>
		<key>87ECF4021CE7BAE50093C2AE</key>
		<dict>
			<key>fileRef</key>
			<string>87ECF4011CE7BAE50093C2AE</string>
			<key>isa</key>
			<string>PBXBuildFile</string>
		</dict>
		<key>87ECF4031CE7BAFC0093C2AE</key>
		<dict>
			<key>fileEncoding</key>
			<string>4</string>
			<key>isa</key>
			<string>PBXFileReference</string>
			<key>lastKnownFileType</key>
			<string>sourcecode.swift</string>
			<key>path</key>
			<string>ScheduleSheet.swift</string>
			<key>sourceTree</key>
			<string>&lt;group&gt;</string>
		</dict>
		<key>87ECF4041CE7BAFC0093C2AE</key>
		<dict>
			<key>fileRef</key>
			<string>87ECF4031CE7BAFC0093C2AE</string>
			<key>isa</key>
			<string>PBXBuildFile</string>
		</dict>
		<key>87ECF4051CE7BB180093C2AE</key>
		<dict>
			<key>fileEncoding</key>
			<string>4</string>
			<key>isa</key>
			<string>PBXFileReference</string>
			<key>lastKnownFileType</key>
			<string>sourcecode.swift</string>
			<key>path</key>
			<string>ScheduleSelectorHelpScreen.swift</string>
			<key>sourceTree</key>
			<string>&lt;group&gt;</string>
		</dict>
		<key>87ECF4061CE7BB180093C2AE</key>
		<dict>
			<key>fileRef</key>
			<string>87ECF4051CE7BB180093C2AE</string>
			<key>isa</key>
			<string>PBXBuildFile</string>
		</dict>
		<key>87ECF4071CE7BB370093C2AE</key>
		<dict>
			<key>fileEncoding</key>
			<string>4</string>
			<key>isa</key>
			<string>PBXFileReference</string>
			<key>lastKnownFileType</key>
			<string>sourcecode.swift</string>
			<key>path</key>
			<string>ShuttleStopView.swift</string>
			<key>sourceTree</key>
			<string>&lt;group&gt;</string>
		</dict>
		<key>87ECF4081CE7BB370093C2AE</key>
		<dict>
			<key>fileRef</key>
			<string>87ECF4071CE7BB370093C2AE</string>
			<key>isa</key>
			<string>PBXBuildFile</string>
		</dict>
		<key>87ECF4091CE7BB4D0093C2AE</key>
		<dict>
			<key>fileEncoding</key>
			<string>4</string>
			<key>isa</key>
			<string>PBXFileReference</string>
			<key>lastKnownFileType</key>
			<string>sourcecode.swift</string>
			<key>path</key>
			<string>ShuttleStopStack.swift</string>
			<key>sourceTree</key>
			<string>&lt;group&gt;</string>
		</dict>
		<key>87ECF40A1CE7BB4D0093C2AE</key>
		<dict>
			<key>fileRef</key>
			<string>87ECF4091CE7BB4D0093C2AE</string>
			<key>isa</key>
			<string>PBXBuildFile</string>
		</dict>
		<key>87ECF40B1CE7BB680093C2AE</key>
		<dict>
			<key>fileEncoding</key>
			<string>4</string>
			<key>isa</key>
			<string>PBXFileReference</string>
			<key>lastKnownFileType</key>
			<string>sourcecode.swift</string>
			<key>path</key>
			<string>ScheduleSelector.swift</string>
			<key>sourceTree</key>
			<string>&lt;group&gt;</string>
		</dict>
		<key>87ECF40C1CE7BB680093C2AE</key>
		<dict>
			<key>fileRef</key>
			<string>87ECF40B1CE7BB680093C2AE</string>
			<key>isa</key>
			<string>PBXBuildFile</string>
		</dict>
		<key>87ECF40D1CE7BBA00093C2AE</key>
		<dict>
			<key>fileEncoding</key>
			<string>4</string>
			<key>isa</key>
			<string>PBXFileReference</string>
			<key>lastKnownFileType</key>
			<string>sourcecode.swift</string>
			<key>path</key>
			<string>MainSector.swift</string>
			<key>sourceTree</key>
			<string>&lt;group&gt;</string>
		</dict>
		<key>87ECF40E1CE7BBA00093C2AE</key>
		<dict>
			<key>fileRef</key>
			<string>87ECF40D1CE7BBA00093C2AE</string>
			<key>isa</key>
			<string>PBXBuildFile</string>
		</dict>
		<key>87ECF40F1CE7BBBC0093C2AE</key>
		<dict>
			<key>fileEncoding</key>
			<string>4</string>
			<key>isa</key>
			<string>PBXFileReference</string>
			<key>lastKnownFileType</key>
			<string>sourcecode.swift</string>
			<key>path</key>
			<string>ApplicationSwift.swift</string>
			<key>sourceTree</key>
			<string>&lt;group&gt;</string>
		</dict>
		<key>87ECF4101CE7BBBC0093C2AE</key>
		<dict>
			<key>fileRef</key>
			<string>87ECF40F1CE7BBBC0093C2AE</string>
			<key>isa</key>
			<string>PBXBuildFile</string>
		</dict>
		<key>87ECF4111CE7BBE10093C2AE</key>
		<dict>
			<key>children</key>
			<array>
				<string>87ECF4121CE7BBE80093C2AE</string>
				<string>87ECF43C1CE7BC310093C2AE</string>
				<string>87ECF4291CE7BC220093C2AE</string>
				<string>87ECF4221CE7BC110093C2AE</string>
				<string>87ECF4151CE7BBFF0093C2AE</string>
			</array>
			<key>isa</key>
			<string>PBXGroup</string>
			<key>name</key>
			<string>Images</string>
			<key>sourceTree</key>
			<string>&lt;group&gt;</string>
		</dict>
		<key>87ECF4121CE7BBE80093C2AE</key>
		<dict>
			<key>children</key>
			<array>
				<string>87ECF4131CE7BBF10093C2AE</string>
			</array>
			<key>isa</key>
			<string>PBXGroup</string>
			<key>name</key>
			<string>Main Background</string>
			<key>sourceTree</key>
			<string>&lt;group&gt;</string>
		</dict>
		<key>87ECF4131CE7BBF10093C2AE</key>
		<dict>
			<key>isa</key>
			<string>PBXFileReference</string>
			<key>lastKnownFileType</key>
			<string>image.jpeg</string>
			<key>path</key>
			<string>Main Background-4 Inch.JPG</string>
			<key>sourceTree</key>
			<string>&lt;group&gt;</string>
		</dict>
		<key>87ECF4141CE7BBF10093C2AE</key>
		<dict>
			<key>fileRef</key>
			<string>87ECF4131CE7BBF10093C2AE</string>
			<key>isa</key>
			<string>PBXBuildFile</string>
		</dict>
		<key>87ECF4151CE7BBFF0093C2AE</key>
		<dict>
			<key>children</key>
			<array>
				<string>87ECF4161CE7BC0D0093C2AE</string>
				<string>87ECF4171CE7BC0D0093C2AE</string>
				<string>87ECF4181CE7BC0D0093C2AE</string>
				<string>87ECF4191CE7BC0D0093C2AE</string>
				<string>87ECF41A1CE7BC0D0093C2AE</string>
				<string>87ECF41B1CE7BC0D0093C2AE</string>
			</array>
			<key>isa</key>
			<string>PBXGroup</string>
			<key>name</key>
			<string>Fancy Flags</string>
			<key>sourceTree</key>
			<string>&lt;group&gt;</string>
		</dict>
		<key>87ECF4161CE7BC0D0093C2AE</key>
		<dict>
			<key>isa</key>
			<string>PBXFileReference</string>
			<key>lastKnownFileType</key>
			<string>image.png</string>
			<key>path</key>
			<string>Hannaford Fancy Flag.png</string>
			<key>sourceTree</key>
			<string>&lt;group&gt;</string>
		</dict>
		<key>87ECF4171CE7BC0D0093C2AE</key>
		<dict>
			<key>isa</key>
			<string>PBXFileReference</string>
			<key>lastKnownFileType</key>
			<string>image.png</string>
			<key>path</key>
			<string>Kline Fancy Flag.png</string>
			<key>sourceTree</key>
			<string>&lt;group&gt;</string>
		</dict>
		<key>87ECF4181CE7BC0D0093C2AE</key>
		<dict>
			<key>isa</key>
			<string>PBXFileReference</string>
			<key>lastKnownFileType</key>
			<string>image.png</string>
			<key>path</key>
			<string>Red Hook Fancy Flag.png</string>
			<key>sourceTree</key>
			<string>&lt;group&gt;</string>
		</dict>
		<key>87ECF4191CE7BC0D0093C2AE</key>
		<dict>
			<key>isa</key>
			<string>PBXFileReference</string>
			<key>lastKnownFileType</key>
			<string>image.png</string>
			<key>path</key>
			<string>Robbins Fancy Flag.png</string>
			<key>sourceTree</key>
			<string>&lt;group&gt;</string>
		</dict>
		<key>87ECF41A1CE7BC0D0093C2AE</key>
		<dict>
			<key>isa</key>
			<string>PBXFileReference</string>
			<key>lastKnownFileType</key>
			<string>image.png</string>
			<key>path</key>
			<string>Tivoli Fancy Flag.png</string>
			<key>sourceTree</key>
			<string>&lt;group&gt;</string>
		</dict>
		<key>87ECF41B1CE7BC0D0093C2AE</key>
		<dict>
			<key>isa</key>
			<string>PBXFileReference</string>
			<key>lastKnownFileType</key>
			<string>image.png</string>
			<key>path</key>
			<string>Triangle Fancy Flag.png</string>
			<key>sourceTree</key>
			<string>&lt;group&gt;</string>
		</dict>
		<key>87ECF41C1CE7BC0D0093C2AE</key>
		<dict>
			<key>fileRef</key>
			<string>87ECF4161CE7BC0D0093C2AE</string>
			<key>isa</key>
			<string>PBXBuildFile</string>
		</dict>
		<key>87ECF41D1CE7BC0D0093C2AE</key>
		<dict>
			<key>fileRef</key>
			<string>87ECF4171CE7BC0D0093C2AE</string>
			<key>isa</key>
			<string>PBXBuildFile</string>
		</dict>
		<key>87ECF41E1CE7BC0D0093C2AE</key>
		<dict>
			<key>fileRef</key>
			<string>87ECF4181CE7BC0D0093C2AE</string>
			<key>isa</key>
			<string>PBXBuildFile</string>
		</dict>
		<key>87ECF41F1CE7BC0D0093C2AE</key>
		<dict>
			<key>fileRef</key>
			<string>87ECF4191CE7BC0D0093C2AE</string>
			<key>isa</key>
			<string>PBXBuildFile</string>
		</dict>
		<key>87ECF4201CE7BC0D0093C2AE</key>
		<dict>
			<key>fileRef</key>
			<string>87ECF41A1CE7BC0D0093C2AE</string>
			<key>isa</key>
			<string>PBXBuildFile</string>
		</dict>
		<key>87ECF4211CE7BC0D0093C2AE</key>
		<dict>
			<key>fileRef</key>
			<string>87ECF41B1CE7BC0D0093C2AE</string>
			<key>isa</key>
			<string>PBXBuildFile</string>
		</dict>
		<key>87ECF4221CE7BC110093C2AE</key>
		<dict>
			<key>children</key>
			<array>
				<string>87ECF4231CE7BC1C0093C2AE</string>
				<string>87ECF4241CE7BC1C0093C2AE</string>
				<string>87ECF4251CE7BC1C0093C2AE</string>
			</array>
			<key>isa</key>
			<string>PBXGroup</string>
			<key>name</key>
			<string>General</string>
			<key>sourceTree</key>
			<string>&lt;group&gt;</string>
		</dict>
		<key>87ECF4231CE7BC1C0093C2AE</key>
		<dict>
			<key>isa</key>
			<string>PBXFileReference</string>
			<key>lastKnownFileType</key>
			<string>image.png</string>
			<key>path</key>
			<string>shuttleStopSquareRegularSmaller.png</string>
			<key>sourceTree</key>
			<string>&lt;group&gt;</string>
		</dict>
		<key>87ECF4241CE7BC1C0093C2AE</key>
		<dict>
			<key>isa</key>
			<string>PBXFileReference</string>
			<key>lastKnownFileType</key>
			<string>image.png</string>
			<key>path</key>
			<string>botsteincolorheadbowtie100x100.png</string>
			<key>sourceTree</key>
			<string>&lt;group&gt;</string>
		</dict>
		<key>87ECF4251CE7BC1C0093C2AE</key>
		<dict>
			<key>isa</key>
			<string>PBXFileReference</string>
			<key>lastKnownFileType</key>
			<string>image.png</string>
			<key>path</key>
			<string>Road.png</string>
			<key>sourceTree</key>
			<string>&lt;group&gt;</string>
		</dict>
		<key>87ECF4261CE7BC1C0093C2AE</key>
		<dict>
			<key>fileRef</key>
			<string>87ECF4231CE7BC1C0093C2AE</string>
			<key>isa</key>
			<string>PBXBuildFile</string>
		</dict>
		<key>87ECF4271CE7BC1C0093C2AE</key>
		<dict>
			<key>fileRef</key>
			<string>87ECF4241CE7BC1C0093C2AE</string>
			<key>isa</key>
			<string>PBXBuildFile</string>
		</dict>
		<key>87ECF4281CE7BC1C0093C2AE</key>
		<dict>
			<key>fileRef</key>
			<string>87ECF4251CE7BC1C0093C2AE</string>
			<key>isa</key>
			<string>PBXBuildFile</string>
		</dict>
		<key>87ECF4291CE7BC220093C2AE</key>
		<dict>
			<key>children</key>
			<array>
				<string>87ECF42A1CE7BC2D0093C2AE</string>
				<string>87ECF42B1CE7BC2D0093C2AE</string>
				<string>87ECF42C1CE7BC2D0093C2AE</string>
				<string>87ECF42D1CE7BC2D0093C2AE</string>
				<string>87ECF42E1CE7BC2D0093C2AE</string>
				<string>87ECF42F1CE7BC2D0093C2AE</string>
				<string>87ECF4301CE7BC2D0093C2AE</string>
				<string>87ECF4311CE7BC2D0093C2AE</string>
				<string>87ECF4321CE7BC2D0093C2AE</string>
			</array>
			<key>isa</key>
			<string>PBXGroup</string>
			<key>name</key>
			<string>Buttons</string>
			<key>sourceTree</key>
			<string>&lt;group&gt;</string>
		</dict>
		<key>87ECF42A1CE7BC2D0093C2AE</key>
		<dict>
			<key>isa</key>
			<string>PBXFileReference</string>
			<key>lastKnownFileType</key>
			<string>image.png</string>
			<key>path</key>
			<string>Clock Icon.png</string>
			<key>sourceTree</key>
			<string>&lt;group&gt;</string>
		</dict>
		<key>87ECF42B1CE7BC2D0093C2AE</key>
		<dict>
			<key>isa</key>
			<string>PBXFileReference</string>
			<key>lastKnownFileType</key>
			<string>image.png</string>
			<key>path</key>
			<string>Help Button.png</string>
			<key>sourceTree</key>
			<string>&lt;group&gt;</string>
		</dict>
		<key>87ECF42C1CE7BC2D0093C2AE</key>
		<dict>
			<key>isa</key>
			<string>PBXFileReference</string>
			<key>lastKnownFileType</key>
			<string>image.png</string>
			<key>path</key>
			<string>Map Button 2D.png</string>
			<key>sourceTree</key>
			<string>&lt;group&gt;</string>
		</dict>
		<key>87ECF42D1CE7BC2D0093C2AE</key>
		<dict>
			<key>isa</key>
			<string>PBXFileReference</string>
			<key>lastKnownFileType</key>
			<string>image.png</string>
			<key>path</key>
			<string>Map Button.png</string>
			<key>sourceTree</key>
			<string>&lt;group&gt;</string>
		</dict>
		<key>87ECF42E1CE7BC2D0093C2AE</key>
		<dict>
			<key>isa</key>
			<string>PBXFileReference</string>
			<key>lastKnownFileType</key>
			<string>image.png</string>
			<key>path</key>
			<string>Minus Button.png</string>
			<key>sourceTree</key>
			<string>&lt;group&gt;</string>
		</dict>
		<key>87ECF42F1CE7BC2D0093C2AE</key>
		<dict>
			<key>isa</key>
			<string>PBXFileReference</string>
			<key>lastKnownFileType</key>
			<string>image.png</string>
			<key>path</key>
			<string>Plus Button.png</string>
			<key>sourceTree</key>
			<string>&lt;group&gt;</string>
		</dict>
		<key>87ECF4301CE7BC2D0093C2AE</key>
		<dict>
			<key>isa</key>
			<string>PBXFileReference</string>
			<key>lastKnownFileType</key>
			<string>image.png</string>
			<key>path</key>
			<string>Sidebar Button.png</string>
			<key>sourceTree</key>
			<string>&lt;group&gt;</string>
		</dict>
		<key>87ECF4311CE7BC2D0093C2AE</key>
		<dict>
			<key>isa</key>
			<string>PBXFileReference</string>
			<key>lastKnownFileType</key>
			<string>image.png</string>
			<key>path</key>
			<string>X Button Pressed.png</string>
			<key>sourceTree</key>
			<string>&lt;group&gt;</string>
		</dict>
		<key>87ECF4321CE7BC2D0093C2AE</key>
		<dict>
			<key>isa</key>
			<string>PBXFileReference</string>
			<key>lastKnownFileType</key>
			<string>image.png</string>
			<key>path</key>
			<string>X Button.png</string>
			<key>sourceTree</key>
			<string>&lt;group&gt;</string>
		</dict>
		<key>87ECF4331CE7BC2D0093C2AE</key>
		<dict>
			<key>fileRef</key>
			<string>87ECF42A1CE7BC2D0093C2AE</string>
			<key>isa</key>
			<string>PBXBuildFile</string>
		</dict>
		<key>87ECF4341CE7BC2D0093C2AE</key>
		<dict>
			<key>fileRef</key>
			<string>87ECF42B1CE7BC2D0093C2AE</string>
			<key>isa</key>
			<string>PBXBuildFile</string>
		</dict>
		<key>87ECF4351CE7BC2D0093C2AE</key>
		<dict>
			<key>fileRef</key>
			<string>87ECF42C1CE7BC2D0093C2AE</string>
			<key>isa</key>
			<string>PBXBuildFile</string>
		</dict>
		<key>87ECF4361CE7BC2D0093C2AE</key>
		<dict>
			<key>fileRef</key>
			<string>87ECF42D1CE7BC2D0093C2AE</string>
			<key>isa</key>
			<string>PBXBuildFile</string>
		</dict>
		<key>87ECF4371CE7BC2D0093C2AE</key>
		<dict>
			<key>fileRef</key>
			<string>87ECF42E1CE7BC2D0093C2AE</string>
			<key>isa</key>
			<string>PBXBuildFile</string>
		</dict>
		<key>87ECF4381CE7BC2D0093C2AE</key>
		<dict>
			<key>fileRef</key>
			<string>87ECF42F1CE7BC2D0093C2AE</string>
			<key>isa</key>
			<string>PBXBuildFile</string>
		</dict>
		<key>87ECF4391CE7BC2D0093C2AE</key>
		<dict>
			<key>fileRef</key>
			<string>87ECF4301CE7BC2D0093C2AE</string>
			<key>isa</key>
			<string>PBXBuildFile</string>
		</dict>
		<key>87ECF43A1CE7BC2D0093C2AE</key>
		<dict>
			<key>fileRef</key>
			<string>87ECF4311CE7BC2D0093C2AE</string>
			<key>isa</key>
			<string>PBXBuildFile</string>
		</dict>
		<key>87ECF43B1CE7BC2D0093C2AE</key>
		<dict>
			<key>fileRef</key>
			<string>87ECF4321CE7BC2D0093C2AE</string>
			<key>isa</key>
			<string>PBXBuildFile</string>
		</dict>
		<key>87ECF43C1CE7BC310093C2AE</key>
		<dict>
			<key>children</key>
			<array>
				<string>87ECF43D1CE7BC420093C2AE</string>
				<string>87ECF43E1CE7BC420093C2AE</string>
				<string>87ECF43F1CE7BC420093C2AE</string>
				<string>87ECF4401CE7BC420093C2AE</string>
				<string>87ECF4411CE7BC420093C2AE</string>
			</array>
			<key>isa</key>
			<string>PBXGroup</string>
			<key>name</key>
			<string>Shuttle Stop Icons</string>
			<key>sourceTree</key>
			<string>&lt;group&gt;</string>
		</dict>
		<key>87ECF43D1CE7BC420093C2AE</key>
		<dict>
			<key>isa</key>
			<string>PBXFileReference</string>
			<key>lastKnownFileType</key>
			<string>image.png</string>
			<key>path</key>
			<string>Tivoli.png</string>
			<key>sourceTree</key>
			<string>&lt;group&gt;</string>
		</dict>
		<key>87ECF43E1CE7BC420093C2AE</key>
		<dict>
			<key>isa</key>
			<string>PBXFileReference</string>
			<key>lastKnownFileType</key>
			<string>image.png</string>
			<key>path</key>
			<string>Robbins.png</string>
			<key>sourceTree</key>
			<string>&lt;group&gt;</string>
		</dict>
		<key>87ECF43F1CE7BC420093C2AE</key>
		<dict>
			<key>isa</key>
			<string>PBXFileReference</string>
			<key>lastKnownFileType</key>
			<string>image.png</string>
			<key>path</key>
			<string>Kline.png</string>
			<key>sourceTree</key>
			<string>&lt;group&gt;</string>
		</dict>
		<key>87ECF4401CE7BC420093C2AE</key>
		<dict>
			<key>isa</key>
			<string>PBXFileReference</string>
			<key>lastKnownFileType</key>
			<string>image.png</string>
			<key>path</key>
			<string>Red Hook.png</string>
			<key>sourceTree</key>
			<string>&lt;group&gt;</string>
		</dict>
		<key>87ECF4411CE7BC420093C2AE</key>
		<dict>
			<key>isa</key>
			<string>PBXFileReference</string>
			<key>lastKnownFileType</key>
			<string>image.png</string>
			<key>path</key>
			<string>Hannaford.png</string>
			<key>sourceTree</key>
			<string>&lt;group&gt;</string>
		</dict>
		<key>87ECF4421CE7BC420093C2AE</key>
		<dict>
			<key>fileRef</key>
			<string>87ECF43D1CE7BC420093C2AE</string>
			<key>isa</key>
			<string>PBXBuildFile</string>
		</dict>
		<key>87ECF4431CE7BC420093C2AE</key>
		<dict>
			<key>fileRef</key>
			<string>87ECF43E1CE7BC420093C2AE</string>
			<key>isa</key>
			<string>PBXBuildFile</string>
		</dict>
		<key>87ECF4441CE7BC420093C2AE</key>
		<dict>
			<key>fileRef</key>
			<string>87ECF43F1CE7BC420093C2AE</string>
			<key>isa</key>
			<string>PBXBuildFile</string>
		</dict>
		<key>87ECF4451CE7BC420093C2AE</key>
		<dict>
			<key>fileRef</key>
			<string>87ECF4401CE7BC420093C2AE</string>
			<key>isa</key>
			<string>PBXBuildFile</string>
		</dict>
		<key>87ECF4461CE7BC420093C2AE</key>
		<dict>
			<key>fileRef</key>
			<string>87ECF4411CE7BC420093C2AE</string>
			<key>isa</key>
			<string>PBXBuildFile</string>
		</dict>
		<key>9928900B42BC186B810F135F</key>
		<dict>
			<key>fileRef</key>
			<string>296BB031B85B01167A29EDD0</string>
			<key>isa</key>
			<string>PBXBuildFile</string>
		</dict>
		<key>A0D3E56C9E00F136D42F6EE5</key>
		<dict>
			<key>buildActionMask</key>
			<string>2147483647</string>
			<key>files</key>
			<array/>
			<key>inputPaths</key>
			<array/>
			<key>isa</key>
			<string>PBXShellScriptBuildPhase</string>
			<key>name</key>
			<string>&#128230; Embed Pods Frameworks</string>
			<key>outputPaths</key>
			<array/>
			<key>runOnlyForDeploymentPostprocessing</key>
			<string>0</string>
			<key>shellPath</key>
			<string>/bin/sh</string>
			<key>shellScript</key>
			<string>"${SRCROOT}/Pods/Target Support Files/Pods-Bard TransportTests/Pods-Bard TransportTests-frameworks.sh"
</string>
			<key>showEnvVarsInLog</key>
			<string>0</string>
		</dict>
		<key>A6D2DEEB57445F7A4BBB19D2</key>
		<dict>
			<key>fileRef</key>
			<string>5E36C54C10BB8B0D515828C5</string>
			<key>isa</key>
			<string>PBXBuildFile</string>
		</dict>
		<key>B2611271503A6122B3086A2B</key>
		<dict>
			<key>includeInIndex</key>
			<string>1</string>
			<key>isa</key>
			<string>PBXFileReference</string>
			<key>lastKnownFileType</key>
			<string>text.xcconfig</string>
			<key>name</key>
			<string>Pods-Bard TransportTests.release.xcconfig</string>
			<key>path</key>
			<string>Pods/Target Support Files/Pods-Bard TransportTests/Pods-Bard TransportTests.release.xcconfig</string>
			<key>sourceTree</key>
			<string>&lt;group&gt;</string>
		</dict>
		<key>B6F2567D103BA18FE3D04B95</key>
		<dict>
			<key>includeInIndex</key>
			<string>1</string>
			<key>isa</key>
			<string>PBXFileReference</string>
			<key>lastKnownFileType</key>
			<string>text.xcconfig</string>
			<key>name</key>
			<string>Pods-Bard TransportTests.debug.xcconfig</string>
			<key>path</key>
			<string>Pods/Target Support Files/Pods-Bard TransportTests/Pods-Bard TransportTests.debug.xcconfig</string>
			<key>sourceTree</key>
			<string>&lt;group&gt;</string>
		</dict>
		<key>C65F090B51A5AFCC2FC73713</key>
		<dict>
			<key>buildActionMask</key>
			<string>2147483647</string>
			<key>files</key>
			<array/>
			<key>inputPaths</key>
			<array/>
			<key>isa</key>
			<string>PBXShellScriptBuildPhase</string>
			<key>name</key>
			<string>&#128230; Copy Pods Resources</string>
			<key>outputPaths</key>
			<array/>
			<key>runOnlyForDeploymentPostprocessing</key>
			<string>0</string>
			<key>shellPath</key>
			<string>/bin/sh</string>
			<key>shellScript</key>
			<string>"${SRCROOT}/Pods/Target Support Files/Pods-Bard Transport/Pods-Bard Transport-resources.sh"
</string>
			<key>showEnvVarsInLog</key>
			<string>0</string>
		</dict>
		<key>DA1E0C01C156696CC5D268D4</key>
		<dict>
			<key>children</key>
			<array>
				<string>296BB031B85B01167A29EDD0</string>
				<string>5E36C54C10BB8B0D515828C5</string>
				<string>0432C3314AA2DAABF881720E</string>
			</array>
			<key>isa</key>
			<string>PBXGroup</string>
			<key>name</key>
			<string>Frameworks</string>
			<key>sourceTree</key>
			<string>&lt;group&gt;</string>
		</dict>
		<key>DE15198BC6DB9FB9B8CCBF08</key>
		<dict>
			<key>buildActionMask</key>
			<string>2147483647</string>
			<key>files</key>
			<array/>
			<key>inputPaths</key>
			<array/>
			<key>isa</key>
			<string>PBXShellScriptBuildPhase</string>
			<key>name</key>
			<string>&#128230; Check Pods Manifest.lock</string>
			<key>outputPaths</key>
			<array/>
			<key>runOnlyForDeploymentPostprocessing</key>
			<string>0</string>
			<key>shellPath</key>
			<string>/bin/sh</string>
			<key>shellScript</key>
			<string>diff "${PODS_ROOT}/../Podfile.lock" "${PODS_ROOT}/Manifest.lock" &gt; /dev/null
if [[ $? != 0 ]] ; then
    cat &lt;&lt; EOM
error: The sandbox is not in sync with the Podfile.lock. Run 'pod install' or update your CocoaPods installation.
EOM
    exit 1
fi
</string>
			<key>showEnvVarsInLog</key>
			<string>0</string>
		</dict>
		<key>E5497A9D97A87B021646BD09</key>
		<dict>
			<key>buildActionMask</key>
			<string>2147483647</string>
			<key>files</key>
			<array/>
			<key>inputPaths</key>
			<array/>
			<key>isa</key>
			<string>PBXShellScriptBuildPhase</string>
			<key>name</key>
			<string>&#128230; Copy Pods Resources</string>
			<key>outputPaths</key>
			<array/>
			<key>runOnlyForDeploymentPostprocessing</key>
			<string>0</string>
			<key>shellPath</key>
			<string>/bin/sh</string>
			<key>shellScript</key>
			<string>"${SRCROOT}/Pods/Target Support Files/Pods-Bard TransportUITests/Pods-Bard TransportUITests-resources.sh"
</string>
			<key>showEnvVarsInLog</key>
			<string>0</string>
		</dict>
		<key>F042C0A0343C97F0493D0380</key>
		<dict>
			<key>includeInIndex</key>
			<string>1</string>
			<key>isa</key>
			<string>PBXFileReference</string>
			<key>lastKnownFileType</key>
			<string>text.xcconfig</string>
			<key>name</key>
			<string>Pods-Bard Transport.debug.xcconfig</string>
			<key>path</key>
			<string>Pods/Target Support Files/Pods-Bard Transport/Pods-Bard Transport.debug.xcconfig</string>
			<key>sourceTree</key>
			<string>&lt;group&gt;</string>
		</dict>
	</dict>
	<key>rootObject</key>
	<string>873448A91CE7AE0C005A17AC</string>
</dict>
</plist>
