// !$*UTF8*$!
{
	archiveVersion = 1;
	classes = {
	};
	objectVersion = 46;
	objects = {

/* Begin PBXBuildFile section */
		1988174C653FEABDA51E28EE /* Pods_Bard_TransportUITests.framework in Frameworks */ = {isa = PBXBuildFile; fileRef = FEC54BE5BFA53E0B2609F310 /* Pods_Bard_TransportUITests.framework */; };
		25C6B9771E816A19300AD302 /* Pods_Smart_Times.framework in Frameworks */ = {isa = PBXBuildFile; fileRef = B85F07E6325BA3288176A496 /* Pods_Smart_Times.framework */; };
		2AFF5F3456728913D7E014DF /* Pods_Bard_TransportTests.framework in Frameworks */ = {isa = PBXBuildFile; fileRef = 90BFA7788A6236CA6033B2E4 /* Pods_Bard_TransportTests.framework */; };
		8720E7541CED038F002E6187 /* Triangle.png in Resources */ = {isa = PBXBuildFile; fileRef = 8720E7531CED038F002E6187 /* Triangle.png */; };
		8720E7561CED03F1002E6187 /* Church St.png in Resources */ = {isa = PBXBuildFile; fileRef = 8720E7551CED03F1002E6187 /* Church St.png */; };
		8720E75E1CED071E002E6187 /* Ward Gate.png in Resources */ = {isa = PBXBuildFile; fileRef = 8720E75D1CED071E002E6187 /* Ward Gate.png */; };
		8720E7681CED0A7D002E6187 /* Monument.png in Resources */ = {isa = PBXBuildFile; fileRef = 8720E7671CED0A7D002E6187 /* Monument.png */; };
		872789BD1CE7B48E00D6CD06 /* ShuttleStopManager.swift in Sources */ = {isa = PBXBuildFile; fileRef = 872789BC1CE7B48E00D6CD06 /* ShuttleStopManager.swift */; };
		872789BF1CE7B4A100D6CD06 /* UserLocationManager.swift in Sources */ = {isa = PBXBuildFile; fileRef = 872789BE1CE7B4A100D6CD06 /* UserLocationManager.swift */; };
		872789C51CE7B5C600D6CD06 /* UpdateNotification.swift in Sources */ = {isa = PBXBuildFile; fileRef = 872789C41CE7B5C600D6CD06 /* UpdateNotification.swift */; };
		872789D71CE7B70100D6CD06 /* SmartTimesInsufficientAccessPrivilegesErrorView.swift in Sources */ = {isa = PBXBuildFile; fileRef = 872789D61CE7B70100D6CD06 /* SmartTimesInsufficientAccessPrivilegesErrorView.swift */; };
		872789D91CE7B72B00D6CD06 /* SmartTimesTooFarFromCampusErrorView.swift in Sources */ = {isa = PBXBuildFile; fileRef = 872789D81CE7B72B00D6CD06 /* SmartTimesTooFarFromCampusErrorView.swift */; };
		872789DB1CE7B74200D6CD06 /* SmartTimesPaneEndOfLineErrorView.swift in Sources */ = {isa = PBXBuildFile; fileRef = 872789DA1CE7B74200D6CD06 /* SmartTimesPaneEndOfLineErrorView.swift */; };
		872789DD1CE7B78700D6CD06 /* SmartTimePane.swift in Sources */ = {isa = PBXBuildFile; fileRef = 872789DC1CE7B78700D6CD06 /* SmartTimePane.swift */; };
		872789DF1CE7B7AE00D6CD06 /* SmartTimes.swift in Sources */ = {isa = PBXBuildFile; fileRef = 872789DE1CE7B7AE00D6CD06 /* SmartTimes.swift */; };
		872789E11CE7B7D300D6CD06 /* SidebarItem.swift in Sources */ = {isa = PBXBuildFile; fileRef = 872789E01CE7B7D300D6CD06 /* SidebarItem.swift */; };
		873448B51CE7AE0C005A17AC /* AppDelegate.swift in Sources */ = {isa = PBXBuildFile; fileRef = 873448B41CE7AE0C005A17AC /* AppDelegate.swift */; };
		873448B71CE7AE0C005A17AC /* ViewController.swift in Sources */ = {isa = PBXBuildFile; fileRef = 873448B61CE7AE0C005A17AC /* ViewController.swift */; };
		873448BA1CE7AE0C005A17AC /* Main.storyboard in Resources */ = {isa = PBXBuildFile; fileRef = 873448B81CE7AE0C005A17AC /* Main.storyboard */; };
		873448BD1CE7AE0C005A17AC /* Bard_Transport.xcdatamodeld in Sources */ = {isa = PBXBuildFile; fileRef = 873448BB1CE7AE0C005A17AC /* Bard_Transport.xcdatamodeld */; };
		873448BF1CE7AE0C005A17AC /* Assets.xcassets in Resources */ = {isa = PBXBuildFile; fileRef = 873448BE1CE7AE0C005A17AC /* Assets.xcassets */; };
		873448C21CE7AE0C005A17AC /* LaunchScreen.storyboard in Resources */ = {isa = PBXBuildFile; fileRef = 873448C01CE7AE0C005A17AC /* LaunchScreen.storyboard */; };
		873448CD1CE7AE0C005A17AC /* Bard_TransportTests.swift in Sources */ = {isa = PBXBuildFile; fileRef = 873448CC1CE7AE0C005A17AC /* Bard_TransportTests.swift */; };
		873448D81CE7AE0D005A17AC /* Bard_TransportUITests.swift in Sources */ = {isa = PBXBuildFile; fileRef = 873448D71CE7AE0D005A17AC /* Bard_TransportUITests.swift */; };
		873448FA1CE7B2AC005A17AC /* ScheduledTime.swift in Sources */ = {isa = PBXBuildFile; fileRef = 873448F91CE7B2AC005A17AC /* ScheduledTime.swift */; };
		873448FC1CE7B2E4005A17AC /* ShuttleStop.swift in Sources */ = {isa = PBXBuildFile; fileRef = 873448FB1CE7B2E4005A17AC /* ShuttleStop.swift */; };
		873448FE1CE7B301005A17AC /* ScheduledStop.swift in Sources */ = {isa = PBXBuildFile; fileRef = 873448FD1CE7B301005A17AC /* ScheduledStop.swift */; };
		873449001CE7B326005A17AC /* ScheduledRun.swift in Sources */ = {isa = PBXBuildFile; fileRef = 873448FF1CE7B326005A17AC /* ScheduledRun.swift */; };
		873449021CE7B33D005A17AC /* ScheduledDay.swift in Sources */ = {isa = PBXBuildFile; fileRef = 873449011CE7B33D005A17AC /* ScheduledDay.swift */; };
		873449041CE7B37C005A17AC /* Itinerary.swift in Sources */ = {isa = PBXBuildFile; fileRef = 873449031CE7B37C005A17AC /* Itinerary.swift */; };
		873449061CE7B3C8005A17AC /* Schedule.swift in Sources */ = {isa = PBXBuildFile; fileRef = 873449051CE7B3C8005A17AC /* Schedule.swift */; };
		873449081CE7B3FA005A17AC /* SmartTime.swift in Sources */ = {isa = PBXBuildFile; fileRef = 873449071CE7B3FA005A17AC /* SmartTime.swift */; };
		8767BBB71CEE980400A71C32 /* JABSwiftCore.framework in Frameworks */ = {isa = PBXBuildFile; fileRef = 87C3C5091CED983500005CDF /* JABSwiftCore.framework */; };
		8767BBBC1CEE999000A71C32 /* MAT-UBS.png in Resources */ = {isa = PBXBuildFile; fileRef = 8767BBBB1CEE999000A71C32 /* MAT-UBS.png */; };
		8767BBBD1CEE999000A71C32 /* MAT-UBS.png in Resources */ = {isa = PBXBuildFile; fileRef = 8767BBBB1CEE999000A71C32 /* MAT-UBS.png */; };
		8767BBC21CEE9DEF00A71C32 /* Gahagan.png in Resources */ = {isa = PBXBuildFile; fileRef = 8767BBC11CEE9DEF00A71C32 /* Gahagan.png */; };
		8767BBC31CEE9DEF00A71C32 /* Gahagan.png in Resources */ = {isa = PBXBuildFile; fileRef = 8767BBC11CEE9DEF00A71C32 /* Gahagan.png */; };
		8767BBC51CEEA11C00A71C32 /* Gahagan Fancy Flag.png in Resources */ = {isa = PBXBuildFile; fileRef = 8767BBC41CEEA11C00A71C32 /* Gahagan Fancy Flag.png */; };
		87B838E71CEE564D0088F77C /* JABSwiftCore.framework in Frameworks */ = {isa = PBXBuildFile; fileRef = 87C3C5091CED983500005CDF /* JABSwiftCore.framework */; };
		87C3C50D1CEE439300005CDF /* Global.swift in Sources */ = {isa = PBXBuildFile; fileRef = 87C3C50C1CEE439300005CDF /* Global.swift */; };
		87C3C50E1CEE43C300005CDF /* Global.swift in Sources */ = {isa = PBXBuildFile; fileRef = 87C3C50C1CEE439300005CDF /* Global.swift */; };
		87C3C50F1CEE43F000005CDF /* SidebarItem.swift in Sources */ = {isa = PBXBuildFile; fileRef = 872789E01CE7B7D300D6CD06 /* SidebarItem.swift */; };
		87C3C5101CEE4E0200005CDF /* Tivoli.png in Resources */ = {isa = PBXBuildFile; fileRef = 87ECF43D1CE7BC420093C2AE /* Tivoli.png */; };
		87C3C5111CEE4E0200005CDF /* Monument.png in Resources */ = {isa = PBXBuildFile; fileRef = 8720E7671CED0A7D002E6187 /* Monument.png */; };
		87C3C5131CEE4E0200005CDF /* Robbins.png in Resources */ = {isa = PBXBuildFile; fileRef = 87ECF43E1CE7BC420093C2AE /* Robbins.png */; };
		87C3C5141CEE4E0200005CDF /* Ward Gate.png in Resources */ = {isa = PBXBuildFile; fileRef = 8720E75D1CED071E002E6187 /* Ward Gate.png */; };
		87C3C5151CEE4E0200005CDF /* Kline.png in Resources */ = {isa = PBXBuildFile; fileRef = 87ECF43F1CE7BC420093C2AE /* Kline.png */; };
		87C3C5161CEE4E0200005CDF /* Triangle.png in Resources */ = {isa = PBXBuildFile; fileRef = 8720E7531CED038F002E6187 /* Triangle.png */; };
		87C3C5171CEE4E0200005CDF /* Church St.png in Resources */ = {isa = PBXBuildFile; fileRef = 8720E7551CED03F1002E6187 /* Church St.png */; };
		87C3C5181CEE4E0200005CDF /* Red Hook.png in Resources */ = {isa = PBXBuildFile; fileRef = 87ECF4401CE7BC420093C2AE /* Red Hook.png */; };
		87C3C51A1CEE4E0200005CDF /* Hannaford.png in Resources */ = {isa = PBXBuildFile; fileRef = 87ECF4411CE7BC420093C2AE /* Hannaford.png */; };
		87ECF3DD1CE7B8140093C2AE /* Sidebar.swift in Sources */ = {isa = PBXBuildFile; fileRef = 87ECF3DC1CE7B8140093C2AE /* Sidebar.swift */; };
		87ECF3E41CE7B8F40093C2AE /* SidebarMenuTableViewCell.swift in Sources */ = {isa = PBXBuildFile; fileRef = 87ECF3E31CE7B8F40093C2AE /* SidebarMenuTableViewCell.swift */; };
		87ECF3E61CE7B9070093C2AE /* SidebarMenuHeader.swift in Sources */ = {isa = PBXBuildFile; fileRef = 87ECF3E51CE7B9070093C2AE /* SidebarMenuHeader.swift */; };
		87ECF3E81CE7B91D0093C2AE /* SidebarMenuItem.swift in Sources */ = {isa = PBXBuildFile; fileRef = 87ECF3E71CE7B91D0093C2AE /* SidebarMenuItem.swift */; };
		87ECF3EA1CE7B9350093C2AE /* SidebarMenu.swift in Sources */ = {isa = PBXBuildFile; fileRef = 87ECF3E91CE7B9350093C2AE /* SidebarMenu.swift */; };
		87ECF3EC1CE7B9810093C2AE /* Map.swift in Sources */ = {isa = PBXBuildFile; fileRef = 87ECF3EB1CE7B9810093C2AE /* Map.swift */; };
		87ECF3FC1CE7BA700093C2AE /* ScheduledTimeTableViewCell.swift in Sources */ = {isa = PBXBuildFile; fileRef = 87ECF3FB1CE7BA700093C2AE /* ScheduledTimeTableViewCell.swift */; };
		87ECF3FE1CE7BA980093C2AE /* ScheduledSheetTableViewSectionHeader.swift in Sources */ = {isa = PBXBuildFile; fileRef = 87ECF3FD1CE7BA980093C2AE /* ScheduledSheetTableViewSectionHeader.swift */; };
		87ECF4001CE7BAC40093C2AE /* ScheduleSheetBody.swift in Sources */ = {isa = PBXBuildFile; fileRef = 87ECF3FF1CE7BAC40093C2AE /* ScheduleSheetBody.swift */; };
		87ECF4021CE7BAE50093C2AE /* ScheduleSheetHeader.swift in Sources */ = {isa = PBXBuildFile; fileRef = 87ECF4011CE7BAE50093C2AE /* ScheduleSheetHeader.swift */; };
		87ECF4041CE7BAFC0093C2AE /* ScheduleSheet.swift in Sources */ = {isa = PBXBuildFile; fileRef = 87ECF4031CE7BAFC0093C2AE /* ScheduleSheet.swift */; };
		87ECF4061CE7BB180093C2AE /* ScheduleSelectorHelpScreen.swift in Sources */ = {isa = PBXBuildFile; fileRef = 87ECF4051CE7BB180093C2AE /* ScheduleSelectorHelpScreen.swift */; };
		87ECF4081CE7BB370093C2AE /* ShuttleStopView.swift in Sources */ = {isa = PBXBuildFile; fileRef = 87ECF4071CE7BB370093C2AE /* ShuttleStopView.swift */; };
		87ECF40A1CE7BB4D0093C2AE /* ShuttleStopStack.swift in Sources */ = {isa = PBXBuildFile; fileRef = 87ECF4091CE7BB4D0093C2AE /* ShuttleStopStack.swift */; };
		87ECF40C1CE7BB680093C2AE /* ScheduleSelector.swift in Sources */ = {isa = PBXBuildFile; fileRef = 87ECF40B1CE7BB680093C2AE /* ScheduleSelector.swift */; };
		87ECF40E1CE7BBA00093C2AE /* MainSector.swift in Sources */ = {isa = PBXBuildFile; fileRef = 87ECF40D1CE7BBA00093C2AE /* MainSector.swift */; };
		87ECF4101CE7BBBC0093C2AE /* ApplicationRoot.swift in Sources */ = {isa = PBXBuildFile; fileRef = 87ECF40F1CE7BBBC0093C2AE /* ApplicationRoot.swift */; };
		87ECF4141CE7BBF10093C2AE /* Main Background-4 Inch.JPG in Resources */ = {isa = PBXBuildFile; fileRef = 87ECF4131CE7BBF10093C2AE /* Main Background-4 Inch.JPG */; };
		87ECF41C1CE7BC0D0093C2AE /* Hannaford Fancy Flag.png in Resources */ = {isa = PBXBuildFile; fileRef = 87ECF4161CE7BC0D0093C2AE /* Hannaford Fancy Flag.png */; };
		87ECF41D1CE7BC0D0093C2AE /* Kline Fancy Flag.png in Resources */ = {isa = PBXBuildFile; fileRef = 87ECF4171CE7BC0D0093C2AE /* Kline Fancy Flag.png */; };
		87ECF41E1CE7BC0D0093C2AE /* Red Hook Fancy Flag.png in Resources */ = {isa = PBXBuildFile; fileRef = 87ECF4181CE7BC0D0093C2AE /* Red Hook Fancy Flag.png */; };
		87ECF41F1CE7BC0D0093C2AE /* Robbins Fancy Flag.png in Resources */ = {isa = PBXBuildFile; fileRef = 87ECF4191CE7BC0D0093C2AE /* Robbins Fancy Flag.png */; };
		87ECF4201CE7BC0D0093C2AE /* Tivoli Fancy Flag.png in Resources */ = {isa = PBXBuildFile; fileRef = 87ECF41A1CE7BC0D0093C2AE /* Tivoli Fancy Flag.png */; };
		87ECF4211CE7BC0D0093C2AE /* Triangle Fancy Flag.png in Resources */ = {isa = PBXBuildFile; fileRef = 87ECF41B1CE7BC0D0093C2AE /* Triangle Fancy Flag.png */; };
		87ECF4261CE7BC1C0093C2AE /* shuttleStopSquareRegularSmaller.png in Resources */ = {isa = PBXBuildFile; fileRef = 87ECF4231CE7BC1C0093C2AE /* shuttleStopSquareRegularSmaller.png */; };
		87ECF4271CE7BC1C0093C2AE /* botsteincolorheadbowtie100x100.png in Resources */ = {isa = PBXBuildFile; fileRef = 87ECF4241CE7BC1C0093C2AE /* botsteincolorheadbowtie100x100.png */; };
		87ECF4281CE7BC1C0093C2AE /* Road.png in Resources */ = {isa = PBXBuildFile; fileRef = 87ECF4251CE7BC1C0093C2AE /* Road.png */; };
		87ECF4331CE7BC2D0093C2AE /* Clock Icon.png in Resources */ = {isa = PBXBuildFile; fileRef = 87ECF42A1CE7BC2D0093C2AE /* Clock Icon.png */; };
		87ECF4341CE7BC2D0093C2AE /* Help Button.png in Resources */ = {isa = PBXBuildFile; fileRef = 87ECF42B1CE7BC2D0093C2AE /* Help Button.png */; };
		87ECF4351CE7BC2D0093C2AE /* Map Button 2D.png in Resources */ = {isa = PBXBuildFile; fileRef = 87ECF42C1CE7BC2D0093C2AE /* Map Button 2D.png */; };
		87ECF4361CE7BC2D0093C2AE /* Map Button.png in Resources */ = {isa = PBXBuildFile; fileRef = 87ECF42D1CE7BC2D0093C2AE /* Map Button.png */; };
		87ECF4371CE7BC2D0093C2AE /* Minus Button.png in Resources */ = {isa = PBXBuildFile; fileRef = 87ECF42E1CE7BC2D0093C2AE /* Minus Button.png */; };
		87ECF4381CE7BC2D0093C2AE /* Plus Button.png in Resources */ = {isa = PBXBuildFile; fileRef = 87ECF42F1CE7BC2D0093C2AE /* Plus Button.png */; };
		87ECF4391CE7BC2D0093C2AE /* Sidebar Button.png in Resources */ = {isa = PBXBuildFile; fileRef = 87ECF4301CE7BC2D0093C2AE /* Sidebar Button.png */; };
		87ECF43A1CE7BC2D0093C2AE /* X Button Pressed.png in Resources */ = {isa = PBXBuildFile; fileRef = 87ECF4311CE7BC2D0093C2AE /* X Button Pressed.png */; };
		87ECF43B1CE7BC2D0093C2AE /* X Button.png in Resources */ = {isa = PBXBuildFile; fileRef = 87ECF4321CE7BC2D0093C2AE /* X Button.png */; };
		87ECF4421CE7BC420093C2AE /* Tivoli.png in Resources */ = {isa = PBXBuildFile; fileRef = 87ECF43D1CE7BC420093C2AE /* Tivoli.png */; };
		87ECF4431CE7BC420093C2AE /* Robbins.png in Resources */ = {isa = PBXBuildFile; fileRef = 87ECF43E1CE7BC420093C2AE /* Robbins.png */; };
		87ECF4441CE7BC420093C2AE /* Kline.png in Resources */ = {isa = PBXBuildFile; fileRef = 87ECF43F1CE7BC420093C2AE /* Kline.png */; };
		87ECF4451CE7BC420093C2AE /* Red Hook.png in Resources */ = {isa = PBXBuildFile; fileRef = 87ECF4401CE7BC420093C2AE /* Red Hook.png */; };
		87ECF4461CE7BC420093C2AE /* Hannaford.png in Resources */ = {isa = PBXBuildFile; fileRef = 87ECF4411CE7BC420093C2AE /* Hannaford.png */; };
		87FA06871CED95D9009375F1 /* NotificationCenter.framework in Frameworks */ = {isa = PBXBuildFile; fileRef = 87FA064E1CED8ACE009375F1 /* NotificationCenter.framework */; };
		87FA068A1CED95D9009375F1 /* TodayViewController.swift in Sources */ = {isa = PBXBuildFile; fileRef = 87FA06891CED95D9009375F1 /* TodayViewController.swift */; };
		87FA068D1CED95D9009375F1 /* MainInterface.storyboard in Resources */ = {isa = PBXBuildFile; fileRef = 87FA068B1CED95D9009375F1 /* MainInterface.storyboard */; };
		87FA06911CED95D9009375F1 /* Smart Times.appex in Embed App Extensions */ = {isa = PBXBuildFile; fileRef = 87FA06861CED95D9009375F1 /* Smart Times.appex */; settings = {ATTRIBUTES = (RemoveHeadersOnCopy, ); }; };
		87FA06951CED9630009375F1 /* ShuttleStopManager.swift in Sources */ = {isa = PBXBuildFile; fileRef = 872789BC1CE7B48E00D6CD06 /* ShuttleStopManager.swift */; };
		87FA06961CED9633009375F1 /* UserLocationManager.swift in Sources */ = {isa = PBXBuildFile; fileRef = 872789BE1CE7B4A100D6CD06 /* UserLocationManager.swift */; };
		87FA06971CED9636009375F1 /* ShuttleStop.swift in Sources */ = {isa = PBXBuildFile; fileRef = 873448FB1CE7B2E4005A17AC /* ShuttleStop.swift */; };
		87FA06981CED9658009375F1 /* Itinerary.swift in Sources */ = {isa = PBXBuildFile; fileRef = 873449031CE7B37C005A17AC /* Itinerary.swift */; };
		87FA06991CED9658009375F1 /* Schedule.swift in Sources */ = {isa = PBXBuildFile; fileRef = 873449051CE7B3C8005A17AC /* Schedule.swift */; };
		87FA069A1CED9658009375F1 /* ScheduledDay.swift in Sources */ = {isa = PBXBuildFile; fileRef = 873449011CE7B33D005A17AC /* ScheduledDay.swift */; };
		87FA069B1CED9658009375F1 /* ScheduledRun.swift in Sources */ = {isa = PBXBuildFile; fileRef = 873448FF1CE7B326005A17AC /* ScheduledRun.swift */; };
		87FA069C1CED9658009375F1 /* ScheduledStop.swift in Sources */ = {isa = PBXBuildFile; fileRef = 873448FD1CE7B301005A17AC /* ScheduledStop.swift */; };
		87FA069D1CED9658009375F1 /* ScheduledTime.swift in Sources */ = {isa = PBXBuildFile; fileRef = 873448F91CE7B2AC005A17AC /* ScheduledTime.swift */; };
		87FA069E1CED9658009375F1 /* SmartTime.swift in Sources */ = {isa = PBXBuildFile; fileRef = 873449071CE7B3FA005A17AC /* SmartTime.swift */; };
		87FA06A31CED9658009375F1 /* SmartTimes.swift in Sources */ = {isa = PBXBuildFile; fileRef = 872789DE1CE7B7AE00D6CD06 /* SmartTimes.swift */; };
		87FA06A41CED9658009375F1 /* SmartTimePane.swift in Sources */ = {isa = PBXBuildFile; fileRef = 872789DC1CE7B78700D6CD06 /* SmartTimePane.swift */; };
		87FA06A51CED9658009375F1 /* SmartTimesPaneEndOfLineErrorView.swift in Sources */ = {isa = PBXBuildFile; fileRef = 872789DA1CE7B74200D6CD06 /* SmartTimesPaneEndOfLineErrorView.swift */; };
		87FA06A61CED9658009375F1 /* SmartTimesTooFarFromCampusErrorView.swift in Sources */ = {isa = PBXBuildFile; fileRef = 872789D81CE7B72B00D6CD06 /* SmartTimesTooFarFromCampusErrorView.swift */; };
		87FA06A71CED9658009375F1 /* SmartTimesInsufficientAccessPrivilegesErrorView.swift in Sources */ = {isa = PBXBuildFile; fileRef = 872789D61CE7B70100D6CD06 /* SmartTimesInsufficientAccessPrivilegesErrorView.swift */; };
		87FEF22F1CEEB5380009EF84 /* Ward Gate Fancy Flag.png in Resources */ = {isa = PBXBuildFile; fileRef = 87FEF22E1CEEB5380009EF84 /* Ward Gate Fancy Flag.png */; };
		87FEF2311CEEB6040009EF84 /* Church St Fancy Flag.png in Resources */ = {isa = PBXBuildFile; fileRef = 87FEF2301CEEB6040009EF84 /* Church St Fancy Flag.png */; };
		87FEF2371CEEB8180009EF84 /* Monument Fancy Flag.png in Resources */ = {isa = PBXBuildFile; fileRef = 87FEF2361CEEB8180009EF84 /* Monument Fancy Flag.png */; };
		87FEF2391CEEB8E00009EF84 /* MAT-UBS Fancy Flag.png in Resources */ = {isa = PBXBuildFile; fileRef = 87FEF2381CEEB8E00009EF84 /* MAT-UBS Fancy Flag.png */; };
		87FEF23B1CEEC96A0009EF84 /* Launch Image 640x1136.png in Resources */ = {isa = PBXBuildFile; fileRef = 87FEF23A1CEEC96A0009EF84 /* Launch Image 640x1136.png */; };
		87FEF2431CEFAFD10009EF84 /* Tivoli Map.png in Resources */ = {isa = PBXBuildFile; fileRef = 87FEF2421CEFAFD10009EF84 /* Tivoli Map.png */; };
		87FEF2451CEFB1650009EF84 /* Monument Map.png in Resources */ = {isa = PBXBuildFile; fileRef = 87FEF2441CEFB1650009EF84 /* Monument Map.png */; };
		87FEF2471CEFB1BB0009EF84 /* Campus Rd Map.png in Resources */ = {isa = PBXBuildFile; fileRef = 87FEF2461CEFB1BB0009EF84 /* Campus Rd Map.png */; };
		87FEF2491CEFB1F70009EF84 /* Robbins Map.png in Resources */ = {isa = PBXBuildFile; fileRef = 87FEF2481CEFB1F70009EF84 /* Robbins Map.png */; };
		87FEF24B1CEFB21C0009EF84 /* Ward Gate Map.png in Resources */ = {isa = PBXBuildFile; fileRef = 87FEF24A1CEFB21C0009EF84 /* Ward Gate Map.png */; };
		87FEF24D1CEFB24B0009EF84 /* Kline Map.png in Resources */ = {isa = PBXBuildFile; fileRef = 87FEF24C1CEFB24B0009EF84 /* Kline Map.png */; };
		87FEF24F1CEFBA200009EF84 /* Gahagan Map.png in Resources */ = {isa = PBXBuildFile; fileRef = 87FEF24E1CEFBA200009EF84 /* Gahagan Map.png */; };
		87FEF2511CEFBA460009EF84 /* Triangle Map.png in Resources */ = {isa = PBXBuildFile; fileRef = 87FEF2501CEFBA460009EF84 /* Triangle Map.png */; };
		87FEF2531CEFBA820009EF84 /* Church St Map.png in Resources */ = {isa = PBXBuildFile; fileRef = 87FEF2521CEFBA820009EF84 /* Church St Map.png */; };
		87FEF2551CEFBACC0009EF84 /* Red Hook Map.png in Resources */ = {isa = PBXBuildFile; fileRef = 87FEF2541CEFBACC0009EF84 /* Red Hook Map.png */; };
		87FEF2571CEFBB010009EF84 /* MAT-UBS Map.png in Resources */ = {isa = PBXBuildFile; fileRef = 87FEF2561CEFBB010009EF84 /* MAT-UBS Map.png */; };
		87FEF2591CEFBB5C0009EF84 /* Hannaford Map.png in Resources */ = {isa = PBXBuildFile; fileRef = 87FEF2581CEFBB5C0009EF84 /* Hannaford Map.png */; };
		87FEF25B1CEFBC3D0009EF84 /* Campus Rd Fancy Flag.png in Resources */ = {isa = PBXBuildFile; fileRef = 87FEF25A1CEFBC3D0009EF84 /* Campus Rd Fancy Flag.png */; };
		87FEF25D1CEFBC470009EF84 /* Campus Rd.png in Resources */ = {isa = PBXBuildFile; fileRef = 87FEF25C1CEFBC470009EF84 /* Campus Rd.png */; };
		87FEF25E1CEFBC470009EF84 /* Campus Rd.png in Resources */ = {isa = PBXBuildFile; fileRef = 87FEF25C1CEFBC470009EF84 /* Campus Rd.png */; };
		C9E020D06975074D146011F0 /* Pods_Bard_Transport.framework in Frameworks */ = {isa = PBXBuildFile; fileRef = 2CFE4C7379C2E8C885D5F87D /* Pods_Bard_Transport.framework */; };
/* End PBXBuildFile section */

/* Begin PBXContainerItemProxy section */
		873448C91CE7AE0C005A17AC /* PBXContainerItemProxy */ = {
			isa = PBXContainerItemProxy;
			containerPortal = 873448A91CE7AE0C005A17AC /* Project object */;
			proxyType = 1;
			remoteGlobalIDString = 873448B01CE7AE0C005A17AC;
			remoteInfo = "Bard Transport";
		};
		873448D41CE7AE0D005A17AC /* PBXContainerItemProxy */ = {
			isa = PBXContainerItemProxy;
			containerPortal = 873448A91CE7AE0C005A17AC /* Project object */;
			proxyType = 1;
			remoteGlobalIDString = 873448B01CE7AE0C005A17AC;
			remoteInfo = "Bard Transport";
		};
		87FA068F1CED95D9009375F1 /* PBXContainerItemProxy */ = {
			isa = PBXContainerItemProxy;
			containerPortal = 873448A91CE7AE0C005A17AC /* Project object */;
			proxyType = 1;
			remoteGlobalIDString = 87FA06851CED95D9009375F1;
			remoteInfo = "Smart Times";
		};
/* End PBXContainerItemProxy section */

/* Begin PBXCopyFilesBuildPhase section */
		87FA065D1CED8ACE009375F1 /* Embed App Extensions */ = {
			isa = PBXCopyFilesBuildPhase;
			buildActionMask = 2147483647;
			dstPath = "";
			dstSubfolderSpec = 13;
			files = (
				87FA06911CED95D9009375F1 /* Smart Times.appex in Embed App Extensions */,
			);
			name = "Embed App Extensions";
			runOnlyForDeploymentPostprocessing = 0;
		};
/* End PBXCopyFilesBuildPhase section */

/* Begin PBXFileReference section */
		2B57D946C888C432C82FF583 /* Pods-Bard TransportTests.release.xcconfig */ = {isa = PBXFileReference; includeInIndex = 1; lastKnownFileType = text.xcconfig; name = "Pods-Bard TransportTests.release.xcconfig"; path = "Pods/Target Support Files/Pods-Bard TransportTests/Pods-Bard TransportTests.release.xcconfig"; sourceTree = "<group>"; };
		2CFE4C7379C2E8C885D5F87D /* Pods_Bard_Transport.framework */ = {isa = PBXFileReference; explicitFileType = wrapper.framework; includeInIndex = 0; path = Pods_Bard_Transport.framework; sourceTree = BUILT_PRODUCTS_DIR; };
		4AD68225478E78229D345496 /* Pods-Bard TransportUITests.debug.xcconfig */ = {isa = PBXFileReference; includeInIndex = 1; lastKnownFileType = text.xcconfig; name = "Pods-Bard TransportUITests.debug.xcconfig"; path = "Pods/Target Support Files/Pods-Bard TransportUITests/Pods-Bard TransportUITests.debug.xcconfig"; sourceTree = "<group>"; };
		630C1296C35DD35F9BAAFFAC /* Pods-Smart Times.release.xcconfig */ = {isa = PBXFileReference; includeInIndex = 1; lastKnownFileType = text.xcconfig; name = "Pods-Smart Times.release.xcconfig"; path = "Pods/Target Support Files/Pods-Smart Times/Pods-Smart Times.release.xcconfig"; sourceTree = "<group>"; };
		7CD51063176D469D7FF775F0 /* Pods-Bard TransportUITests.release.xcconfig */ = {isa = PBXFileReference; includeInIndex = 1; lastKnownFileType = text.xcconfig; name = "Pods-Bard TransportUITests.release.xcconfig"; path = "Pods/Target Support Files/Pods-Bard TransportUITests/Pods-Bard TransportUITests.release.xcconfig"; sourceTree = "<group>"; };
		8720E7531CED038F002E6187 /* Triangle.png */ = {isa = PBXFileReference; lastKnownFileType = image.png; path = Triangle.png; sourceTree = "<group>"; };
		8720E7551CED03F1002E6187 /* Church St.png */ = {isa = PBXFileReference; lastKnownFileType = image.png; path = "Church St.png"; sourceTree = "<group>"; };
		8720E75D1CED071E002E6187 /* Ward Gate.png */ = {isa = PBXFileReference; lastKnownFileType = image.png; path = "Ward Gate.png"; sourceTree = "<group>"; };
		8720E7671CED0A7D002E6187 /* Monument.png */ = {isa = PBXFileReference; lastKnownFileType = image.png; path = Monument.png; sourceTree = "<group>"; };
		872789BC1CE7B48E00D6CD06 /* ShuttleStopManager.swift */ = {isa = PBXFileReference; fileEncoding = 4; lastKnownFileType = sourcecode.swift; path = ShuttleStopManager.swift; sourceTree = "<group>"; };
		872789BE1CE7B4A100D6CD06 /* UserLocationManager.swift */ = {isa = PBXFileReference; fileEncoding = 4; lastKnownFileType = sourcecode.swift; path = UserLocationManager.swift; sourceTree = "<group>"; };
		872789C41CE7B5C600D6CD06 /* UpdateNotification.swift */ = {isa = PBXFileReference; fileEncoding = 4; lastKnownFileType = sourcecode.swift; path = UpdateNotification.swift; sourceTree = "<group>"; };
		872789D61CE7B70100D6CD06 /* SmartTimesInsufficientAccessPrivilegesErrorView.swift */ = {isa = PBXFileReference; fileEncoding = 4; lastKnownFileType = sourcecode.swift; path = SmartTimesInsufficientAccessPrivilegesErrorView.swift; sourceTree = "<group>"; };
		872789D81CE7B72B00D6CD06 /* SmartTimesTooFarFromCampusErrorView.swift */ = {isa = PBXFileReference; fileEncoding = 4; lastKnownFileType = sourcecode.swift; path = SmartTimesTooFarFromCampusErrorView.swift; sourceTree = "<group>"; };
		872789DA1CE7B74200D6CD06 /* SmartTimesPaneEndOfLineErrorView.swift */ = {isa = PBXFileReference; fileEncoding = 4; lastKnownFileType = sourcecode.swift; path = SmartTimesPaneEndOfLineErrorView.swift; sourceTree = "<group>"; };
		872789DC1CE7B78700D6CD06 /* SmartTimePane.swift */ = {isa = PBXFileReference; fileEncoding = 4; lastKnownFileType = sourcecode.swift; path = SmartTimePane.swift; sourceTree = "<group>"; };
		872789DE1CE7B7AE00D6CD06 /* SmartTimes.swift */ = {isa = PBXFileReference; fileEncoding = 4; lastKnownFileType = sourcecode.swift; path = SmartTimes.swift; sourceTree = "<group>"; };
		872789E01CE7B7D300D6CD06 /* SidebarItem.swift */ = {isa = PBXFileReference; fileEncoding = 4; lastKnownFileType = sourcecode.swift; path = SidebarItem.swift; sourceTree = "<group>"; };
		873448B11CE7AE0C005A17AC /* Bard Transport.app */ = {isa = PBXFileReference; explicitFileType = wrapper.application; includeInIndex = 0; path = "Bard Transport.app"; sourceTree = BUILT_PRODUCTS_DIR; };
		873448B41CE7AE0C005A17AC /* AppDelegate.swift */ = {isa = PBXFileReference; lastKnownFileType = sourcecode.swift; path = AppDelegate.swift; sourceTree = "<group>"; };
		873448B61CE7AE0C005A17AC /* ViewController.swift */ = {isa = PBXFileReference; lastKnownFileType = sourcecode.swift; path = ViewController.swift; sourceTree = "<group>"; };
		873448B91CE7AE0C005A17AC /* Base */ = {isa = PBXFileReference; lastKnownFileType = file.storyboard; name = Base; path = Base.lproj/Main.storyboard; sourceTree = "<group>"; };
		873448BC1CE7AE0C005A17AC /* Bard_Transport.xcdatamodel */ = {isa = PBXFileReference; lastKnownFileType = wrapper.xcdatamodel; path = Bard_Transport.xcdatamodel; sourceTree = "<group>"; };
		873448BE1CE7AE0C005A17AC /* Assets.xcassets */ = {isa = PBXFileReference; lastKnownFileType = folder.assetcatalog; path = Assets.xcassets; sourceTree = "<group>"; };
		873448C11CE7AE0C005A17AC /* Base */ = {isa = PBXFileReference; lastKnownFileType = file.storyboard; name = Base; path = Base.lproj/LaunchScreen.storyboard; sourceTree = "<group>"; };
		873448C31CE7AE0C005A17AC /* Info.plist */ = {isa = PBXFileReference; lastKnownFileType = text.plist.xml; path = Info.plist; sourceTree = "<group>"; };
		873448C81CE7AE0C005A17AC /* Bard TransportTests.xctest */ = {isa = PBXFileReference; explicitFileType = wrapper.cfbundle; includeInIndex = 0; path = "Bard TransportTests.xctest"; sourceTree = BUILT_PRODUCTS_DIR; };
		873448CC1CE7AE0C005A17AC /* Bard_TransportTests.swift */ = {isa = PBXFileReference; lastKnownFileType = sourcecode.swift; path = Bard_TransportTests.swift; sourceTree = "<group>"; };
		873448CE1CE7AE0C005A17AC /* Info.plist */ = {isa = PBXFileReference; lastKnownFileType = text.plist.xml; name = Info.plist; path = "Bard TransportTests/Info.plist"; sourceTree = SOURCE_ROOT; };
		873448D31CE7AE0D005A17AC /* Bard TransportUITests.xctest */ = {isa = PBXFileReference; explicitFileType = wrapper.cfbundle; includeInIndex = 0; path = "Bard TransportUITests.xctest"; sourceTree = BUILT_PRODUCTS_DIR; };
		873448D71CE7AE0D005A17AC /* Bard_TransportUITests.swift */ = {isa = PBXFileReference; lastKnownFileType = sourcecode.swift; path = Bard_TransportUITests.swift; sourceTree = "<group>"; };
		873448D91CE7AE0D005A17AC /* Info.plist */ = {isa = PBXFileReference; lastKnownFileType = text.plist.xml; path = Info.plist; sourceTree = "<group>"; };
		873448F91CE7B2AC005A17AC /* ScheduledTime.swift */ = {isa = PBXFileReference; fileEncoding = 4; lastKnownFileType = sourcecode.swift; path = ScheduledTime.swift; sourceTree = "<group>"; };
		873448FB1CE7B2E4005A17AC /* ShuttleStop.swift */ = {isa = PBXFileReference; fileEncoding = 4; lastKnownFileType = sourcecode.swift; path = ShuttleStop.swift; sourceTree = "<group>"; };
		873448FD1CE7B301005A17AC /* ScheduledStop.swift */ = {isa = PBXFileReference; fileEncoding = 4; lastKnownFileType = sourcecode.swift; path = ScheduledStop.swift; sourceTree = "<group>"; };
		873448FF1CE7B326005A17AC /* ScheduledRun.swift */ = {isa = PBXFileReference; fileEncoding = 4; lastKnownFileType = sourcecode.swift; path = ScheduledRun.swift; sourceTree = "<group>"; };
		873449011CE7B33D005A17AC /* ScheduledDay.swift */ = {isa = PBXFileReference; fileEncoding = 4; lastKnownFileType = sourcecode.swift; path = ScheduledDay.swift; sourceTree = "<group>"; };
		873449031CE7B37C005A17AC /* Itinerary.swift */ = {isa = PBXFileReference; fileEncoding = 4; lastKnownFileType = sourcecode.swift; path = Itinerary.swift; sourceTree = "<group>"; };
		873449051CE7B3C8005A17AC /* Schedule.swift */ = {isa = PBXFileReference; fileEncoding = 4; lastKnownFileType = sourcecode.swift; path = Schedule.swift; sourceTree = "<group>"; };
		873449071CE7B3FA005A17AC /* SmartTime.swift */ = {isa = PBXFileReference; fileEncoding = 4; lastKnownFileType = sourcecode.swift; path = SmartTime.swift; sourceTree = "<group>"; };
		8767BBBB1CEE999000A71C32 /* MAT-UBS.png */ = {isa = PBXFileReference; lastKnownFileType = image.png; path = "MAT-UBS.png"; sourceTree = "<group>"; };
		8767BBC11CEE9DEF00A71C32 /* Gahagan.png */ = {isa = PBXFileReference; lastKnownFileType = image.png; path = Gahagan.png; sourceTree = "<group>"; };
		8767BBC41CEEA11C00A71C32 /* Gahagan Fancy Flag.png */ = {isa = PBXFileReference; lastKnownFileType = image.png; path = "Gahagan Fancy Flag.png"; sourceTree = "<group>"; };
		87C3C5091CED983500005CDF /* JABSwiftCore.framework */ = {isa = PBXFileReference; lastKnownFileType = wrapper.framework; name = JABSwiftCore.framework; path = "../../../../Library/Developer/Xcode/DerivedData/Bard_Transport-aitqzrafcmlrxeavsghabjjcylij/Build/Products/Debug-iphoneos/JABSwiftCore/JABSwiftCore.framework"; sourceTree = "<group>"; };
		87C3C50C1CEE439300005CDF /* Global.swift */ = {isa = PBXFileReference; fileEncoding = 4; lastKnownFileType = sourcecode.swift; path = Global.swift; sourceTree = "<group>"; };
		87ECF3DC1CE7B8140093C2AE /* Sidebar.swift */ = {isa = PBXFileReference; fileEncoding = 4; lastKnownFileType = sourcecode.swift; path = Sidebar.swift; sourceTree = "<group>"; };
		87ECF3E31CE7B8F40093C2AE /* SidebarMenuTableViewCell.swift */ = {isa = PBXFileReference; fileEncoding = 4; lastKnownFileType = sourcecode.swift; path = SidebarMenuTableViewCell.swift; sourceTree = "<group>"; };
		87ECF3E51CE7B9070093C2AE /* SidebarMenuHeader.swift */ = {isa = PBXFileReference; fileEncoding = 4; lastKnownFileType = sourcecode.swift; path = SidebarMenuHeader.swift; sourceTree = "<group>"; };
		87ECF3E71CE7B91D0093C2AE /* SidebarMenuItem.swift */ = {isa = PBXFileReference; fileEncoding = 4; lastKnownFileType = sourcecode.swift; path = SidebarMenuItem.swift; sourceTree = "<group>"; };
		87ECF3E91CE7B9350093C2AE /* SidebarMenu.swift */ = {isa = PBXFileReference; fileEncoding = 4; lastKnownFileType = sourcecode.swift; path = SidebarMenu.swift; sourceTree = "<group>"; };
		87ECF3EB1CE7B9810093C2AE /* Map.swift */ = {isa = PBXFileReference; fileEncoding = 4; lastKnownFileType = sourcecode.swift; path = Map.swift; sourceTree = "<group>"; };
		87ECF3FB1CE7BA700093C2AE /* ScheduledTimeTableViewCell.swift */ = {isa = PBXFileReference; fileEncoding = 4; lastKnownFileType = sourcecode.swift; path = ScheduledTimeTableViewCell.swift; sourceTree = "<group>"; };
		87ECF3FD1CE7BA980093C2AE /* ScheduledSheetTableViewSectionHeader.swift */ = {isa = PBXFileReference; fileEncoding = 4; lastKnownFileType = sourcecode.swift; path = ScheduledSheetTableViewSectionHeader.swift; sourceTree = "<group>"; };
		87ECF3FF1CE7BAC40093C2AE /* ScheduleSheetBody.swift */ = {isa = PBXFileReference; fileEncoding = 4; lastKnownFileType = sourcecode.swift; path = ScheduleSheetBody.swift; sourceTree = "<group>"; };
		87ECF4011CE7BAE50093C2AE /* ScheduleSheetHeader.swift */ = {isa = PBXFileReference; fileEncoding = 4; lastKnownFileType = sourcecode.swift; path = ScheduleSheetHeader.swift; sourceTree = "<group>"; };
		87ECF4031CE7BAFC0093C2AE /* ScheduleSheet.swift */ = {isa = PBXFileReference; fileEncoding = 4; lastKnownFileType = sourcecode.swift; path = ScheduleSheet.swift; sourceTree = "<group>"; };
		87ECF4051CE7BB180093C2AE /* ScheduleSelectorHelpScreen.swift */ = {isa = PBXFileReference; fileEncoding = 4; lastKnownFileType = sourcecode.swift; path = ScheduleSelectorHelpScreen.swift; sourceTree = "<group>"; };
		87ECF4071CE7BB370093C2AE /* ShuttleStopView.swift */ = {isa = PBXFileReference; fileEncoding = 4; lastKnownFileType = sourcecode.swift; path = ShuttleStopView.swift; sourceTree = "<group>"; };
		87ECF4091CE7BB4D0093C2AE /* ShuttleStopStack.swift */ = {isa = PBXFileReference; fileEncoding = 4; lastKnownFileType = sourcecode.swift; path = ShuttleStopStack.swift; sourceTree = "<group>"; };
		87ECF40B1CE7BB680093C2AE /* ScheduleSelector.swift */ = {isa = PBXFileReference; fileEncoding = 4; lastKnownFileType = sourcecode.swift; path = ScheduleSelector.swift; sourceTree = "<group>"; };
		87ECF40D1CE7BBA00093C2AE /* MainSector.swift */ = {isa = PBXFileReference; fileEncoding = 4; lastKnownFileType = sourcecode.swift; path = MainSector.swift; sourceTree = "<group>"; };
		87ECF40F1CE7BBBC0093C2AE /* ApplicationRoot.swift */ = {isa = PBXFileReference; fileEncoding = 4; lastKnownFileType = sourcecode.swift; path = ApplicationRoot.swift; sourceTree = "<group>"; };
		87ECF4131CE7BBF10093C2AE /* Main Background-4 Inch.JPG */ = {isa = PBXFileReference; lastKnownFileType = image.jpeg; path = "Main Background-4 Inch.JPG"; sourceTree = "<group>"; };
		87ECF4161CE7BC0D0093C2AE /* Hannaford Fancy Flag.png */ = {isa = PBXFileReference; lastKnownFileType = image.png; path = "Hannaford Fancy Flag.png"; sourceTree = "<group>"; };
		87ECF4171CE7BC0D0093C2AE /* Kline Fancy Flag.png */ = {isa = PBXFileReference; lastKnownFileType = image.png; path = "Kline Fancy Flag.png"; sourceTree = "<group>"; };
		87ECF4181CE7BC0D0093C2AE /* Red Hook Fancy Flag.png */ = {isa = PBXFileReference; lastKnownFileType = image.png; path = "Red Hook Fancy Flag.png"; sourceTree = "<group>"; };
		87ECF4191CE7BC0D0093C2AE /* Robbins Fancy Flag.png */ = {isa = PBXFileReference; lastKnownFileType = image.png; path = "Robbins Fancy Flag.png"; sourceTree = "<group>"; };
		87ECF41A1CE7BC0D0093C2AE /* Tivoli Fancy Flag.png */ = {isa = PBXFileReference; lastKnownFileType = image.png; path = "Tivoli Fancy Flag.png"; sourceTree = "<group>"; };
		87ECF41B1CE7BC0D0093C2AE /* Triangle Fancy Flag.png */ = {isa = PBXFileReference; lastKnownFileType = image.png; path = "Triangle Fancy Flag.png"; sourceTree = "<group>"; };
		87ECF4231CE7BC1C0093C2AE /* shuttleStopSquareRegularSmaller.png */ = {isa = PBXFileReference; lastKnownFileType = image.png; path = shuttleStopSquareRegularSmaller.png; sourceTree = "<group>"; };
		87ECF4241CE7BC1C0093C2AE /* botsteincolorheadbowtie100x100.png */ = {isa = PBXFileReference; lastKnownFileType = image.png; path = botsteincolorheadbowtie100x100.png; sourceTree = "<group>"; };
		87ECF4251CE7BC1C0093C2AE /* Road.png */ = {isa = PBXFileReference; lastKnownFileType = image.png; path = Road.png; sourceTree = "<group>"; };
		87ECF42A1CE7BC2D0093C2AE /* Clock Icon.png */ = {isa = PBXFileReference; lastKnownFileType = image.png; path = "Clock Icon.png"; sourceTree = "<group>"; };
		87ECF42B1CE7BC2D0093C2AE /* Help Button.png */ = {isa = PBXFileReference; lastKnownFileType = image.png; path = "Help Button.png"; sourceTree = "<group>"; };
		87ECF42C1CE7BC2D0093C2AE /* Map Button 2D.png */ = {isa = PBXFileReference; lastKnownFileType = image.png; path = "Map Button 2D.png"; sourceTree = "<group>"; };
		87ECF42D1CE7BC2D0093C2AE /* Map Button.png */ = {isa = PBXFileReference; lastKnownFileType = image.png; path = "Map Button.png"; sourceTree = "<group>"; };
		87ECF42E1CE7BC2D0093C2AE /* Minus Button.png */ = {isa = PBXFileReference; lastKnownFileType = image.png; path = "Minus Button.png"; sourceTree = "<group>"; };
		87ECF42F1CE7BC2D0093C2AE /* Plus Button.png */ = {isa = PBXFileReference; lastKnownFileType = image.png; path = "Plus Button.png"; sourceTree = "<group>"; };
		87ECF4301CE7BC2D0093C2AE /* Sidebar Button.png */ = {isa = PBXFileReference; lastKnownFileType = image.png; path = "Sidebar Button.png"; sourceTree = "<group>"; };
		87ECF4311CE7BC2D0093C2AE /* X Button Pressed.png */ = {isa = PBXFileReference; lastKnownFileType = image.png; path = "X Button Pressed.png"; sourceTree = "<group>"; };
		87ECF4321CE7BC2D0093C2AE /* X Button.png */ = {isa = PBXFileReference; lastKnownFileType = image.png; path = "X Button.png"; sourceTree = "<group>"; };
		87ECF43D1CE7BC420093C2AE /* Tivoli.png */ = {isa = PBXFileReference; lastKnownFileType = image.png; path = Tivoli.png; sourceTree = "<group>"; };
		87ECF43E1CE7BC420093C2AE /* Robbins.png */ = {isa = PBXFileReference; lastKnownFileType = image.png; path = Robbins.png; sourceTree = "<group>"; };
		87ECF43F1CE7BC420093C2AE /* Kline.png */ = {isa = PBXFileReference; lastKnownFileType = image.png; path = Kline.png; sourceTree = "<group>"; };
		87ECF4401CE7BC420093C2AE /* Red Hook.png */ = {isa = PBXFileReference; lastKnownFileType = image.png; path = "Red Hook.png"; sourceTree = "<group>"; };
		87ECF4411CE7BC420093C2AE /* Hannaford.png */ = {isa = PBXFileReference; lastKnownFileType = image.png; path = Hannaford.png; sourceTree = "<group>"; };
		87F839B91CEDA808000E9E7C /* Pods_Bard_Transport.framework */ = {isa = PBXFileReference; lastKnownFileType = wrapper.framework; name = Pods_Bard_Transport.framework; path = "Pods/../build/Debug-iphoneos/Pods_Bard_Transport.framework"; sourceTree = "<group>"; };
		87FA064E1CED8ACE009375F1 /* NotificationCenter.framework */ = {isa = PBXFileReference; lastKnownFileType = wrapper.framework; name = NotificationCenter.framework; path = System/Library/Frameworks/NotificationCenter.framework; sourceTree = SDKROOT; };
		87FA06861CED95D9009375F1 /* Smart Times.appex */ = {isa = PBXFileReference; explicitFileType = "wrapper.app-extension"; includeInIndex = 0; path = "Smart Times.appex"; sourceTree = BUILT_PRODUCTS_DIR; };
		87FA06891CED95D9009375F1 /* TodayViewController.swift */ = {isa = PBXFileReference; lastKnownFileType = sourcecode.swift; path = TodayViewController.swift; sourceTree = "<group>"; };
		87FA068C1CED95D9009375F1 /* Base */ = {isa = PBXFileReference; lastKnownFileType = file.storyboard; name = Base; path = Base.lproj/MainInterface.storyboard; sourceTree = "<group>"; };
		87FA068E1CED95D9009375F1 /* Info.plist */ = {isa = PBXFileReference; lastKnownFileType = text.plist.xml; path = Info.plist; sourceTree = "<group>"; };
		87FEF22E1CEEB5380009EF84 /* Ward Gate Fancy Flag.png */ = {isa = PBXFileReference; lastKnownFileType = image.png; path = "Ward Gate Fancy Flag.png"; sourceTree = "<group>"; };
		87FEF2301CEEB6040009EF84 /* Church St Fancy Flag.png */ = {isa = PBXFileReference; lastKnownFileType = image.png; path = "Church St Fancy Flag.png"; sourceTree = "<group>"; };
		87FEF2361CEEB8180009EF84 /* Monument Fancy Flag.png */ = {isa = PBXFileReference; lastKnownFileType = image.png; path = "Monument Fancy Flag.png"; sourceTree = "<group>"; };
		87FEF2381CEEB8E00009EF84 /* MAT-UBS Fancy Flag.png */ = {isa = PBXFileReference; lastKnownFileType = image.png; path = "MAT-UBS Fancy Flag.png"; sourceTree = "<group>"; };
		87FEF23A1CEEC96A0009EF84 /* Launch Image 640x1136.png */ = {isa = PBXFileReference; lastKnownFileType = image.png; path = "Launch Image 640x1136.png"; sourceTree = "<group>"; };
		87FEF2421CEFAFD10009EF84 /* Tivoli Map.png */ = {isa = PBXFileReference; lastKnownFileType = image.png; path = "Tivoli Map.png"; sourceTree = "<group>"; };
		87FEF2441CEFB1650009EF84 /* Monument Map.png */ = {isa = PBXFileReference; lastKnownFileType = image.png; path = "Monument Map.png"; sourceTree = "<group>"; };
		87FEF2461CEFB1BB0009EF84 /* Campus Rd Map.png */ = {isa = PBXFileReference; lastKnownFileType = image.png; path = "Campus Rd Map.png"; sourceTree = "<group>"; };
		87FEF2481CEFB1F70009EF84 /* Robbins Map.png */ = {isa = PBXFileReference; lastKnownFileType = image.png; path = "Robbins Map.png"; sourceTree = "<group>"; };
		87FEF24A1CEFB21C0009EF84 /* Ward Gate Map.png */ = {isa = PBXFileReference; lastKnownFileType = image.png; path = "Ward Gate Map.png"; sourceTree = "<group>"; };
		87FEF24C1CEFB24B0009EF84 /* Kline Map.png */ = {isa = PBXFileReference; lastKnownFileType = image.png; path = "Kline Map.png"; sourceTree = "<group>"; };
		87FEF24E1CEFBA200009EF84 /* Gahagan Map.png */ = {isa = PBXFileReference; lastKnownFileType = image.png; path = "Gahagan Map.png"; sourceTree = "<group>"; };
		87FEF2501CEFBA460009EF84 /* Triangle Map.png */ = {isa = PBXFileReference; lastKnownFileType = image.png; path = "Triangle Map.png"; sourceTree = "<group>"; };
		87FEF2521CEFBA820009EF84 /* Church St Map.png */ = {isa = PBXFileReference; lastKnownFileType = image.png; path = "Church St Map.png"; sourceTree = "<group>"; };
		87FEF2541CEFBACC0009EF84 /* Red Hook Map.png */ = {isa = PBXFileReference; lastKnownFileType = image.png; path = "Red Hook Map.png"; sourceTree = "<group>"; };
		87FEF2561CEFBB010009EF84 /* MAT-UBS Map.png */ = {isa = PBXFileReference; lastKnownFileType = image.png; path = "MAT-UBS Map.png"; sourceTree = "<group>"; };
		87FEF2581CEFBB5C0009EF84 /* Hannaford Map.png */ = {isa = PBXFileReference; lastKnownFileType = image.png; path = "Hannaford Map.png"; sourceTree = "<group>"; };
		87FEF25A1CEFBC3D0009EF84 /* Campus Rd Fancy Flag.png */ = {isa = PBXFileReference; lastKnownFileType = image.png; path = "Campus Rd Fancy Flag.png"; sourceTree = "<group>"; };
		87FEF25C1CEFBC470009EF84 /* Campus Rd.png */ = {isa = PBXFileReference; lastKnownFileType = image.png; path = "Campus Rd.png"; sourceTree = "<group>"; };
		90BFA7788A6236CA6033B2E4 /* Pods_Bard_TransportTests.framework */ = {isa = PBXFileReference; explicitFileType = wrapper.framework; includeInIndex = 0; path = Pods_Bard_TransportTests.framework; sourceTree = BUILT_PRODUCTS_DIR; };
		B85F07E6325BA3288176A496 /* Pods_Smart_Times.framework */ = {isa = PBXFileReference; explicitFileType = wrapper.framework; includeInIndex = 0; path = Pods_Smart_Times.framework; sourceTree = BUILT_PRODUCTS_DIR; };
		C31E7096300E189A51B4ACBB /* Pods-Bard TransportTests.debug.xcconfig */ = {isa = PBXFileReference; includeInIndex = 1; lastKnownFileType = text.xcconfig; name = "Pods-Bard TransportTests.debug.xcconfig"; path = "Pods/Target Support Files/Pods-Bard TransportTests/Pods-Bard TransportTests.debug.xcconfig"; sourceTree = "<group>"; };
		C9936E375E140065813268E0 /* Pods-Smart Times.debug.xcconfig */ = {isa = PBXFileReference; includeInIndex = 1; lastKnownFileType = text.xcconfig; name = "Pods-Smart Times.debug.xcconfig"; path = "Pods/Target Support Files/Pods-Smart Times/Pods-Smart Times.debug.xcconfig"; sourceTree = "<group>"; };
		EE76ED6E6D31ED7136B6B32A /* Pods-Bard Transport.debug.xcconfig */ = {isa = PBXFileReference; includeInIndex = 1; lastKnownFileType = text.xcconfig; name = "Pods-Bard Transport.debug.xcconfig"; path = "Pods/Target Support Files/Pods-Bard Transport/Pods-Bard Transport.debug.xcconfig"; sourceTree = "<group>"; };
		F9A81179F26047D46D697A83 /* Pods-Bard Transport.release.xcconfig */ = {isa = PBXFileReference; includeInIndex = 1; lastKnownFileType = text.xcconfig; name = "Pods-Bard Transport.release.xcconfig"; path = "Pods/Target Support Files/Pods-Bard Transport/Pods-Bard Transport.release.xcconfig"; sourceTree = "<group>"; };
		FEC54BE5BFA53E0B2609F310 /* Pods_Bard_TransportUITests.framework */ = {isa = PBXFileReference; explicitFileType = wrapper.framework; includeInIndex = 0; path = Pods_Bard_TransportUITests.framework; sourceTree = BUILT_PRODUCTS_DIR; };
/* End PBXFileReference section */

/* Begin PBXFrameworksBuildPhase section */
		873448AE1CE7AE0C005A17AC /* Frameworks */ = {
			isa = PBXFrameworksBuildPhase;
			buildActionMask = 2147483647;
			files = (
				8767BBB71CEE980400A71C32 /* JABSwiftCore.framework in Frameworks */,
				C9E020D06975074D146011F0 /* Pods_Bard_Transport.framework in Frameworks */,
			);
			runOnlyForDeploymentPostprocessing = 0;
		};
		873448C51CE7AE0C005A17AC /* Frameworks */ = {
			isa = PBXFrameworksBuildPhase;
			buildActionMask = 2147483647;
			files = (
				2AFF5F3456728913D7E014DF /* Pods_Bard_TransportTests.framework in Frameworks */,
			);
			runOnlyForDeploymentPostprocessing = 0;
		};
		873448D01CE7AE0D005A17AC /* Frameworks */ = {
			isa = PBXFrameworksBuildPhase;
			buildActionMask = 2147483647;
			files = (
				1988174C653FEABDA51E28EE /* Pods_Bard_TransportUITests.framework in Frameworks */,
			);
			runOnlyForDeploymentPostprocessing = 0;
		};
		87FA06831CED95D9009375F1 /* Frameworks */ = {
			isa = PBXFrameworksBuildPhase;
			buildActionMask = 2147483647;
			files = (
				87B838E71CEE564D0088F77C /* JABSwiftCore.framework in Frameworks */,
				87FA06871CED95D9009375F1 /* NotificationCenter.framework in Frameworks */,
				25C6B9771E816A19300AD302 /* Pods_Smart_Times.framework in Frameworks */,
			);
			runOnlyForDeploymentPostprocessing = 0;
		};
/* End PBXFrameworksBuildPhase section */

/* Begin PBXGroup section */
		206524F181581F43BE64944B /* Pods */ = {
			isa = PBXGroup;
			children = (
				C31E7096300E189A51B4ACBB /* Pods-Bard TransportTests.debug.xcconfig */,
				2B57D946C888C432C82FF583 /* Pods-Bard TransportTests.release.xcconfig */,
				4AD68225478E78229D345496 /* Pods-Bard TransportUITests.debug.xcconfig */,
				7CD51063176D469D7FF775F0 /* Pods-Bard TransportUITests.release.xcconfig */,
				EE76ED6E6D31ED7136B6B32A /* Pods-Bard Transport.debug.xcconfig */,
				F9A81179F26047D46D697A83 /* Pods-Bard Transport.release.xcconfig */,
				C9936E375E140065813268E0 /* Pods-Smart Times.debug.xcconfig */,
				630C1296C35DD35F9BAAFFAC /* Pods-Smart Times.release.xcconfig */,
			);
			name = Pods;
			sourceTree = "<group>";
		};
		872789C01CE7B57200D6CD06 /* Components */ = {
			isa = PBXGroup;
			children = (
				872789C21CE7B58500D6CD06 /* Main Sector */,
				872789C11CE7B57D00D6CD06 /* Notifications */,
			);
			name = Components;
			sourceTree = "<group>";
		};
		872789C11CE7B57D00D6CD06 /* Notifications */ = {
			isa = PBXGroup;
			children = (
				872789C31CE7B59900D6CD06 /* Update Notification */,
			);
			name = Notifications;
			sourceTree = "<group>";
		};
		872789C21CE7B58500D6CD06 /* Main Sector */ = {
			isa = PBXGroup;
			children = (
				87ECF40D1CE7BBA00093C2AE /* MainSector.swift */,
				872789C61CE7B5D800D6CD06 /* Components */,
			);
			name = "Main Sector";
			sourceTree = "<group>";
		};
		872789C31CE7B59900D6CD06 /* Update Notification */ = {
			isa = PBXGroup;
			children = (
				872789C41CE7B5C600D6CD06 /* UpdateNotification.swift */,
			);
			name = "Update Notification";
			sourceTree = "<group>";
		};
		872789C61CE7B5D800D6CD06 /* Components */ = {
			isa = PBXGroup;
			children = (
				872789C91CE7B5F800D6CD06 /* Sidebar */,
				872789C81CE7B5EF00D6CD06 /* Map */,
				872789C71CE7B5E700D6CD06 /* Schedule Selector */,
			);
			name = Components;
			sourceTree = "<group>";
		};
		872789C71CE7B5E700D6CD06 /* Schedule Selector */ = {
			isa = PBXGroup;
			children = (
				87ECF40B1CE7BB680093C2AE /* ScheduleSelector.swift */,
				87ECF3F61CE7BA290093C2AE /* Components */,
			);
			name = "Schedule Selector";
			sourceTree = "<group>";
		};
		872789C81CE7B5EF00D6CD06 /* Map */ = {
			isa = PBXGroup;
			children = (
				87ECF3EB1CE7B9810093C2AE /* Map.swift */,
			);
			name = Map;
			sourceTree = "<group>";
		};
		872789C91CE7B5F800D6CD06 /* Sidebar */ = {
			isa = PBXGroup;
			children = (
				87ECF3DC1CE7B8140093C2AE /* Sidebar.swift */,
				872789CA1CE7B61700D6CD06 /* Components */,
			);
			name = Sidebar;
			sourceTree = "<group>";
		};
		872789CA1CE7B61700D6CD06 /* Components */ = {
			isa = PBXGroup;
			children = (
				872789CB1CE7B63900D6CD06 /* Sidebar Item */,
			);
			name = Components;
			sourceTree = "<group>";
		};
		872789CB1CE7B63900D6CD06 /* Sidebar Item */ = {
			isa = PBXGroup;
			children = (
				872789E01CE7B7D300D6CD06 /* SidebarItem.swift */,
				872789CC1CE7B64300D6CD06 /* Subclasses */,
			);
			name = "Sidebar Item";
			sourceTree = "<group>";
		};
		872789CC1CE7B64300D6CD06 /* Subclasses */ = {
			isa = PBXGroup;
			children = (
				872789CD1CE7B64C00D6CD06 /* Smart Times */,
				872789CE1CE7B65E00D6CD06 /* Menu */,
			);
			name = Subclasses;
			sourceTree = "<group>";
		};
		872789CD1CE7B64C00D6CD06 /* Smart Times */ = {
			isa = PBXGroup;
			children = (
				872789DE1CE7B7AE00D6CD06 /* SmartTimes.swift */,
				872789CF1CE7B67100D6CD06 /* Components */,
			);
			name = "Smart Times";
			sourceTree = "<group>";
		};
		872789CE1CE7B65E00D6CD06 /* Menu */ = {
			isa = PBXGroup;
			children = (
				87ECF3E91CE7B9350093C2AE /* SidebarMenu.swift */,
				87ECF3DF1CE7B84B0093C2AE /* Model */,
				87ECF3DE1CE7B8420093C2AE /* Components */,
			);
			name = Menu;
			sourceTree = "<group>";
		};
		872789CF1CE7B67100D6CD06 /* Components */ = {
			isa = PBXGroup;
			children = (
				872789D21CE7B69A00D6CD06 /* Smart Times Pane */,
				872789D11CE7B69100D6CD06 /* Too Far From Campus Error View */,
				872789D01CE7B67E00D6CD06 /* Insufficient Access Privileges Error View */,
			);
			name = Components;
			sourceTree = "<group>";
		};
		872789D01CE7B67E00D6CD06 /* Insufficient Access Privileges Error View */ = {
			isa = PBXGroup;
			children = (
				872789D61CE7B70100D6CD06 /* SmartTimesInsufficientAccessPrivilegesErrorView.swift */,
			);
			name = "Insufficient Access Privileges Error View";
			sourceTree = "<group>";
		};
		872789D11CE7B69100D6CD06 /* Too Far From Campus Error View */ = {
			isa = PBXGroup;
			children = (
				872789D81CE7B72B00D6CD06 /* SmartTimesTooFarFromCampusErrorView.swift */,
			);
			name = "Too Far From Campus Error View";
			sourceTree = "<group>";
		};
		872789D21CE7B69A00D6CD06 /* Smart Times Pane */ = {
			isa = PBXGroup;
			children = (
				872789DC1CE7B78700D6CD06 /* SmartTimePane.swift */,
				872789D41CE7B6C600D6CD06 /* Components */,
			);
			name = "Smart Times Pane";
			sourceTree = "<group>";
		};
		872789D31CE7B6AE00D6CD06 /* End Of Line Error View */ = {
			isa = PBXGroup;
			children = (
				872789DA1CE7B74200D6CD06 /* SmartTimesPaneEndOfLineErrorView.swift */,
			);
			name = "End Of Line Error View";
			sourceTree = "<group>";
		};
		872789D41CE7B6C600D6CD06 /* Components */ = {
			isa = PBXGroup;
			children = (
				872789D31CE7B6AE00D6CD06 /* End Of Line Error View */,
			);
			name = Components;
			sourceTree = "<group>";
		};
		873448A81CE7AE0C005A17AC = {
			isa = PBXGroup;
			children = (
				873448B31CE7AE0C005A17AC /* Bard Transport */,
				873448CB1CE7AE0C005A17AC /* Bard TransportTests */,
				873448D61CE7AE0D005A17AC /* Bard TransportUITests */,
				87FA06881CED95D9009375F1 /* Smart Times */,
				873448B21CE7AE0C005A17AC /* Products */,
				DA1E0C01C156696CC5D268D4 /* Frameworks */,
				206524F181581F43BE64944B /* Pods */,
			);
			sourceTree = "<group>";
		};
		873448B21CE7AE0C005A17AC /* Products */ = {
			isa = PBXGroup;
			children = (
				873448B11CE7AE0C005A17AC /* Bard Transport.app */,
				873448C81CE7AE0C005A17AC /* Bard TransportTests.xctest */,
				873448D31CE7AE0D005A17AC /* Bard TransportUITests.xctest */,
				87FA06861CED95D9009375F1 /* Smart Times.appex */,
			);
			name = Products;
			sourceTree = "<group>";
		};
		873448B31CE7AE0C005A17AC /* Bard Transport */ = {
			isa = PBXGroup;
			children = (
				873448E91CE7B1CF005A17AC /* Default */,
				873448E81CE7B1CA005A17AC /* Managers */,
				873448E71CE7B1C5005A17AC /* Model */,
				873448E61CE7B1BE005A17AC /* Application Root */,
				873448E51CE7B1B4005A17AC /* Supporting Files */,
			);
			path = "Bard Transport";
			sourceTree = "<group>";
		};
		873448CB1CE7AE0C005A17AC /* Bard TransportTests */ = {
			isa = PBXGroup;
			children = (
				873448CC1CE7AE0C005A17AC /* Bard_TransportTests.swift */,
				873448CE1CE7AE0C005A17AC /* Info.plist */,
			);
			path = "Bard TransportTests";
			sourceTree = "<group>";
		};
		873448D61CE7AE0D005A17AC /* Bard TransportUITests */ = {
			isa = PBXGroup;
			children = (
				873448D71CE7AE0D005A17AC /* Bard_TransportUITests.swift */,
				873448D91CE7AE0D005A17AC /* Info.plist */,
			);
			path = "Bard TransportUITests";
			sourceTree = "<group>";
		};
		873448E51CE7B1B4005A17AC /* Supporting Files */ = {
			isa = PBXGroup;
			children = (
				87ECF4111CE7BBE10093C2AE /* Images */,
			);
			name = "Supporting Files";
			sourceTree = "<group>";
		};
		873448E61CE7B1BE005A17AC /* Application Root */ = {
			isa = PBXGroup;
			children = (
				87ECF40F1CE7BBBC0093C2AE /* ApplicationRoot.swift */,
				872789C01CE7B57200D6CD06 /* Components */,
			);
			name = "Application Root";
			sourceTree = "<group>";
		};
		873448E71CE7B1C5005A17AC /* Model */ = {
			isa = PBXGroup;
			children = (
				873448F01CE7B235005A17AC /* Shuttle Stop */,
				873448EF1CE7B22E005A17AC /* Itinerary */,
				873448EE1CE7B22A005A17AC /* Schedule */,
				873448ED1CE7B222005A17AC /* Smart Time */,
			);
			name = Model;
			sourceTree = "<group>";
		};
		873448E81CE7B1CA005A17AC /* Managers */ = {
			isa = PBXGroup;
			children = (
				873448EB1CE7B1FD005A17AC /* Shuttle Stop Manager */,
				873448EC1CE7B20A005A17AC /* User Location Manager */,
			);
			name = Managers;
			sourceTree = "<group>";
		};
		873448E91CE7B1CF005A17AC /* Default */ = {
			isa = PBXGroup;
			children = (
				873448B41CE7AE0C005A17AC /* AppDelegate.swift */,
				873448B61CE7AE0C005A17AC /* ViewController.swift */,
				87C3C50C1CEE439300005CDF /* Global.swift */,
				873448EA1CE7B1D9005A17AC /* Other */,
			);
			name = Default;
			sourceTree = "<group>";
		};
		873448EA1CE7B1D9005A17AC /* Other */ = {
			isa = PBXGroup;
			children = (
				873448B81CE7AE0C005A17AC /* Main.storyboard */,
				873448BE1CE7AE0C005A17AC /* Assets.xcassets */,
				873448C01CE7AE0C005A17AC /* LaunchScreen.storyboard */,
				873448C31CE7AE0C005A17AC /* Info.plist */,
				873448BB1CE7AE0C005A17AC /* Bard_Transport.xcdatamodeld */,
			);
			name = Other;
			sourceTree = "<group>";
		};
		873448EB1CE7B1FD005A17AC /* Shuttle Stop Manager */ = {
			isa = PBXGroup;
			children = (
				872789BC1CE7B48E00D6CD06 /* ShuttleStopManager.swift */,
			);
			name = "Shuttle Stop Manager";
			sourceTree = "<group>";
		};
		873448EC1CE7B20A005A17AC /* User Location Manager */ = {
			isa = PBXGroup;
			children = (
				872789BE1CE7B4A100D6CD06 /* UserLocationManager.swift */,
			);
			name = "User Location Manager";
			sourceTree = "<group>";
		};
		873448ED1CE7B222005A17AC /* Smart Time */ = {
			isa = PBXGroup;
			children = (
				873449071CE7B3FA005A17AC /* SmartTime.swift */,
			);
			name = "Smart Time";
			sourceTree = "<group>";
		};
		873448EE1CE7B22A005A17AC /* Schedule */ = {
			isa = PBXGroup;
			children = (
				873449051CE7B3C8005A17AC /* Schedule.swift */,
				873448F11CE7B253005A17AC /* Components */,
			);
			name = Schedule;
			sourceTree = "<group>";
		};
		873448EF1CE7B22E005A17AC /* Itinerary */ = {
			isa = PBXGroup;
			children = (
				873449031CE7B37C005A17AC /* Itinerary.swift */,
			);
			name = Itinerary;
			sourceTree = "<group>";
		};
		873448F01CE7B235005A17AC /* Shuttle Stop */ = {
			isa = PBXGroup;
			children = (
				873448FB1CE7B2E4005A17AC /* ShuttleStop.swift */,
			);
			name = "Shuttle Stop";
			sourceTree = "<group>";
		};
		873448F11CE7B253005A17AC /* Components */ = {
			isa = PBXGroup;
			children = (
				873448F21CE7B25A005A17AC /* Scheduled Day */,
			);
			name = Components;
			sourceTree = "<group>";
		};
		873448F21CE7B25A005A17AC /* Scheduled Day */ = {
			isa = PBXGroup;
			children = (
				873449011CE7B33D005A17AC /* ScheduledDay.swift */,
				873448F31CE7B260005A17AC /* Components */,
			);
			name = "Scheduled Day";
			sourceTree = "<group>";
		};
		873448F31CE7B260005A17AC /* Components */ = {
			isa = PBXGroup;
			children = (
				873448F41CE7B265005A17AC /* Scheduled Run */,
			);
			name = Components;
			sourceTree = "<group>";
		};
		873448F41CE7B265005A17AC /* Scheduled Run */ = {
			isa = PBXGroup;
			children = (
				873448FF1CE7B326005A17AC /* ScheduledRun.swift */,
				873448F51CE7B26B005A17AC /* Components */,
			);
			name = "Scheduled Run";
			sourceTree = "<group>";
		};
		873448F51CE7B26B005A17AC /* Components */ = {
			isa = PBXGroup;
			children = (
				873448F61CE7B270005A17AC /* Scheduled Stop */,
			);
			name = Components;
			sourceTree = "<group>";
		};
		873448F61CE7B270005A17AC /* Scheduled Stop */ = {
			isa = PBXGroup;
			children = (
				873448FD1CE7B301005A17AC /* ScheduledStop.swift */,
				873448F71CE7B275005A17AC /* Components */,
			);
			name = "Scheduled Stop";
			sourceTree = "<group>";
		};
		873448F71CE7B275005A17AC /* Components */ = {
			isa = PBXGroup;
			children = (
				873448F81CE7B27A005A17AC /* Scheduled Time */,
			);
			name = Components;
			sourceTree = "<group>";
		};
		873448F81CE7B27A005A17AC /* Scheduled Time */ = {
			isa = PBXGroup;
			children = (
				873448F91CE7B2AC005A17AC /* ScheduledTime.swift */,
			);
			name = "Scheduled Time";
			sourceTree = "<group>";
		};
		87ECF3DE1CE7B8420093C2AE /* Components */ = {
			isa = PBXGroup;
			children = (
				87ECF3E21CE7B8DD0093C2AE /* Header */,
				87ECF3E11CE7B8D50093C2AE /* Table View Cell */,
			);
			name = Components;
			sourceTree = "<group>";
		};
		87ECF3DF1CE7B84B0093C2AE /* Model */ = {
			isa = PBXGroup;
			children = (
				87ECF3E01CE7B8C90093C2AE /* Menu Item */,
			);
			name = Model;
			sourceTree = "<group>";
		};
		87ECF3E01CE7B8C90093C2AE /* Menu Item */ = {
			isa = PBXGroup;
			children = (
				87ECF3E71CE7B91D0093C2AE /* SidebarMenuItem.swift */,
			);
			name = "Menu Item";
			sourceTree = "<group>";
		};
		87ECF3E11CE7B8D50093C2AE /* Table View Cell */ = {
			isa = PBXGroup;
			children = (
				87ECF3E31CE7B8F40093C2AE /* SidebarMenuTableViewCell.swift */,
			);
			name = "Table View Cell";
			sourceTree = "<group>";
		};
		87ECF3E21CE7B8DD0093C2AE /* Header */ = {
			isa = PBXGroup;
			children = (
				87ECF3E51CE7B9070093C2AE /* SidebarMenuHeader.swift */,
			);
			name = Header;
			sourceTree = "<group>";
		};
		87ECF3EF1CE7B9B70093C2AE /* Table View Cell */ = {
			isa = PBXGroup;
			children = (
				87ECF3FB1CE7BA700093C2AE /* ScheduledTimeTableViewCell.swift */,
			);
			name = "Table View Cell";
			sourceTree = "<group>";
		};
		87ECF3F01CE7B9C90093C2AE /* Table View Section Header */ = {
			isa = PBXGroup;
			children = (
				87ECF3FD1CE7BA980093C2AE /* ScheduledSheetTableViewSectionHeader.swift */,
			);
			name = "Table View Section Header";
			sourceTree = "<group>";
		};
		87ECF3F11CE7B9ED0093C2AE /* Components */ = {
			isa = PBXGroup;
			children = (
				87ECF3F01CE7B9C90093C2AE /* Table View Section Header */,
				87ECF3EF1CE7B9B70093C2AE /* Table View Cell */,
			);
			name = Components;
			sourceTree = "<group>";
		};
		87ECF3F21CE7B9F80093C2AE /* Body */ = {
			isa = PBXGroup;
			children = (
				87ECF3FF1CE7BAC40093C2AE /* ScheduleSheetBody.swift */,
				87ECF3F11CE7B9ED0093C2AE /* Components */,
			);
			name = Body;
			sourceTree = "<group>";
		};
		87ECF3F31CE7B9FD0093C2AE /* Components */ = {
			isa = PBXGroup;
			children = (
				87ECF3F41CE7BA0D0093C2AE /* Header */,
				87ECF3F21CE7B9F80093C2AE /* Body */,
			);
			name = Components;
			sourceTree = "<group>";
		};
		87ECF3F41CE7BA0D0093C2AE /* Header */ = {
			isa = PBXGroup;
			children = (
				87ECF4011CE7BAE50093C2AE /* ScheduleSheetHeader.swift */,
			);
			name = Header;
			sourceTree = "<group>";
		};
		87ECF3F51CE7BA1F0093C2AE /* Schedule Sheet */ = {
			isa = PBXGroup;
			children = (
				87ECF4031CE7BAFC0093C2AE /* ScheduleSheet.swift */,
				87ECF3F31CE7B9FD0093C2AE /* Components */,
			);
			name = "Schedule Sheet";
			sourceTree = "<group>";
		};
		87ECF3F61CE7BA290093C2AE /* Components */ = {
			isa = PBXGroup;
			children = (
				87ECF3FA1CE7BA500093C2AE /* Shuttle Stop Stack */,
				87ECF3F71CE7BA330093C2AE /* Help Screen */,
				87ECF3F51CE7BA1F0093C2AE /* Schedule Sheet */,
			);
			name = Components;
			sourceTree = "<group>";
		};
		87ECF3F71CE7BA330093C2AE /* Help Screen */ = {
			isa = PBXGroup;
			children = (
				87ECF4051CE7BB180093C2AE /* ScheduleSelectorHelpScreen.swift */,
			);
			name = "Help Screen";
			sourceTree = "<group>";
		};
		87ECF3F81CE7BA390093C2AE /* Shuttle Stop View */ = {
			isa = PBXGroup;
			children = (
				87ECF4071CE7BB370093C2AE /* ShuttleStopView.swift */,
			);
			name = "Shuttle Stop View";
			sourceTree = "<group>";
		};
		87ECF3F91CE7BA490093C2AE /* Components */ = {
			isa = PBXGroup;
			children = (
				87ECF3F81CE7BA390093C2AE /* Shuttle Stop View */,
			);
			name = Components;
			sourceTree = "<group>";
		};
		87ECF3FA1CE7BA500093C2AE /* Shuttle Stop Stack */ = {
			isa = PBXGroup;
			children = (
				87ECF4091CE7BB4D0093C2AE /* ShuttleStopStack.swift */,
				87ECF3F91CE7BA490093C2AE /* Components */,
			);
			name = "Shuttle Stop Stack";
			sourceTree = "<group>";
		};
		87ECF4111CE7BBE10093C2AE /* Images */ = {
			isa = PBXGroup;
			children = (
				87ECF4121CE7BBE80093C2AE /* Main Background */,
				87ECF43C1CE7BC310093C2AE /* Shuttle Stop Icons */,
				87FEF23F1CEFAE750009EF84 /* Map Icons */,
				87ECF4151CE7BBFF0093C2AE /* Fancy Flags */,
				87FEF23C1CEEC96D0009EF84 /* Launch Image */,
				87ECF4291CE7BC220093C2AE /* Buttons */,
				87ECF4221CE7BC110093C2AE /* General */,
			);
			name = Images;
			sourceTree = "<group>";
		};
		87ECF4121CE7BBE80093C2AE /* Main Background */ = {
			isa = PBXGroup;
			children = (
				87ECF4131CE7BBF10093C2AE /* Main Background-4 Inch.JPG */,
			);
			name = "Main Background";
			sourceTree = "<group>";
		};
		87ECF4151CE7BBFF0093C2AE /* Fancy Flags */ = {
			isa = PBXGroup;
			children = (
				87ECF41A1CE7BC0D0093C2AE /* Tivoli Fancy Flag.png */,
				87FEF2361CEEB8180009EF84 /* Monument Fancy Flag.png */,
				87FEF25A1CEFBC3D0009EF84 /* Campus Rd Fancy Flag.png */,
				87ECF4191CE7BC0D0093C2AE /* Robbins Fancy Flag.png */,
				87FEF22E1CEEB5380009EF84 /* Ward Gate Fancy Flag.png */,
				87ECF4171CE7BC0D0093C2AE /* Kline Fancy Flag.png */,
				8767BBC41CEEA11C00A71C32 /* Gahagan Fancy Flag.png */,
				87ECF41B1CE7BC0D0093C2AE /* Triangle Fancy Flag.png */,
				87FEF2301CEEB6040009EF84 /* Church St Fancy Flag.png */,
				87ECF4181CE7BC0D0093C2AE /* Red Hook Fancy Flag.png */,
				87FEF2381CEEB8E00009EF84 /* MAT-UBS Fancy Flag.png */,
				87ECF4161CE7BC0D0093C2AE /* Hannaford Fancy Flag.png */,
			);
			name = "Fancy Flags";
			sourceTree = "<group>";
		};
		87ECF4221CE7BC110093C2AE /* General */ = {
			isa = PBXGroup;
			children = (
				87ECF4231CE7BC1C0093C2AE /* shuttleStopSquareRegularSmaller.png */,
				87ECF4241CE7BC1C0093C2AE /* botsteincolorheadbowtie100x100.png */,
				87ECF4251CE7BC1C0093C2AE /* Road.png */,
			);
			name = General;
			sourceTree = "<group>";
		};
		87ECF4291CE7BC220093C2AE /* Buttons */ = {
			isa = PBXGroup;
			children = (
				87ECF42A1CE7BC2D0093C2AE /* Clock Icon.png */,
				87ECF42B1CE7BC2D0093C2AE /* Help Button.png */,
				87ECF42C1CE7BC2D0093C2AE /* Map Button 2D.png */,
				87ECF42D1CE7BC2D0093C2AE /* Map Button.png */,
				87ECF42E1CE7BC2D0093C2AE /* Minus Button.png */,
				87ECF42F1CE7BC2D0093C2AE /* Plus Button.png */,
				87ECF4301CE7BC2D0093C2AE /* Sidebar Button.png */,
				87ECF4311CE7BC2D0093C2AE /* X Button Pressed.png */,
				87ECF4321CE7BC2D0093C2AE /* X Button.png */,
			);
			name = Buttons;
			sourceTree = "<group>";
		};
		87ECF43C1CE7BC310093C2AE /* Shuttle Stop Icons */ = {
			isa = PBXGroup;
			children = (
				87ECF43D1CE7BC420093C2AE /* Tivoli.png */,
				8720E7671CED0A7D002E6187 /* Monument.png */,
				87FEF25C1CEFBC470009EF84 /* Campus Rd.png */,
				87ECF43E1CE7BC420093C2AE /* Robbins.png */,
				8720E75D1CED071E002E6187 /* Ward Gate.png */,
				87ECF43F1CE7BC420093C2AE /* Kline.png */,
				8767BBC11CEE9DEF00A71C32 /* Gahagan.png */,
				8720E7531CED038F002E6187 /* Triangle.png */,
				8720E7551CED03F1002E6187 /* Church St.png */,
				87ECF4401CE7BC420093C2AE /* Red Hook.png */,
				8767BBBB1CEE999000A71C32 /* MAT-UBS.png */,
				87ECF4411CE7BC420093C2AE /* Hannaford.png */,
			);
			name = "Shuttle Stop Icons";
			sourceTree = "<group>";
		};
		87FA06881CED95D9009375F1 /* Smart Times */ = {
			isa = PBXGroup;
			children = (
				87FA06891CED95D9009375F1 /* TodayViewController.swift */,
				87FA068B1CED95D9009375F1 /* MainInterface.storyboard */,
				87FA068E1CED95D9009375F1 /* Info.plist */,
			);
			path = "Smart Times";
			sourceTree = "<group>";
		};
		87FEF23C1CEEC96D0009EF84 /* Launch Image */ = {
			isa = PBXGroup;
			children = (
				87FEF23A1CEEC96A0009EF84 /* Launch Image 640x1136.png */,
			);
			name = "Launch Image";
			sourceTree = "<group>";
		};
		87FEF23F1CEFAE750009EF84 /* Map Icons */ = {
			isa = PBXGroup;
			children = (
				87FEF2421CEFAFD10009EF84 /* Tivoli Map.png */,
				87FEF2441CEFB1650009EF84 /* Monument Map.png */,
				87FEF2461CEFB1BB0009EF84 /* Campus Rd Map.png */,
				87FEF2481CEFB1F70009EF84 /* Robbins Map.png */,
				87FEF24A1CEFB21C0009EF84 /* Ward Gate Map.png */,
				87FEF24C1CEFB24B0009EF84 /* Kline Map.png */,
				87FEF24E1CEFBA200009EF84 /* Gahagan Map.png */,
				87FEF2501CEFBA460009EF84 /* Triangle Map.png */,
				87FEF2521CEFBA820009EF84 /* Church St Map.png */,
				87FEF2541CEFBACC0009EF84 /* Red Hook Map.png */,
				87FEF2561CEFBB010009EF84 /* MAT-UBS Map.png */,
				87FEF2581CEFBB5C0009EF84 /* Hannaford Map.png */,
			);
			name = "Map Icons";
			sourceTree = "<group>";
		};
		DA1E0C01C156696CC5D268D4 /* Frameworks */ = {
			isa = PBXGroup;
			children = (
				87F839B91CEDA808000E9E7C /* Pods_Bard_Transport.framework */,
				87C3C5091CED983500005CDF /* JABSwiftCore.framework */,
				87FA064E1CED8ACE009375F1 /* NotificationCenter.framework */,
				2CFE4C7379C2E8C885D5F87D /* Pods_Bard_Transport.framework */,
				90BFA7788A6236CA6033B2E4 /* Pods_Bard_TransportTests.framework */,
				FEC54BE5BFA53E0B2609F310 /* Pods_Bard_TransportUITests.framework */,
				B85F07E6325BA3288176A496 /* Pods_Smart_Times.framework */,
			);
			name = Frameworks;
			sourceTree = "<group>";
		};
/* End PBXGroup section */

/* Begin PBXNativeTarget section */
		873448B01CE7AE0C005A17AC /* Bard Transport */ = {
			isa = PBXNativeTarget;
			buildConfigurationList = 873448DC1CE7AE0D005A17AC /* Build configuration list for PBXNativeTarget "Bard Transport" */;
			buildPhases = (
				720EF4ED69AD4DDCFE3C16B5 /* 📦 Check Pods Manifest.lock */,
				873448AD1CE7AE0C005A17AC /* Sources */,
				873448AE1CE7AE0C005A17AC /* Frameworks */,
				873448AF1CE7AE0C005A17AC /* Resources */,
				87FA065D1CED8ACE009375F1 /* Embed App Extensions */,
				8C1BF5DA6D1A1D61E91F2316 /* 📦 Embed Pods Frameworks */,
				E9E31B5039BBE8AA8EFA518D /* 📦 Copy Pods Resources */,
			);
			buildRules = (
			);
			dependencies = (
				87FA06901CED95D9009375F1 /* PBXTargetDependency */,
			);
			name = "Bard Transport";
			productName = "Bard Transport";
			productReference = 873448B11CE7AE0C005A17AC /* Bard Transport.app */;
			productType = "com.apple.product-type.application";
		};
		873448C71CE7AE0C005A17AC /* Bard TransportTests */ = {
			isa = PBXNativeTarget;
			buildConfigurationList = 873448DF1CE7AE0D005A17AC /* Build configuration list for PBXNativeTarget "Bard TransportTests" */;
			buildPhases = (
				CB6CE5594B914F611C7F67ED /* 📦 Check Pods Manifest.lock */,
				873448C41CE7AE0C005A17AC /* Sources */,
				873448C51CE7AE0C005A17AC /* Frameworks */,
				873448C61CE7AE0C005A17AC /* Resources */,
				2E1CC59BCB03108055BCC0BA /* 📦 Embed Pods Frameworks */,
				52336A9CB5BE0D3ABD90CFCF /* 📦 Copy Pods Resources */,
			);
			buildRules = (
			);
			dependencies = (
				873448CA1CE7AE0C005A17AC /* PBXTargetDependency */,
			);
			name = "Bard TransportTests";
			productName = "Bard TransportTests";
			productReference = 873448C81CE7AE0C005A17AC /* Bard TransportTests.xctest */;
			productType = "com.apple.product-type.bundle.unit-test";
		};
		873448D21CE7AE0D005A17AC /* Bard TransportUITests */ = {
			isa = PBXNativeTarget;
			buildConfigurationList = 873448E21CE7AE0D005A17AC /* Build configuration list for PBXNativeTarget "Bard TransportUITests" */;
			buildPhases = (
				59E2A8C6BA151168E5719031 /* 📦 Check Pods Manifest.lock */,
				873448CF1CE7AE0D005A17AC /* Sources */,
				873448D01CE7AE0D005A17AC /* Frameworks */,
				873448D11CE7AE0D005A17AC /* Resources */,
				A5AEB65408DCFCD15CE0ECB1 /* 📦 Copy Pods Resources */,
			);
			buildRules = (
			);
			dependencies = (
				873448D51CE7AE0D005A17AC /* PBXTargetDependency */,
			);
			name = "Bard TransportUITests";
			productName = "Bard TransportUITests";
			productReference = 873448D31CE7AE0D005A17AC /* Bard TransportUITests.xctest */;
			productType = "com.apple.product-type.bundle.ui-testing";
		};
		87FA06851CED95D9009375F1 /* Smart Times */ = {
			isa = PBXNativeTarget;
			buildConfigurationList = 87FA06921CED95D9009375F1 /* Build configuration list for PBXNativeTarget "Smart Times" */;
			buildPhases = (
				5BB67D18CA53605581369418 /* 📦 Check Pods Manifest.lock */,
				87FA06821CED95D9009375F1 /* Sources */,
				87FA06831CED95D9009375F1 /* Frameworks */,
				87FA06841CED95D9009375F1 /* Resources */,
				EF09CDF45E651A98ADFC9495 /* 📦 Embed Pods Frameworks */,
				16B7B779EE6A0118005FFAA8 /* 📦 Copy Pods Resources */,
			);
			buildRules = (
			);
			dependencies = (
			);
			name = "Smart Times";
			productName = "Smart Times";
			productReference = 87FA06861CED95D9009375F1 /* Smart Times.appex */;
			productType = "com.apple.product-type.app-extension";
		};
/* End PBXNativeTarget section */

/* Begin PBXProject section */
		873448A91CE7AE0C005A17AC /* Project object */ = {
			isa = PBXProject;
			attributes = {
				LastSwiftUpdateCheck = 0730;
				LastUpgradeCheck = 0730;
				ORGANIZATIONNAME = "Jeremy Bannister";
				TargetAttributes = {
					873448B01CE7AE0C005A17AC = {
						CreatedOnToolsVersion = 7.3;
						DevelopmentTeam = H5N9FLA33R;
					};
					873448C71CE7AE0C005A17AC = {
						CreatedOnToolsVersion = 7.3;
						TestTargetID = 873448B01CE7AE0C005A17AC;
					};
					873448D21CE7AE0D005A17AC = {
						CreatedOnToolsVersion = 7.3;
						TestTargetID = 873448B01CE7AE0C005A17AC;
					};
					87FA06851CED95D9009375F1 = {
						CreatedOnToolsVersion = 7.3;
						DevelopmentTeam = H5N9FLA33R;
					};
				};
			};
			buildConfigurationList = 873448AC1CE7AE0C005A17AC /* Build configuration list for PBXProject "Bard Transport" */;
			compatibilityVersion = "Xcode 3.2";
			developmentRegion = English;
			hasScannedForEncodings = 0;
			knownRegions = (
				en,
				Base,
			);
			mainGroup = 873448A81CE7AE0C005A17AC;
			productRefGroup = 873448B21CE7AE0C005A17AC /* Products */;
			projectDirPath = "";
			projectRoot = "";
			targets = (
				873448B01CE7AE0C005A17AC /* Bard Transport */,
				873448C71CE7AE0C005A17AC /* Bard TransportTests */,
				873448D21CE7AE0D005A17AC /* Bard TransportUITests */,
				87FA06851CED95D9009375F1 /* Smart Times */,
			);
		};
/* End PBXProject section */

/* Begin PBXResourcesBuildPhase section */
		873448AF1CE7AE0C005A17AC /* Resources */ = {
			isa = PBXResourcesBuildPhase;
			buildActionMask = 2147483647;
			files = (
				87ECF4341CE7BC2D0093C2AE /* Help Button.png in Resources */,
				8767BBC21CEE9DEF00A71C32 /* Gahagan.png in Resources */,
				8720E7541CED038F002E6187 /* Triangle.png in Resources */,
				87FEF2551CEFBACC0009EF84 /* Red Hook Map.png in Resources */,
				87ECF43B1CE7BC2D0093C2AE /* X Button.png in Resources */,
				87ECF41C1CE7BC0D0093C2AE /* Hannaford Fancy Flag.png in Resources */,
				87ECF43A1CE7BC2D0093C2AE /* X Button Pressed.png in Resources */,
				87ECF4211CE7BC0D0093C2AE /* Triangle Fancy Flag.png in Resources */,
				87ECF4461CE7BC420093C2AE /* Hannaford.png in Resources */,
				87FEF25D1CEFBC470009EF84 /* Campus Rd.png in Resources */,
				87ECF4391CE7BC2D0093C2AE /* Sidebar Button.png in Resources */,
				87FEF2511CEFBA460009EF84 /* Triangle Map.png in Resources */,
				87ECF4331CE7BC2D0093C2AE /* Clock Icon.png in Resources */,
				87ECF4351CE7BC2D0093C2AE /* Map Button 2D.png in Resources */,
				87FEF2571CEFBB010009EF84 /* MAT-UBS Map.png in Resources */,
				87FEF24B1CEFB21C0009EF84 /* Ward Gate Map.png in Resources */,
				87FEF2491CEFB1F70009EF84 /* Robbins Map.png in Resources */,
				87ECF4361CE7BC2D0093C2AE /* Map Button.png in Resources */,
				87FEF2391CEEB8E00009EF84 /* MAT-UBS Fancy Flag.png in Resources */,
				873448C21CE7AE0C005A17AC /* LaunchScreen.storyboard in Resources */,
				87FEF22F1CEEB5380009EF84 /* Ward Gate Fancy Flag.png in Resources */,
				87ECF4141CE7BBF10093C2AE /* Main Background-4 Inch.JPG in Resources */,
				87ECF4201CE7BC0D0093C2AE /* Tivoli Fancy Flag.png in Resources */,
				87ECF4371CE7BC2D0093C2AE /* Minus Button.png in Resources */,
				87ECF4421CE7BC420093C2AE /* Tivoli.png in Resources */,
				87FEF2371CEEB8180009EF84 /* Monument Fancy Flag.png in Resources */,
				87ECF41F1CE7BC0D0093C2AE /* Robbins Fancy Flag.png in Resources */,
				8720E75E1CED071E002E6187 /* Ward Gate.png in Resources */,
				8720E7561CED03F1002E6187 /* Church St.png in Resources */,
				87ECF41D1CE7BC0D0093C2AE /* Kline Fancy Flag.png in Resources */,
				87FEF2471CEFB1BB0009EF84 /* Campus Rd Map.png in Resources */,
				8767BBBC1CEE999000A71C32 /* MAT-UBS.png in Resources */,
				873448BF1CE7AE0C005A17AC /* Assets.xcassets in Resources */,
				87FEF24D1CEFB24B0009EF84 /* Kline Map.png in Resources */,
				87ECF4261CE7BC1C0093C2AE /* shuttleStopSquareRegularSmaller.png in Resources */,
				87ECF41E1CE7BC0D0093C2AE /* Red Hook Fancy Flag.png in Resources */,
				87ECF4271CE7BC1C0093C2AE /* botsteincolorheadbowtie100x100.png in Resources */,
				87ECF4441CE7BC420093C2AE /* Kline.png in Resources */,
				87ECF4451CE7BC420093C2AE /* Red Hook.png in Resources */,
				87FEF2531CEFBA820009EF84 /* Church St Map.png in Resources */,
				87FEF2451CEFB1650009EF84 /* Monument Map.png in Resources */,
				87FEF23B1CEEC96A0009EF84 /* Launch Image 640x1136.png in Resources */,
				87FEF25B1CEFBC3D0009EF84 /* Campus Rd Fancy Flag.png in Resources */,
				87FEF24F1CEFBA200009EF84 /* Gahagan Map.png in Resources */,
				87FEF2431CEFAFD10009EF84 /* Tivoli Map.png in Resources */,
				87ECF4381CE7BC2D0093C2AE /* Plus Button.png in Resources */,
				87FEF2311CEEB6040009EF84 /* Church St Fancy Flag.png in Resources */,
				87ECF4431CE7BC420093C2AE /* Robbins.png in Resources */,
				8720E7681CED0A7D002E6187 /* Monument.png in Resources */,
				873448BA1CE7AE0C005A17AC /* Main.storyboard in Resources */,
				87ECF4281CE7BC1C0093C2AE /* Road.png in Resources */,
				87FEF2591CEFBB5C0009EF84 /* Hannaford Map.png in Resources */,
				8767BBC51CEEA11C00A71C32 /* Gahagan Fancy Flag.png in Resources */,
			);
			runOnlyForDeploymentPostprocessing = 0;
		};
		873448C61CE7AE0C005A17AC /* Resources */ = {
			isa = PBXResourcesBuildPhase;
			buildActionMask = 2147483647;
			files = (
			);
			runOnlyForDeploymentPostprocessing = 0;
		};
		873448D11CE7AE0D005A17AC /* Resources */ = {
			isa = PBXResourcesBuildPhase;
			buildActionMask = 2147483647;
			files = (
			);
			runOnlyForDeploymentPostprocessing = 0;
		};
		87FA06841CED95D9009375F1 /* Resources */ = {
			isa = PBXResourcesBuildPhase;
			buildActionMask = 2147483647;
			files = (
				87C3C5111CEE4E0200005CDF /* Monument.png in Resources */,
				87C3C5181CEE4E0200005CDF /* Red Hook.png in Resources */,
				87C3C5131CEE4E0200005CDF /* Robbins.png in Resources */,
				87C3C5151CEE4E0200005CDF /* Kline.png in Resources */,
				87C3C51A1CEE4E0200005CDF /* Hannaford.png in Resources */,
				8767BBC31CEE9DEF00A71C32 /* Gahagan.png in Resources */,
				87C3C5101CEE4E0200005CDF /* Tivoli.png in Resources */,
				87C3C5171CEE4E0200005CDF /* Church St.png in Resources */,
				87FEF25E1CEFBC470009EF84 /* Campus Rd.png in Resources */,
				87C3C5161CEE4E0200005CDF /* Triangle.png in Resources */,
				87FA068D1CED95D9009375F1 /* MainInterface.storyboard in Resources */,
				87C3C5141CEE4E0200005CDF /* Ward Gate.png in Resources */,
				8767BBBD1CEE999000A71C32 /* MAT-UBS.png in Resources */,
			);
			runOnlyForDeploymentPostprocessing = 0;
		};
/* End PBXResourcesBuildPhase section */

/* Begin PBXShellScriptBuildPhase section */
		16B7B779EE6A0118005FFAA8 /* 📦 Copy Pods Resources */ = {
			isa = PBXShellScriptBuildPhase;
			buildActionMask = 2147483647;
			files = (
			);
			inputPaths = (
			);
			name = "📦 Copy Pods Resources";
			outputPaths = (
			);
			runOnlyForDeploymentPostprocessing = 0;
			shellPath = /bin/sh;
			shellScript = "\"${SRCROOT}/Pods/Target Support Files/Pods-Smart Times/Pods-Smart Times-resources.sh\"\n";
			showEnvVarsInLog = 0;
		};
		2E1CC59BCB03108055BCC0BA /* 📦 Embed Pods Frameworks */ = {
			isa = PBXShellScriptBuildPhase;
			buildActionMask = 2147483647;
			files = (
			);
			inputPaths = (
			);
			name = "📦 Embed Pods Frameworks";
			outputPaths = (
			);
			runOnlyForDeploymentPostprocessing = 0;
			shellPath = /bin/sh;
			shellScript = "\"${SRCROOT}/Pods/Target Support Files/Pods-Bard TransportTests/Pods-Bard TransportTests-frameworks.sh\"\n";
			showEnvVarsInLog = 0;
		};
		52336A9CB5BE0D3ABD90CFCF /* 📦 Copy Pods Resources */ = {
			isa = PBXShellScriptBuildPhase;
			buildActionMask = 2147483647;
			files = (
			);
			inputPaths = (
			);
			name = "📦 Copy Pods Resources";
			outputPaths = (
			);
			runOnlyForDeploymentPostprocessing = 0;
			shellPath = /bin/sh;
			shellScript = "\"${SRCROOT}/Pods/Target Support Files/Pods-Bard TransportTests/Pods-Bard TransportTests-resources.sh\"\n";
			showEnvVarsInLog = 0;
		};
		59E2A8C6BA151168E5719031 /* 📦 Check Pods Manifest.lock */ = {
			isa = PBXShellScriptBuildPhase;
			buildActionMask = 2147483647;
			files = (
			);
			inputPaths = (
			);
			name = "📦 Check Pods Manifest.lock";
			outputPaths = (
			);
			runOnlyForDeploymentPostprocessing = 0;
			shellPath = /bin/sh;
			shellScript = "diff \"${PODS_ROOT}/../Podfile.lock\" \"${PODS_ROOT}/Manifest.lock\" > /dev/null\nif [[ $? != 0 ]] ; then\n    cat << EOM\nerror: The sandbox is not in sync with the Podfile.lock. Run 'pod install' or update your CocoaPods installation.\nEOM\n    exit 1\nfi\n";
			showEnvVarsInLog = 0;
		};
		5BB67D18CA53605581369418 /* 📦 Check Pods Manifest.lock */ = {
			isa = PBXShellScriptBuildPhase;
			buildActionMask = 2147483647;
			files = (
			);
			inputPaths = (
			);
			name = "📦 Check Pods Manifest.lock";
			outputPaths = (
			);
			runOnlyForDeploymentPostprocessing = 0;
			shellPath = /bin/sh;
			shellScript = "diff \"${PODS_ROOT}/../Podfile.lock\" \"${PODS_ROOT}/Manifest.lock\" > /dev/null\nif [[ $? != 0 ]] ; then\n    cat << EOM\nerror: The sandbox is not in sync with the Podfile.lock. Run 'pod install' or update your CocoaPods installation.\nEOM\n    exit 1\nfi\n";
			showEnvVarsInLog = 0;
		};
		720EF4ED69AD4DDCFE3C16B5 /* 📦 Check Pods Manifest.lock */ = {
			isa = PBXShellScriptBuildPhase;
			buildActionMask = 2147483647;
			files = (
			);
			inputPaths = (
			);
			name = "📦 Check Pods Manifest.lock";
			outputPaths = (
			);
			runOnlyForDeploymentPostprocessing = 0;
			shellPath = /bin/sh;
			shellScript = "diff \"${PODS_ROOT}/../Podfile.lock\" \"${PODS_ROOT}/Manifest.lock\" > /dev/null\nif [[ $? != 0 ]] ; then\n    cat << EOM\nerror: The sandbox is not in sync with the Podfile.lock. Run 'pod install' or update your CocoaPods installation.\nEOM\n    exit 1\nfi\n";
			showEnvVarsInLog = 0;
		};
		8C1BF5DA6D1A1D61E91F2316 /* 📦 Embed Pods Frameworks */ = {
			isa = PBXShellScriptBuildPhase;
			buildActionMask = 2147483647;
			files = (
			);
			inputPaths = (
			);
			name = "📦 Embed Pods Frameworks";
			outputPaths = (
			);
			runOnlyForDeploymentPostprocessing = 0;
			shellPath = /bin/sh;
			shellScript = "\"${SRCROOT}/Pods/Target Support Files/Pods-Bard Transport/Pods-Bard Transport-frameworks.sh\"\n";
			showEnvVarsInLog = 0;
		};
		A5AEB65408DCFCD15CE0ECB1 /* 📦 Copy Pods Resources */ = {
			isa = PBXShellScriptBuildPhase;
			buildActionMask = 2147483647;
			files = (
			);
			inputPaths = (
			);
			name = "📦 Copy Pods Resources";
			outputPaths = (
			);
			runOnlyForDeploymentPostprocessing = 0;
			shellPath = /bin/sh;
			shellScript = "\"${SRCROOT}/Pods/Target Support Files/Pods-Bard TransportUITests/Pods-Bard TransportUITests-resources.sh\"\n";
			showEnvVarsInLog = 0;
		};
		CB6CE5594B914F611C7F67ED /* 📦 Check Pods Manifest.lock */ = {
			isa = PBXShellScriptBuildPhase;
			buildActionMask = 2147483647;
			files = (
			);
			inputPaths = (
			);
			name = "📦 Check Pods Manifest.lock";
			outputPaths = (
			);
			runOnlyForDeploymentPostprocessing = 0;
			shellPath = /bin/sh;
			shellScript = "diff \"${PODS_ROOT}/../Podfile.lock\" \"${PODS_ROOT}/Manifest.lock\" > /dev/null\nif [[ $? != 0 ]] ; then\n    cat << EOM\nerror: The sandbox is not in sync with the Podfile.lock. Run 'pod install' or update your CocoaPods installation.\nEOM\n    exit 1\nfi\n";
			showEnvVarsInLog = 0;
		};
		E9E31B5039BBE8AA8EFA518D /* 📦 Copy Pods Resources */ = {
			isa = PBXShellScriptBuildPhase;
			buildActionMask = 2147483647;
			files = (
			);
			inputPaths = (
			);
			name = "📦 Copy Pods Resources";
			outputPaths = (
			);
			runOnlyForDeploymentPostprocessing = 0;
			shellPath = /bin/sh;
			shellScript = "\"${SRCROOT}/Pods/Target Support Files/Pods-Bard Transport/Pods-Bard Transport-resources.sh\"\n";
			showEnvVarsInLog = 0;
		};
		EF09CDF45E651A98ADFC9495 /* 📦 Embed Pods Frameworks */ = {
			isa = PBXShellScriptBuildPhase;
			buildActionMask = 2147483647;
			files = (
			);
			inputPaths = (
			);
			name = "📦 Embed Pods Frameworks";
			outputPaths = (
			);
			runOnlyForDeploymentPostprocessing = 0;
			shellPath = /bin/sh;
			shellScript = "\"${SRCROOT}/Pods/Target Support Files/Pods-Smart Times/Pods-Smart Times-frameworks.sh\"\n";
			showEnvVarsInLog = 0;
		};
/* End PBXShellScriptBuildPhase section */

/* Begin PBXSourcesBuildPhase section */
		873448AD1CE7AE0C005A17AC /* Sources */ = {
			isa = PBXSourcesBuildPhase;
			buildActionMask = 2147483647;
			files = (
				87ECF3FE1CE7BA980093C2AE /* ScheduledSheetTableViewSectionHeader.swift in Sources */,
				873448B71CE7AE0C005A17AC /* ViewController.swift in Sources */,
				872789BD1CE7B48E00D6CD06 /* ShuttleStopManager.swift in Sources */,
				87ECF3EC1CE7B9810093C2AE /* Map.swift in Sources */,
				87C3C50D1CEE439300005CDF /* Global.swift in Sources */,
				87ECF4061CE7BB180093C2AE /* ScheduleSelectorHelpScreen.swift in Sources */,
				872789DB1CE7B74200D6CD06 /* SmartTimesPaneEndOfLineErrorView.swift in Sources */,
				87ECF40A1CE7BB4D0093C2AE /* ShuttleStopStack.swift in Sources */,
				873448B51CE7AE0C005A17AC /* AppDelegate.swift in Sources */,
				873448FA1CE7B2AC005A17AC /* ScheduledTime.swift in Sources */,
				872789D71CE7B70100D6CD06 /* SmartTimesInsufficientAccessPrivilegesErrorView.swift in Sources */,
				87ECF3E81CE7B91D0093C2AE /* SidebarMenuItem.swift in Sources */,
				872789DD1CE7B78700D6CD06 /* SmartTimePane.swift in Sources */,
				872789DF1CE7B7AE00D6CD06 /* SmartTimes.swift in Sources */,
				873449001CE7B326005A17AC /* ScheduledRun.swift in Sources */,
				87ECF40C1CE7BB680093C2AE /* ScheduleSelector.swift in Sources */,
				87ECF3FC1CE7BA700093C2AE /* ScheduledTimeTableViewCell.swift in Sources */,
				87ECF3E61CE7B9070093C2AE /* SidebarMenuHeader.swift in Sources */,
				873449021CE7B33D005A17AC /* ScheduledDay.swift in Sources */,
				87ECF4081CE7BB370093C2AE /* ShuttleStopView.swift in Sources */,
				873448FE1CE7B301005A17AC /* ScheduledStop.swift in Sources */,
				872789C51CE7B5C600D6CD06 /* UpdateNotification.swift in Sources */,
				87ECF4101CE7BBBC0093C2AE /* ApplicationRoot.swift in Sources */,
				87ECF4041CE7BAFC0093C2AE /* ScheduleSheet.swift in Sources */,
				872789BF1CE7B4A100D6CD06 /* UserLocationManager.swift in Sources */,
				87ECF3E41CE7B8F40093C2AE /* SidebarMenuTableViewCell.swift in Sources */,
				872789E11CE7B7D300D6CD06 /* SidebarItem.swift in Sources */,
				872789D91CE7B72B00D6CD06 /* SmartTimesTooFarFromCampusErrorView.swift in Sources */,
				87ECF4001CE7BAC40093C2AE /* ScheduleSheetBody.swift in Sources */,
				873448BD1CE7AE0C005A17AC /* Bard_Transport.xcdatamodeld in Sources */,
				87ECF40E1CE7BBA00093C2AE /* MainSector.swift in Sources */,
				87ECF4021CE7BAE50093C2AE /* ScheduleSheetHeader.swift in Sources */,
				873449041CE7B37C005A17AC /* Itinerary.swift in Sources */,
				873449061CE7B3C8005A17AC /* Schedule.swift in Sources */,
				873448FC1CE7B2E4005A17AC /* ShuttleStop.swift in Sources */,
				87ECF3EA1CE7B9350093C2AE /* SidebarMenu.swift in Sources */,
				87ECF3DD1CE7B8140093C2AE /* Sidebar.swift in Sources */,
				873449081CE7B3FA005A17AC /* SmartTime.swift in Sources */,
			);
			runOnlyForDeploymentPostprocessing = 0;
		};
		873448C41CE7AE0C005A17AC /* Sources */ = {
			isa = PBXSourcesBuildPhase;
			buildActionMask = 2147483647;
			files = (
				873448CD1CE7AE0C005A17AC /* Bard_TransportTests.swift in Sources */,
			);
			runOnlyForDeploymentPostprocessing = 0;
		};
		873448CF1CE7AE0D005A17AC /* Sources */ = {
			isa = PBXSourcesBuildPhase;
			buildActionMask = 2147483647;
			files = (
				873448D81CE7AE0D005A17AC /* Bard_TransportUITests.swift in Sources */,
			);
			runOnlyForDeploymentPostprocessing = 0;
		};
		87FA06821CED95D9009375F1 /* Sources */ = {
			isa = PBXSourcesBuildPhase;
			buildActionMask = 2147483647;
			files = (
				87FA06991CED9658009375F1 /* Schedule.swift in Sources */,
				87FA06A51CED9658009375F1 /* SmartTimesPaneEndOfLineErrorView.swift in Sources */,
				87FA069A1CED9658009375F1 /* ScheduledDay.swift in Sources */,
				87FA06A31CED9658009375F1 /* SmartTimes.swift in Sources */,
				87FA068A1CED95D9009375F1 /* TodayViewController.swift in Sources */,
				87FA069C1CED9658009375F1 /* ScheduledStop.swift in Sources */,
				87FA069B1CED9658009375F1 /* ScheduledRun.swift in Sources */,
				87C3C50E1CEE43C300005CDF /* Global.swift in Sources */,
				87FA06A71CED9658009375F1 /* SmartTimesInsufficientAccessPrivilegesErrorView.swift in Sources */,
				87FA06951CED9630009375F1 /* ShuttleStopManager.swift in Sources */,
				87FA06A41CED9658009375F1 /* SmartTimePane.swift in Sources */,
				87FA06A61CED9658009375F1 /* SmartTimesTooFarFromCampusErrorView.swift in Sources */,
				87FA069D1CED9658009375F1 /* ScheduledTime.swift in Sources */,
				87C3C50F1CEE43F000005CDF /* SidebarItem.swift in Sources */,
				87FA06961CED9633009375F1 /* UserLocationManager.swift in Sources */,
				87FA06971CED9636009375F1 /* ShuttleStop.swift in Sources */,
				87FA06981CED9658009375F1 /* Itinerary.swift in Sources */,
				87FA069E1CED9658009375F1 /* SmartTime.swift in Sources */,
			);
			runOnlyForDeploymentPostprocessing = 0;
		};
/* End PBXSourcesBuildPhase section */

/* Begin PBXTargetDependency section */
		873448CA1CE7AE0C005A17AC /* PBXTargetDependency */ = {
			isa = PBXTargetDependency;
			target = 873448B01CE7AE0C005A17AC /* Bard Transport */;
			targetProxy = 873448C91CE7AE0C005A17AC /* PBXContainerItemProxy */;
		};
		873448D51CE7AE0D005A17AC /* PBXTargetDependency */ = {
			isa = PBXTargetDependency;
			target = 873448B01CE7AE0C005A17AC /* Bard Transport */;
			targetProxy = 873448D41CE7AE0D005A17AC /* PBXContainerItemProxy */;
		};
		87FA06901CED95D9009375F1 /* PBXTargetDependency */ = {
			isa = PBXTargetDependency;
			target = 87FA06851CED95D9009375F1 /* Smart Times */;
			targetProxy = 87FA068F1CED95D9009375F1 /* PBXContainerItemProxy */;
		};
/* End PBXTargetDependency section */

/* Begin PBXVariantGroup section */
		873448B81CE7AE0C005A17AC /* Main.storyboard */ = {
			isa = PBXVariantGroup;
			children = (
				873448B91CE7AE0C005A17AC /* Base */,
			);
			name = Main.storyboard;
			sourceTree = "<group>";
		};
		873448C01CE7AE0C005A17AC /* LaunchScreen.storyboard */ = {
			isa = PBXVariantGroup;
			children = (
				873448C11CE7AE0C005A17AC /* Base */,
			);
			name = LaunchScreen.storyboard;
			sourceTree = "<group>";
		};
		87FA068B1CED95D9009375F1 /* MainInterface.storyboard */ = {
			isa = PBXVariantGroup;
			children = (
				87FA068C1CED95D9009375F1 /* Base */,
			);
			name = MainInterface.storyboard;
			sourceTree = "<group>";
		};
/* End PBXVariantGroup section */

/* Begin XCBuildConfiguration section */
		873448DA1CE7AE0D005A17AC /* Debug */ = {
			isa = XCBuildConfiguration;
			buildSettings = {
				ALWAYS_SEARCH_USER_PATHS = NO;
				ASSETCATALOG_COMPILER_LAUNCHIMAGE_NAME = LaunchImage;
				CLANG_ANALYZER_NONNULL = YES;
				CLANG_CXX_LANGUAGE_STANDARD = "gnu++0x";
				CLANG_CXX_LIBRARY = "libc++";
				CLANG_ENABLE_MODULES = YES;
				CLANG_ENABLE_OBJC_ARC = YES;
				CLANG_WARN_BOOL_CONVERSION = YES;
				CLANG_WARN_CONSTANT_CONVERSION = YES;
				CLANG_WARN_DIRECT_OBJC_ISA_USAGE = YES_ERROR;
				CLANG_WARN_EMPTY_BODY = YES;
				CLANG_WARN_ENUM_CONVERSION = YES;
				CLANG_WARN_INT_CONVERSION = YES;
				CLANG_WARN_OBJC_ROOT_CLASS = YES_ERROR;
				CLANG_WARN_UNREACHABLE_CODE = YES;
				CLANG_WARN__DUPLICATE_METHOD_MATCH = YES;
				"CODE_SIGN_IDENTITY[sdk=iphoneos*]" = "iPhone Developer";
				COPY_PHASE_STRIP = NO;
				DEBUG_INFORMATION_FORMAT = dwarf;
				ENABLE_STRICT_OBJC_MSGSEND = YES;
				ENABLE_TESTABILITY = YES;
				GCC_C_LANGUAGE_STANDARD = gnu99;
				GCC_DYNAMIC_NO_PIC = NO;
				GCC_NO_COMMON_BLOCKS = YES;
				GCC_OPTIMIZATION_LEVEL = 0;
				GCC_PREPROCESSOR_DEFINITIONS = (
					"DEBUG=1",
					"$(inherited)",
				);
				GCC_WARN_64_TO_32_BIT_CONVERSION = YES;
				GCC_WARN_ABOUT_RETURN_TYPE = YES_ERROR;
				GCC_WARN_UNDECLARED_SELECTOR = YES;
				GCC_WARN_UNINITIALIZED_AUTOS = YES_AGGRESSIVE;
				GCC_WARN_UNUSED_FUNCTION = YES;
				GCC_WARN_UNUSED_VARIABLE = YES;
				IPHONEOS_DEPLOYMENT_TARGET = 9.0;
				MTL_ENABLE_DEBUG_INFO = YES;
				ONLY_ACTIVE_ARCH = YES;
				SDKROOT = iphoneos;
				SWIFT_OPTIMIZATION_LEVEL = "-Onone";
				TARGETED_DEVICE_FAMILY = "1,2";
			};
			name = Debug;
		};
		873448DB1CE7AE0D005A17AC /* Release */ = {
			isa = XCBuildConfiguration;
			buildSettings = {
				ALWAYS_SEARCH_USER_PATHS = NO;
				ASSETCATALOG_COMPILER_LAUNCHIMAGE_NAME = LaunchImage;
				CLANG_ANALYZER_NONNULL = YES;
				CLANG_CXX_LANGUAGE_STANDARD = "gnu++0x";
				CLANG_CXX_LIBRARY = "libc++";
				CLANG_ENABLE_MODULES = YES;
				CLANG_ENABLE_OBJC_ARC = YES;
				CLANG_WARN_BOOL_CONVERSION = YES;
				CLANG_WARN_CONSTANT_CONVERSION = YES;
				CLANG_WARN_DIRECT_OBJC_ISA_USAGE = YES_ERROR;
				CLANG_WARN_EMPTY_BODY = YES;
				CLANG_WARN_ENUM_CONVERSION = YES;
				CLANG_WARN_INT_CONVERSION = YES;
				CLANG_WARN_OBJC_ROOT_CLASS = YES_ERROR;
				CLANG_WARN_UNREACHABLE_CODE = YES;
				CLANG_WARN__DUPLICATE_METHOD_MATCH = YES;
				"CODE_SIGN_IDENTITY[sdk=iphoneos*]" = "iPhone Developer";
				COPY_PHASE_STRIP = NO;
				DEBUG_INFORMATION_FORMAT = "dwarf-with-dsym";
				ENABLE_NS_ASSERTIONS = NO;
				ENABLE_STRICT_OBJC_MSGSEND = YES;
				GCC_C_LANGUAGE_STANDARD = gnu99;
				GCC_NO_COMMON_BLOCKS = YES;
				GCC_WARN_64_TO_32_BIT_CONVERSION = YES;
				GCC_WARN_ABOUT_RETURN_TYPE = YES_ERROR;
				GCC_WARN_UNDECLARED_SELECTOR = YES;
				GCC_WARN_UNINITIALIZED_AUTOS = YES_AGGRESSIVE;
				GCC_WARN_UNUSED_FUNCTION = YES;
				GCC_WARN_UNUSED_VARIABLE = YES;
				IPHONEOS_DEPLOYMENT_TARGET = 9.0;
				MTL_ENABLE_DEBUG_INFO = NO;
				SDKROOT = iphoneos;
				TARGETED_DEVICE_FAMILY = "1,2";
				VALIDATE_PRODUCT = YES;
			};
			name = Release;
		};
		873448DD1CE7AE0D005A17AC /* Debug */ = {
			isa = XCBuildConfiguration;
			baseConfigurationReference = EE76ED6E6D31ED7136B6B32A /* Pods-Bard Transport.debug.xcconfig */;
			buildSettings = {
				ASSETCATALOG_COMPILER_APPICON_NAME = AppIcon;
				CODE_SIGN_IDENTITY = "iPhone Developer";
				"CODE_SIGN_IDENTITY[sdk=iphoneos*]" = "iPhone Developer";
				EMBEDDED_CONTENT_CONTAINS_SWIFT = YES;
				INFOPLIST_FILE = "Bard Transport/Info.plist";
				IPHONEOS_DEPLOYMENT_TARGET = 9.0;
				LD_RUNPATH_SEARCH_PATHS = "$(inherited) @executable_path/Frameworks";
				PRODUCT_BUNDLE_IDENTIFIER = "JAB.Bard-Transport";
				PRODUCT_NAME = "$(TARGET_NAME)";
				PROVISIONING_PROFILE = "";
			};
			name = Debug;
		};
		873448DE1CE7AE0D005A17AC /* Release */ = {
			isa = XCBuildConfiguration;
			baseConfigurationReference = F9A81179F26047D46D697A83 /* Pods-Bard Transport.release.xcconfig */;
			buildSettings = {
				ASSETCATALOG_COMPILER_APPICON_NAME = AppIcon;
				CODE_SIGN_IDENTITY = "iPhone Developer";
				"CODE_SIGN_IDENTITY[sdk=iphoneos*]" = "iPhone Developer";
				EMBEDDED_CONTENT_CONTAINS_SWIFT = YES;
				INFOPLIST_FILE = "Bard Transport/Info.plist";
				IPHONEOS_DEPLOYMENT_TARGET = 9.0;
				LD_RUNPATH_SEARCH_PATHS = "$(inherited) @executable_path/Frameworks";
				PRODUCT_BUNDLE_IDENTIFIER = "JAB.Bard-Transport";
				PRODUCT_NAME = "$(TARGET_NAME)";
				PROVISIONING_PROFILE = "";
			};
			name = Release;
		};
		873448E01CE7AE0D005A17AC /* Debug */ = {
			isa = XCBuildConfiguration;
			baseConfigurationReference = C31E7096300E189A51B4ACBB /* Pods-Bard TransportTests.debug.xcconfig */;
			buildSettings = {
				BUNDLE_LOADER = "$(TEST_HOST)";
				INFOPLIST_FILE = "Bard TransportTests/Info.plist";
				LD_RUNPATH_SEARCH_PATHS = "$(inherited) @executable_path/Frameworks @loader_path/Frameworks";
				PRODUCT_BUNDLE_IDENTIFIER = "JAB.Bard-TransportTests";
				PRODUCT_NAME = "$(TARGET_NAME)";
				TEST_HOST = "$(BUILT_PRODUCTS_DIR)/Bard Transport.app/Bard Transport";
			};
			name = Debug;
		};
		873448E11CE7AE0D005A17AC /* Release */ = {
			isa = XCBuildConfiguration;
			baseConfigurationReference = 2B57D946C888C432C82FF583 /* Pods-Bard TransportTests.release.xcconfig */;
			buildSettings = {
				BUNDLE_LOADER = "$(TEST_HOST)";
				INFOPLIST_FILE = "Bard TransportTests/Info.plist";
				LD_RUNPATH_SEARCH_PATHS = "$(inherited) @executable_path/Frameworks @loader_path/Frameworks";
				PRODUCT_BUNDLE_IDENTIFIER = "JAB.Bard-TransportTests";
				PRODUCT_NAME = "$(TARGET_NAME)";
				TEST_HOST = "$(BUILT_PRODUCTS_DIR)/Bard Transport.app/Bard Transport";
			};
			name = Release;
		};
		873448E31CE7AE0D005A17AC /* Debug */ = {
			isa = XCBuildConfiguration;
			baseConfigurationReference = 4AD68225478E78229D345496 /* Pods-Bard TransportUITests.debug.xcconfig */;
			buildSettings = {
				INFOPLIST_FILE = "Bard TransportUITests/Info.plist";
				LD_RUNPATH_SEARCH_PATHS = "$(inherited) @executable_path/Frameworks @loader_path/Frameworks";
				PRODUCT_BUNDLE_IDENTIFIER = "JAB.Bard-TransportUITests";
				PRODUCT_NAME = "$(TARGET_NAME)";
				TEST_TARGET_NAME = "Bard Transport";
			};
			name = Debug;
		};
		873448E41CE7AE0D005A17AC /* Release */ = {
			isa = XCBuildConfiguration;
			baseConfigurationReference = 7CD51063176D469D7FF775F0 /* Pods-Bard TransportUITests.release.xcconfig */;
			buildSettings = {
				INFOPLIST_FILE = "Bard TransportUITests/Info.plist";
				LD_RUNPATH_SEARCH_PATHS = "$(inherited) @executable_path/Frameworks @loader_path/Frameworks";
				PRODUCT_BUNDLE_IDENTIFIER = "JAB.Bard-TransportUITests";
				PRODUCT_NAME = "$(TARGET_NAME)";
				TEST_TARGET_NAME = "Bard Transport";
			};
			name = Release;
		};
		87FA06931CED95D9009375F1 /* Debug */ = {
			isa = XCBuildConfiguration;
			baseConfigurationReference = C9936E375E140065813268E0 /* Pods-Smart Times.debug.xcconfig */;
			buildSettings = {
				CODE_SIGN_IDENTITY = "iPhone Developer";
				"CODE_SIGN_IDENTITY[sdk=iphoneos*]" = "iPhone Developer";
				FRAMEWORK_SEARCH_PATHS = (
					"$(inherited)",
					"$(PROJECT_DIR)/build/Debug-iphoneos",
				);
				INFOPLIST_FILE = "Smart Times/Info.plist";
				LD_RUNPATH_SEARCH_PATHS = "$(inherited) @executable_path/Frameworks @executable_path/../../Frameworks";
				PRODUCT_BUNDLE_IDENTIFIER = "JAB.Bard-Transport.Smart-Times";
				PRODUCT_NAME = "$(TARGET_NAME)";
				SKIP_INSTALL = YES;
			};
			name = Debug;
		};
		87FA06941CED95D9009375F1 /* Release */ = {
			isa = XCBuildConfiguration;
			baseConfigurationReference = 630C1296C35DD35F9BAAFFAC /* Pods-Smart Times.release.xcconfig */;
			buildSettings = {
				CODE_SIGN_IDENTITY = "iPhone Developer";
				"CODE_SIGN_IDENTITY[sdk=iphoneos*]" = "iPhone Developer";
				FRAMEWORK_SEARCH_PATHS = (
					"$(inherited)",
					"$(PROJECT_DIR)/build/Debug-iphoneos",
				);
				INFOPLIST_FILE = "Smart Times/Info.plist";
				LD_RUNPATH_SEARCH_PATHS = "$(inherited) @executable_path/Frameworks @executable_path/../../Frameworks";
				PRODUCT_BUNDLE_IDENTIFIER = "JAB.Bard-Transport.Smart-Times";
				PRODUCT_NAME = "$(TARGET_NAME)";
				SKIP_INSTALL = YES;
			};
			name = Release;
		};
/* End XCBuildConfiguration section */

/* Begin XCConfigurationList section */
		873448AC1CE7AE0C005A17AC /* Build configuration list for PBXProject "Bard Transport" */ = {
			isa = XCConfigurationList;
			buildConfigurations = (
				873448DA1CE7AE0D005A17AC /* Debug */,
				873448DB1CE7AE0D005A17AC /* Release */,
			);
			defaultConfigurationIsVisible = 0;
			defaultConfigurationName = Release;
		};
		873448DC1CE7AE0D005A17AC /* Build configuration list for PBXNativeTarget "Bard Transport" */ = {
			isa = XCConfigurationList;
			buildConfigurations = (
				873448DD1CE7AE0D005A17AC /* Debug */,
				873448DE1CE7AE0D005A17AC /* Release */,
			);
			defaultConfigurationIsVisible = 0;
			defaultConfigurationName = Release;
		};
		873448DF1CE7AE0D005A17AC /* Build configuration list for PBXNativeTarget "Bard TransportTests" */ = {
			isa = XCConfigurationList;
			buildConfigurations = (
				873448E01CE7AE0D005A17AC /* Debug */,
				873448E11CE7AE0D005A17AC /* Release */,
			);
			defaultConfigurationIsVisible = 0;
			defaultConfigurationName = Release;
		};
		873448E21CE7AE0D005A17AC /* Build configuration list for PBXNativeTarget "Bard TransportUITests" */ = {
			isa = XCConfigurationList;
			buildConfigurations = (
				873448E31CE7AE0D005A17AC /* Debug */,
				873448E41CE7AE0D005A17AC /* Release */,
			);
			defaultConfigurationIsVisible = 0;
			defaultConfigurationName = Release;
		};
		87FA06921CED95D9009375F1 /* Build configuration list for PBXNativeTarget "Smart Times" */ = {
			isa = XCConfigurationList;
			buildConfigurations = (
				87FA06931CED95D9009375F1 /* Debug */,
				87FA06941CED95D9009375F1 /* Release */,
			);
			defaultConfigurationIsVisible = 0;
			defaultConfigurationName = Release;
		};
/* End XCConfigurationList section */

/* Begin XCVersionGroup section */
		873448BB1CE7AE0C005A17AC /* Bard_Transport.xcdatamodeld */ = {
			isa = XCVersionGroup;
			children = (
				873448BC1CE7AE0C005A17AC /* Bard_Transport.xcdatamodel */,
			);
			currentVersion = 873448BC1CE7AE0C005A17AC /* Bard_Transport.xcdatamodel */;
			path = Bard_Transport.xcdatamodeld;
			sourceTree = "<group>";
			versionGroupType = wrapper.xcdatamodel;
		};
/* End XCVersionGroup section */
	};
	rootObject = 873448A91CE7AE0C005A17AC /* Project object */;
}
